
Microsoft Visual Studio Solution File, Format Version 12.00
# Visual Studio 14
VisualStudioVersion = 14.0.25420.1
MinimumVisualStudioVersion = 10.0.40219.1
Project("{FAE04EC0-301F-11D3-BF4B-00C04F79EFBC}") = "StationCAD.Processor", "StationCAD.Processor\StationCAD.Processor.csproj", "{E46BB238-F0DE-4152-92D7-3BBA3F06CAEE}"
EndProject
Project("{FAE04EC0-301F-11D3-BF4B-00C04F79EFBC}") = "StationCAD.Model", "StationCAD.Model\StationCAD.Model.csproj", "{A118035E-BFE3-4BD3-9192-EAFAF4372519}"
EndProject
Project("{2150E333-8FDC-42A3-9474-1A3956D46DE8}") = "Web", "Web", "{868357E1-776A-440B-BBBA-A34268C3CDE0}"
EndProject
Project("{2150E333-8FDC-42A3-9474-1A3956D46DE8}") = "Client", "Client", "{F63C8BB8-6F62-4CC6-9577-94E9B681ADCC}"
EndProject
Project("{FAE04EC0-301F-11D3-BF4B-00C04F79EFBC}") = "StationCAD.Web", "StationCAD.Web\StationCAD.Web.csproj", "{50C88939-B2A7-4AE5-AB18-61F7C621AD55}"
EndProject
Project("{FAE04EC0-301F-11D3-BF4B-00C04F79EFBC}") = "StationCAD.Web.Tests", "StationCAD.Web.Tests\StationCAD.Web.Tests.csproj", "{257230E5-8D1F-4E80-8ABD-486E63B373DE}"
EndProject
Project("{FAE04EC0-301F-11D3-BF4B-00C04F79EFBC}") = "StationCAD.Data.NoSQL", "StationCAD.Data.Mongo\StationCAD.Data.NoSQL.csproj", "{9F3B3152-AB73-4311-B5D1-308983740F3A}"
EndProject
Project("{FAE04EC0-301F-11D3-BF4B-00C04F79EFBC}") = "StationCAD.Tests", "StationCAD.Tests\StationCAD.Tests.csproj", "{33450298-F0D5-4C0D-8661-7AA692CA4DD8}"
EndProject
Project("{2150E333-8FDC-42A3-9474-1A3956D46DE8}") = "Publishing.xml", "Publishing.xml", "{88E7FFC8-CFE1-4C75-9471-DED831B1B110}"
	ProjectSection(SolutionItems) = preProject
		StationCAD.Publishsettings = StationCAD.Publishsettings
	EndProjectSection
EndProject
Project("{2150E333-8FDC-42A3-9474-1A3956D46DE8}") = "Solution Items", "Solution Items", "{87D29C7F-67DD-4C75-9D75-79CD18EE87A6}"
EndProject
Global
	GlobalSection(SolutionConfigurationPlatforms) = preSolution
		Ad-Hoc|Android = Ad-Hoc|Android
		Ad-Hoc|Any CPU = Ad-Hoc|Any CPU
		Ad-Hoc|ARM = Ad-Hoc|ARM
		Ad-Hoc|iOS = Ad-Hoc|iOS
		Ad-Hoc|iPhone = Ad-Hoc|iPhone
		Ad-Hoc|iPhoneSimulator = Ad-Hoc|iPhoneSimulator
		Ad-Hoc|Windows Phone (Universal) = Ad-Hoc|Windows Phone (Universal)
		Ad-Hoc|Windows Phone 8 = Ad-Hoc|Windows Phone 8
		Ad-Hoc|Windows-AnyCPU = Ad-Hoc|Windows-AnyCPU
		Ad-Hoc|Windows-ARM = Ad-Hoc|Windows-ARM
		Ad-Hoc|Windows-x64 = Ad-Hoc|Windows-x64
		Ad-Hoc|Windows-x86 = Ad-Hoc|Windows-x86
		Ad-Hoc|x64 = Ad-Hoc|x64
		Ad-Hoc|x86 = Ad-Hoc|x86
		Android Release|Android = Android Release|Android
		Android Release|Any CPU = Android Release|Any CPU
		Android Release|ARM = Android Release|ARM
		Android Release|iOS = Android Release|iOS
		Android Release|iPhone = Android Release|iPhone
		Android Release|iPhoneSimulator = Android Release|iPhoneSimulator
		Android Release|Windows Phone (Universal) = Android Release|Windows Phone (Universal)
		Android Release|Windows Phone 8 = Android Release|Windows Phone 8
		Android Release|Windows-AnyCPU = Android Release|Windows-AnyCPU
		Android Release|Windows-ARM = Android Release|Windows-ARM
		Android Release|Windows-x64 = Android Release|Windows-x64
		Android Release|Windows-x86 = Android Release|Windows-x86
		Android Release|x64 = Android Release|x64
		Android Release|x86 = Android Release|x86
		AppStore|Android = AppStore|Android
		AppStore|Any CPU = AppStore|Any CPU
		AppStore|ARM = AppStore|ARM
		AppStore|iOS = AppStore|iOS
		AppStore|iPhone = AppStore|iPhone
		AppStore|iPhoneSimulator = AppStore|iPhoneSimulator
		AppStore|Windows Phone (Universal) = AppStore|Windows Phone (Universal)
		AppStore|Windows Phone 8 = AppStore|Windows Phone 8
		AppStore|Windows-AnyCPU = AppStore|Windows-AnyCPU
		AppStore|Windows-ARM = AppStore|Windows-ARM
		AppStore|Windows-x64 = AppStore|Windows-x64
		AppStore|Windows-x86 = AppStore|Windows-x86
		AppStore|x64 = AppStore|x64
		AppStore|x86 = AppStore|x86
		Debug|Android = Debug|Android
		Debug|Any CPU = Debug|Any CPU
		Debug|ARM = Debug|ARM
		Debug|iOS = Debug|iOS
		Debug|iPhone = Debug|iPhone
		Debug|iPhoneSimulator = Debug|iPhoneSimulator
		Debug|Windows Phone (Universal) = Debug|Windows Phone (Universal)
		Debug|Windows Phone 8 = Debug|Windows Phone 8
		Debug|Windows-AnyCPU = Debug|Windows-AnyCPU
		Debug|Windows-ARM = Debug|Windows-ARM
		Debug|Windows-x64 = Debug|Windows-x64
		Debug|Windows-x86 = Debug|Windows-x86
		Debug|x64 = Debug|x64
		Debug|x86 = Debug|x86
		iOS Release|Android = iOS Release|Android
		iOS Release|Any CPU = iOS Release|Any CPU
		iOS Release|ARM = iOS Release|ARM
		iOS Release|iOS = iOS Release|iOS
		iOS Release|iPhone = iOS Release|iPhone
		iOS Release|iPhoneSimulator = iOS Release|iPhoneSimulator
		iOS Release|Windows Phone (Universal) = iOS Release|Windows Phone (Universal)
		iOS Release|Windows Phone 8 = iOS Release|Windows Phone 8
		iOS Release|Windows-AnyCPU = iOS Release|Windows-AnyCPU
		iOS Release|Windows-ARM = iOS Release|Windows-ARM
		iOS Release|Windows-x64 = iOS Release|Windows-x64
		iOS Release|Windows-x86 = iOS Release|Windows-x86
		iOS Release|x64 = iOS Release|x64
		iOS Release|x86 = iOS Release|x86
		Release|Android = Release|Android
		Release|Any CPU = Release|Any CPU
		Release|ARM = Release|ARM
		Release|iOS = Release|iOS
		Release|iPhone = Release|iPhone
		Release|iPhoneSimulator = Release|iPhoneSimulator
		Release|Windows Phone (Universal) = Release|Windows Phone (Universal)
		Release|Windows Phone 8 = Release|Windows Phone 8
		Release|Windows-AnyCPU = Release|Windows-AnyCPU
		Release|Windows-ARM = Release|Windows-ARM
		Release|Windows-x64 = Release|Windows-x64
		Release|Windows-x86 = Release|Windows-x86
		Release|x64 = Release|x64
		Release|x86 = Release|x86
	EndGlobalSection
	GlobalSection(ProjectConfigurationPlatforms) = postSolution
		{E46BB238-F0DE-4152-92D7-3BBA3F06CAEE}.Ad-Hoc|Android.ActiveCfg = Debug|Any CPU
		{E46BB238-F0DE-4152-92D7-3BBA3F06CAEE}.Ad-Hoc|Android.Build.0 = Debug|Any CPU
		{E46BB238-F0DE-4152-92D7-3BBA3F06CAEE}.Ad-Hoc|Any CPU.ActiveCfg = Debug|Any CPU
		{E46BB238-F0DE-4152-92D7-3BBA3F06CAEE}.Ad-Hoc|Any CPU.Build.0 = Debug|Any CPU
		{E46BB238-F0DE-4152-92D7-3BBA3F06CAEE}.Ad-Hoc|ARM.ActiveCfg = Debug|Any CPU
		{E46BB238-F0DE-4152-92D7-3BBA3F06CAEE}.Ad-Hoc|ARM.Build.0 = Debug|Any CPU
		{E46BB238-F0DE-4152-92D7-3BBA3F06CAEE}.Ad-Hoc|iOS.ActiveCfg = Debug|Any CPU
		{E46BB238-F0DE-4152-92D7-3BBA3F06CAEE}.Ad-Hoc|iOS.Build.0 = Debug|Any CPU
		{E46BB238-F0DE-4152-92D7-3BBA3F06CAEE}.Ad-Hoc|iPhone.ActiveCfg = Debug|Any CPU
		{E46BB238-F0DE-4152-92D7-3BBA3F06CAEE}.Ad-Hoc|iPhone.Build.0 = Debug|Any CPU
		{E46BB238-F0DE-4152-92D7-3BBA3F06CAEE}.Ad-Hoc|iPhoneSimulator.ActiveCfg = Debug|Any CPU
		{E46BB238-F0DE-4152-92D7-3BBA3F06CAEE}.Ad-Hoc|iPhoneSimulator.Build.0 = Debug|Any CPU
		{E46BB238-F0DE-4152-92D7-3BBA3F06CAEE}.Ad-Hoc|Windows Phone (Universal).ActiveCfg = Debug|Any CPU
		{E46BB238-F0DE-4152-92D7-3BBA3F06CAEE}.Ad-Hoc|Windows Phone (Universal).Build.0 = Debug|Any CPU
		{E46BB238-F0DE-4152-92D7-3BBA3F06CAEE}.Ad-Hoc|Windows Phone 8.ActiveCfg = Debug|Any CPU
		{E46BB238-F0DE-4152-92D7-3BBA3F06CAEE}.Ad-Hoc|Windows Phone 8.Build.0 = Debug|Any CPU
		{E46BB238-F0DE-4152-92D7-3BBA3F06CAEE}.Ad-Hoc|Windows-AnyCPU.ActiveCfg = Debug|Any CPU
		{E46BB238-F0DE-4152-92D7-3BBA3F06CAEE}.Ad-Hoc|Windows-AnyCPU.Build.0 = Debug|Any CPU
		{E46BB238-F0DE-4152-92D7-3BBA3F06CAEE}.Ad-Hoc|Windows-ARM.ActiveCfg = Debug|Any CPU
		{E46BB238-F0DE-4152-92D7-3BBA3F06CAEE}.Ad-Hoc|Windows-ARM.Build.0 = Debug|Any CPU
		{E46BB238-F0DE-4152-92D7-3BBA3F06CAEE}.Ad-Hoc|Windows-x64.ActiveCfg = Debug|Any CPU
		{E46BB238-F0DE-4152-92D7-3BBA3F06CAEE}.Ad-Hoc|Windows-x64.Build.0 = Debug|Any CPU
		{E46BB238-F0DE-4152-92D7-3BBA3F06CAEE}.Ad-Hoc|Windows-x86.ActiveCfg = Debug|Any CPU
		{E46BB238-F0DE-4152-92D7-3BBA3F06CAEE}.Ad-Hoc|Windows-x86.Build.0 = Debug|Any CPU
		{E46BB238-F0DE-4152-92D7-3BBA3F06CAEE}.Ad-Hoc|x64.ActiveCfg = Debug|Any CPU
		{E46BB238-F0DE-4152-92D7-3BBA3F06CAEE}.Ad-Hoc|x64.Build.0 = Debug|Any CPU
		{E46BB238-F0DE-4152-92D7-3BBA3F06CAEE}.Ad-Hoc|x86.ActiveCfg = Debug|Any CPU
		{E46BB238-F0DE-4152-92D7-3BBA3F06CAEE}.Ad-Hoc|x86.Build.0 = Debug|Any CPU
		{E46BB238-F0DE-4152-92D7-3BBA3F06CAEE}.Android Release|Android.ActiveCfg = Release|Any CPU
		{E46BB238-F0DE-4152-92D7-3BBA3F06CAEE}.Android Release|Android.Build.0 = Release|Any CPU
		{E46BB238-F0DE-4152-92D7-3BBA3F06CAEE}.Android Release|Any CPU.ActiveCfg = Release|Any CPU
		{E46BB238-F0DE-4152-92D7-3BBA3F06CAEE}.Android Release|Any CPU.Build.0 = Release|Any CPU
		{E46BB238-F0DE-4152-92D7-3BBA3F06CAEE}.Android Release|ARM.ActiveCfg = Release|Any CPU
		{E46BB238-F0DE-4152-92D7-3BBA3F06CAEE}.Android Release|ARM.Build.0 = Release|Any CPU
		{E46BB238-F0DE-4152-92D7-3BBA3F06CAEE}.Android Release|iOS.ActiveCfg = Release|Any CPU
		{E46BB238-F0DE-4152-92D7-3BBA3F06CAEE}.Android Release|iOS.Build.0 = Release|Any CPU
		{E46BB238-F0DE-4152-92D7-3BBA3F06CAEE}.Android Release|iPhone.ActiveCfg = Release|Any CPU
		{E46BB238-F0DE-4152-92D7-3BBA3F06CAEE}.Android Release|iPhone.Build.0 = Release|Any CPU
		{E46BB238-F0DE-4152-92D7-3BBA3F06CAEE}.Android Release|iPhoneSimulator.ActiveCfg = Release|Any CPU
		{E46BB238-F0DE-4152-92D7-3BBA3F06CAEE}.Android Release|iPhoneSimulator.Build.0 = Release|Any CPU
		{E46BB238-F0DE-4152-92D7-3BBA3F06CAEE}.Android Release|Windows Phone (Universal).ActiveCfg = Release|Any CPU
		{E46BB238-F0DE-4152-92D7-3BBA3F06CAEE}.Android Release|Windows Phone (Universal).Build.0 = Release|Any CPU
		{E46BB238-F0DE-4152-92D7-3BBA3F06CAEE}.Android Release|Windows Phone 8.ActiveCfg = Release|Any CPU
		{E46BB238-F0DE-4152-92D7-3BBA3F06CAEE}.Android Release|Windows Phone 8.Build.0 = Release|Any CPU
		{E46BB238-F0DE-4152-92D7-3BBA3F06CAEE}.Android Release|Windows-AnyCPU.ActiveCfg = Release|Any CPU
		{E46BB238-F0DE-4152-92D7-3BBA3F06CAEE}.Android Release|Windows-AnyCPU.Build.0 = Release|Any CPU
		{E46BB238-F0DE-4152-92D7-3BBA3F06CAEE}.Android Release|Windows-ARM.ActiveCfg = Release|Any CPU
		{E46BB238-F0DE-4152-92D7-3BBA3F06CAEE}.Android Release|Windows-ARM.Build.0 = Release|Any CPU
		{E46BB238-F0DE-4152-92D7-3BBA3F06CAEE}.Android Release|Windows-x64.ActiveCfg = Release|Any CPU
		{E46BB238-F0DE-4152-92D7-3BBA3F06CAEE}.Android Release|Windows-x64.Build.0 = Release|Any CPU
		{E46BB238-F0DE-4152-92D7-3BBA3F06CAEE}.Android Release|Windows-x86.ActiveCfg = Release|Any CPU
		{E46BB238-F0DE-4152-92D7-3BBA3F06CAEE}.Android Release|Windows-x86.Build.0 = Release|Any CPU
		{E46BB238-F0DE-4152-92D7-3BBA3F06CAEE}.Android Release|x64.ActiveCfg = Release|Any CPU
		{E46BB238-F0DE-4152-92D7-3BBA3F06CAEE}.Android Release|x64.Build.0 = Release|Any CPU
		{E46BB238-F0DE-4152-92D7-3BBA3F06CAEE}.Android Release|x86.ActiveCfg = Release|Any CPU
		{E46BB238-F0DE-4152-92D7-3BBA3F06CAEE}.Android Release|x86.Build.0 = Release|Any CPU
		{E46BB238-F0DE-4152-92D7-3BBA3F06CAEE}.AppStore|Android.ActiveCfg = Debug|Any CPU
		{E46BB238-F0DE-4152-92D7-3BBA3F06CAEE}.AppStore|Android.Build.0 = Debug|Any CPU
		{E46BB238-F0DE-4152-92D7-3BBA3F06CAEE}.AppStore|Any CPU.ActiveCfg = Debug|Any CPU
		{E46BB238-F0DE-4152-92D7-3BBA3F06CAEE}.AppStore|Any CPU.Build.0 = Debug|Any CPU
		{E46BB238-F0DE-4152-92D7-3BBA3F06CAEE}.AppStore|ARM.ActiveCfg = Debug|Any CPU
		{E46BB238-F0DE-4152-92D7-3BBA3F06CAEE}.AppStore|ARM.Build.0 = Debug|Any CPU
		{E46BB238-F0DE-4152-92D7-3BBA3F06CAEE}.AppStore|iOS.ActiveCfg = Debug|Any CPU
		{E46BB238-F0DE-4152-92D7-3BBA3F06CAEE}.AppStore|iOS.Build.0 = Debug|Any CPU
		{E46BB238-F0DE-4152-92D7-3BBA3F06CAEE}.AppStore|iPhone.ActiveCfg = Debug|Any CPU
		{E46BB238-F0DE-4152-92D7-3BBA3F06CAEE}.AppStore|iPhone.Build.0 = Debug|Any CPU
		{E46BB238-F0DE-4152-92D7-3BBA3F06CAEE}.AppStore|iPhoneSimulator.ActiveCfg = Debug|Any CPU
		{E46BB238-F0DE-4152-92D7-3BBA3F06CAEE}.AppStore|iPhoneSimulator.Build.0 = Debug|Any CPU
		{E46BB238-F0DE-4152-92D7-3BBA3F06CAEE}.AppStore|Windows Phone (Universal).ActiveCfg = Debug|Any CPU
		{E46BB238-F0DE-4152-92D7-3BBA3F06CAEE}.AppStore|Windows Phone (Universal).Build.0 = Debug|Any CPU
		{E46BB238-F0DE-4152-92D7-3BBA3F06CAEE}.AppStore|Windows Phone 8.ActiveCfg = Debug|Any CPU
		{E46BB238-F0DE-4152-92D7-3BBA3F06CAEE}.AppStore|Windows Phone 8.Build.0 = Debug|Any CPU
		{E46BB238-F0DE-4152-92D7-3BBA3F06CAEE}.AppStore|Windows-AnyCPU.ActiveCfg = Debug|Any CPU
		{E46BB238-F0DE-4152-92D7-3BBA3F06CAEE}.AppStore|Windows-AnyCPU.Build.0 = Debug|Any CPU
		{E46BB238-F0DE-4152-92D7-3BBA3F06CAEE}.AppStore|Windows-ARM.ActiveCfg = Debug|Any CPU
		{E46BB238-F0DE-4152-92D7-3BBA3F06CAEE}.AppStore|Windows-ARM.Build.0 = Debug|Any CPU
		{E46BB238-F0DE-4152-92D7-3BBA3F06CAEE}.AppStore|Windows-x64.ActiveCfg = Debug|Any CPU
		{E46BB238-F0DE-4152-92D7-3BBA3F06CAEE}.AppStore|Windows-x64.Build.0 = Debug|Any CPU
		{E46BB238-F0DE-4152-92D7-3BBA3F06CAEE}.AppStore|Windows-x86.ActiveCfg = Debug|Any CPU
		{E46BB238-F0DE-4152-92D7-3BBA3F06CAEE}.AppStore|Windows-x86.Build.0 = Debug|Any CPU
		{E46BB238-F0DE-4152-92D7-3BBA3F06CAEE}.AppStore|x64.ActiveCfg = Debug|Any CPU
		{E46BB238-F0DE-4152-92D7-3BBA3F06CAEE}.AppStore|x64.Build.0 = Debug|Any CPU
		{E46BB238-F0DE-4152-92D7-3BBA3F06CAEE}.AppStore|x86.ActiveCfg = Debug|Any CPU
		{E46BB238-F0DE-4152-92D7-3BBA3F06CAEE}.AppStore|x86.Build.0 = Debug|Any CPU
		{E46BB238-F0DE-4152-92D7-3BBA3F06CAEE}.Debug|Android.ActiveCfg = Debug|Any CPU
		{E46BB238-F0DE-4152-92D7-3BBA3F06CAEE}.Debug|Android.Build.0 = Debug|Any CPU
		{E46BB238-F0DE-4152-92D7-3BBA3F06CAEE}.Debug|Any CPU.ActiveCfg = Debug|Any CPU
		{E46BB238-F0DE-4152-92D7-3BBA3F06CAEE}.Debug|Any CPU.Build.0 = Debug|Any CPU
		{E46BB238-F0DE-4152-92D7-3BBA3F06CAEE}.Debug|ARM.ActiveCfg = Debug|Any CPU
		{E46BB238-F0DE-4152-92D7-3BBA3F06CAEE}.Debug|ARM.Build.0 = Debug|Any CPU
		{E46BB238-F0DE-4152-92D7-3BBA3F06CAEE}.Debug|iOS.ActiveCfg = Debug|Any CPU
		{E46BB238-F0DE-4152-92D7-3BBA3F06CAEE}.Debug|iOS.Build.0 = Debug|Any CPU
		{E46BB238-F0DE-4152-92D7-3BBA3F06CAEE}.Debug|iPhone.ActiveCfg = Debug|Any CPU
		{E46BB238-F0DE-4152-92D7-3BBA3F06CAEE}.Debug|iPhone.Build.0 = Debug|Any CPU
		{E46BB238-F0DE-4152-92D7-3BBA3F06CAEE}.Debug|iPhoneSimulator.ActiveCfg = Debug|Any CPU
		{E46BB238-F0DE-4152-92D7-3BBA3F06CAEE}.Debug|iPhoneSimulator.Build.0 = Debug|Any CPU
		{E46BB238-F0DE-4152-92D7-3BBA3F06CAEE}.Debug|Windows Phone (Universal).ActiveCfg = Debug|Any CPU
		{E46BB238-F0DE-4152-92D7-3BBA3F06CAEE}.Debug|Windows Phone (Universal).Build.0 = Debug|Any CPU
		{E46BB238-F0DE-4152-92D7-3BBA3F06CAEE}.Debug|Windows Phone 8.ActiveCfg = Debug|Any CPU
		{E46BB238-F0DE-4152-92D7-3BBA3F06CAEE}.Debug|Windows Phone 8.Build.0 = Debug|Any CPU
		{E46BB238-F0DE-4152-92D7-3BBA3F06CAEE}.Debug|Windows-AnyCPU.ActiveCfg = Debug|Any CPU
		{E46BB238-F0DE-4152-92D7-3BBA3F06CAEE}.Debug|Windows-AnyCPU.Build.0 = Debug|Any CPU
		{E46BB238-F0DE-4152-92D7-3BBA3F06CAEE}.Debug|Windows-ARM.ActiveCfg = Debug|Any CPU
		{E46BB238-F0DE-4152-92D7-3BBA3F06CAEE}.Debug|Windows-ARM.Build.0 = Debug|Any CPU
		{E46BB238-F0DE-4152-92D7-3BBA3F06CAEE}.Debug|Windows-x64.ActiveCfg = Debug|Any CPU
		{E46BB238-F0DE-4152-92D7-3BBA3F06CAEE}.Debug|Windows-x64.Build.0 = Debug|Any CPU
		{E46BB238-F0DE-4152-92D7-3BBA3F06CAEE}.Debug|Windows-x86.ActiveCfg = Debug|Any CPU
		{E46BB238-F0DE-4152-92D7-3BBA3F06CAEE}.Debug|Windows-x86.Build.0 = Debug|Any CPU
		{E46BB238-F0DE-4152-92D7-3BBA3F06CAEE}.Debug|x64.ActiveCfg = Debug|Any CPU
		{E46BB238-F0DE-4152-92D7-3BBA3F06CAEE}.Debug|x64.Build.0 = Debug|Any CPU
		{E46BB238-F0DE-4152-92D7-3BBA3F06CAEE}.Debug|x86.ActiveCfg = Debug|Any CPU
		{E46BB238-F0DE-4152-92D7-3BBA3F06CAEE}.Debug|x86.Build.0 = Debug|Any CPU
		{E46BB238-F0DE-4152-92D7-3BBA3F06CAEE}.iOS Release|Android.ActiveCfg = Release|Any CPU
		{E46BB238-F0DE-4152-92D7-3BBA3F06CAEE}.iOS Release|Android.Build.0 = Release|Any CPU
		{E46BB238-F0DE-4152-92D7-3BBA3F06CAEE}.iOS Release|Any CPU.ActiveCfg = Release|Any CPU
		{E46BB238-F0DE-4152-92D7-3BBA3F06CAEE}.iOS Release|Any CPU.Build.0 = Release|Any CPU
		{E46BB238-F0DE-4152-92D7-3BBA3F06CAEE}.iOS Release|ARM.ActiveCfg = Release|Any CPU
		{E46BB238-F0DE-4152-92D7-3BBA3F06CAEE}.iOS Release|ARM.Build.0 = Release|Any CPU
		{E46BB238-F0DE-4152-92D7-3BBA3F06CAEE}.iOS Release|iOS.ActiveCfg = Release|Any CPU
		{E46BB238-F0DE-4152-92D7-3BBA3F06CAEE}.iOS Release|iOS.Build.0 = Release|Any CPU
		{E46BB238-F0DE-4152-92D7-3BBA3F06CAEE}.iOS Release|iPhone.ActiveCfg = Release|Any CPU
		{E46BB238-F0DE-4152-92D7-3BBA3F06CAEE}.iOS Release|iPhone.Build.0 = Release|Any CPU
		{E46BB238-F0DE-4152-92D7-3BBA3F06CAEE}.iOS Release|iPhoneSimulator.ActiveCfg = Release|Any CPU
		{E46BB238-F0DE-4152-92D7-3BBA3F06CAEE}.iOS Release|iPhoneSimulator.Build.0 = Release|Any CPU
		{E46BB238-F0DE-4152-92D7-3BBA3F06CAEE}.iOS Release|Windows Phone (Universal).ActiveCfg = Release|Any CPU
		{E46BB238-F0DE-4152-92D7-3BBA3F06CAEE}.iOS Release|Windows Phone (Universal).Build.0 = Release|Any CPU
		{E46BB238-F0DE-4152-92D7-3BBA3F06CAEE}.iOS Release|Windows Phone 8.ActiveCfg = Release|Any CPU
		{E46BB238-F0DE-4152-92D7-3BBA3F06CAEE}.iOS Release|Windows Phone 8.Build.0 = Release|Any CPU
		{E46BB238-F0DE-4152-92D7-3BBA3F06CAEE}.iOS Release|Windows-AnyCPU.ActiveCfg = Release|Any CPU
		{E46BB238-F0DE-4152-92D7-3BBA3F06CAEE}.iOS Release|Windows-AnyCPU.Build.0 = Release|Any CPU
		{E46BB238-F0DE-4152-92D7-3BBA3F06CAEE}.iOS Release|Windows-ARM.ActiveCfg = Release|Any CPU
		{E46BB238-F0DE-4152-92D7-3BBA3F06CAEE}.iOS Release|Windows-ARM.Build.0 = Release|Any CPU
		{E46BB238-F0DE-4152-92D7-3BBA3F06CAEE}.iOS Release|Windows-x64.ActiveCfg = Release|Any CPU
		{E46BB238-F0DE-4152-92D7-3BBA3F06CAEE}.iOS Release|Windows-x64.Build.0 = Release|Any CPU
		{E46BB238-F0DE-4152-92D7-3BBA3F06CAEE}.iOS Release|Windows-x86.ActiveCfg = Release|Any CPU
		{E46BB238-F0DE-4152-92D7-3BBA3F06CAEE}.iOS Release|Windows-x86.Build.0 = Release|Any CPU
		{E46BB238-F0DE-4152-92D7-3BBA3F06CAEE}.iOS Release|x64.ActiveCfg = Release|Any CPU
		{E46BB238-F0DE-4152-92D7-3BBA3F06CAEE}.iOS Release|x64.Build.0 = Release|Any CPU
		{E46BB238-F0DE-4152-92D7-3BBA3F06CAEE}.iOS Release|x86.ActiveCfg = Release|Any CPU
		{E46BB238-F0DE-4152-92D7-3BBA3F06CAEE}.iOS Release|x86.Build.0 = Release|Any CPU
		{E46BB238-F0DE-4152-92D7-3BBA3F06CAEE}.Release|Android.ActiveCfg = Release|Any CPU
		{E46BB238-F0DE-4152-92D7-3BBA3F06CAEE}.Release|Android.Build.0 = Release|Any CPU
		{E46BB238-F0DE-4152-92D7-3BBA3F06CAEE}.Release|Any CPU.ActiveCfg = Release|Any CPU
		{E46BB238-F0DE-4152-92D7-3BBA3F06CAEE}.Release|Any CPU.Build.0 = Release|Any CPU
		{E46BB238-F0DE-4152-92D7-3BBA3F06CAEE}.Release|ARM.ActiveCfg = Release|Any CPU
		{E46BB238-F0DE-4152-92D7-3BBA3F06CAEE}.Release|ARM.Build.0 = Release|Any CPU
		{E46BB238-F0DE-4152-92D7-3BBA3F06CAEE}.Release|iOS.ActiveCfg = Release|Any CPU
		{E46BB238-F0DE-4152-92D7-3BBA3F06CAEE}.Release|iOS.Build.0 = Release|Any CPU
		{E46BB238-F0DE-4152-92D7-3BBA3F06CAEE}.Release|iPhone.ActiveCfg = Release|Any CPU
		{E46BB238-F0DE-4152-92D7-3BBA3F06CAEE}.Release|iPhone.Build.0 = Release|Any CPU
		{E46BB238-F0DE-4152-92D7-3BBA3F06CAEE}.Release|iPhoneSimulator.ActiveCfg = Release|Any CPU
		{E46BB238-F0DE-4152-92D7-3BBA3F06CAEE}.Release|iPhoneSimulator.Build.0 = Release|Any CPU
		{E46BB238-F0DE-4152-92D7-3BBA3F06CAEE}.Release|Windows Phone (Universal).ActiveCfg = Release|Any CPU
		{E46BB238-F0DE-4152-92D7-3BBA3F06CAEE}.Release|Windows Phone (Universal).Build.0 = Release|Any CPU
		{E46BB238-F0DE-4152-92D7-3BBA3F06CAEE}.Release|Windows Phone 8.ActiveCfg = Release|Any CPU
		{E46BB238-F0DE-4152-92D7-3BBA3F06CAEE}.Release|Windows Phone 8.Build.0 = Release|Any CPU
		{E46BB238-F0DE-4152-92D7-3BBA3F06CAEE}.Release|Windows-AnyCPU.ActiveCfg = Release|Any CPU
		{E46BB238-F0DE-4152-92D7-3BBA3F06CAEE}.Release|Windows-AnyCPU.Build.0 = Release|Any CPU
		{E46BB238-F0DE-4152-92D7-3BBA3F06CAEE}.Release|Windows-ARM.ActiveCfg = Release|Any CPU
		{E46BB238-F0DE-4152-92D7-3BBA3F06CAEE}.Release|Windows-ARM.Build.0 = Release|Any CPU
		{E46BB238-F0DE-4152-92D7-3BBA3F06CAEE}.Release|Windows-x64.ActiveCfg = Release|Any CPU
		{E46BB238-F0DE-4152-92D7-3BBA3F06CAEE}.Release|Windows-x64.Build.0 = Release|Any CPU
		{E46BB238-F0DE-4152-92D7-3BBA3F06CAEE}.Release|Windows-x86.ActiveCfg = Release|Any CPU
		{E46BB238-F0DE-4152-92D7-3BBA3F06CAEE}.Release|Windows-x86.Build.0 = Release|Any CPU
		{E46BB238-F0DE-4152-92D7-3BBA3F06CAEE}.Release|x64.ActiveCfg = Release|Any CPU
		{E46BB238-F0DE-4152-92D7-3BBA3F06CAEE}.Release|x64.Build.0 = Release|Any CPU
		{E46BB238-F0DE-4152-92D7-3BBA3F06CAEE}.Release|x86.ActiveCfg = Release|Any CPU
		{E46BB238-F0DE-4152-92D7-3BBA3F06CAEE}.Release|x86.Build.0 = Release|Any CPU
		{A118035E-BFE3-4BD3-9192-EAFAF4372519}.Ad-Hoc|Android.ActiveCfg = Debug|Any CPU
		{A118035E-BFE3-4BD3-9192-EAFAF4372519}.Ad-Hoc|Android.Build.0 = Debug|Any CPU
		{A118035E-BFE3-4BD3-9192-EAFAF4372519}.Ad-Hoc|Any CPU.ActiveCfg = Debug|Any CPU
		{A118035E-BFE3-4BD3-9192-EAFAF4372519}.Ad-Hoc|Any CPU.Build.0 = Debug|Any CPU
		{A118035E-BFE3-4BD3-9192-EAFAF4372519}.Ad-Hoc|ARM.ActiveCfg = Debug|Any CPU
		{A118035E-BFE3-4BD3-9192-EAFAF4372519}.Ad-Hoc|ARM.Build.0 = Debug|Any CPU
		{A118035E-BFE3-4BD3-9192-EAFAF4372519}.Ad-Hoc|iOS.ActiveCfg = Debug|Any CPU
		{A118035E-BFE3-4BD3-9192-EAFAF4372519}.Ad-Hoc|iOS.Build.0 = Debug|Any CPU
		{A118035E-BFE3-4BD3-9192-EAFAF4372519}.Ad-Hoc|iPhone.ActiveCfg = Debug|Any CPU
		{A118035E-BFE3-4BD3-9192-EAFAF4372519}.Ad-Hoc|iPhone.Build.0 = Debug|Any CPU
		{A118035E-BFE3-4BD3-9192-EAFAF4372519}.Ad-Hoc|iPhoneSimulator.ActiveCfg = Debug|Any CPU
		{A118035E-BFE3-4BD3-9192-EAFAF4372519}.Ad-Hoc|iPhoneSimulator.Build.0 = Debug|Any CPU
		{A118035E-BFE3-4BD3-9192-EAFAF4372519}.Ad-Hoc|Windows Phone (Universal).ActiveCfg = Debug|Any CPU
		{A118035E-BFE3-4BD3-9192-EAFAF4372519}.Ad-Hoc|Windows Phone (Universal).Build.0 = Debug|Any CPU
		{A118035E-BFE3-4BD3-9192-EAFAF4372519}.Ad-Hoc|Windows Phone 8.ActiveCfg = Debug|Any CPU
		{A118035E-BFE3-4BD3-9192-EAFAF4372519}.Ad-Hoc|Windows Phone 8.Build.0 = Debug|Any CPU
		{A118035E-BFE3-4BD3-9192-EAFAF4372519}.Ad-Hoc|Windows-AnyCPU.ActiveCfg = Debug|Any CPU
		{A118035E-BFE3-4BD3-9192-EAFAF4372519}.Ad-Hoc|Windows-AnyCPU.Build.0 = Debug|Any CPU
		{A118035E-BFE3-4BD3-9192-EAFAF4372519}.Ad-Hoc|Windows-ARM.ActiveCfg = Debug|Any CPU
		{A118035E-BFE3-4BD3-9192-EAFAF4372519}.Ad-Hoc|Windows-ARM.Build.0 = Debug|Any CPU
		{A118035E-BFE3-4BD3-9192-EAFAF4372519}.Ad-Hoc|Windows-x64.ActiveCfg = Debug|Any CPU
		{A118035E-BFE3-4BD3-9192-EAFAF4372519}.Ad-Hoc|Windows-x64.Build.0 = Debug|Any CPU
		{A118035E-BFE3-4BD3-9192-EAFAF4372519}.Ad-Hoc|Windows-x86.ActiveCfg = Debug|Any CPU
		{A118035E-BFE3-4BD3-9192-EAFAF4372519}.Ad-Hoc|Windows-x86.Build.0 = Debug|Any CPU
		{A118035E-BFE3-4BD3-9192-EAFAF4372519}.Ad-Hoc|x64.ActiveCfg = Debug|Any CPU
		{A118035E-BFE3-4BD3-9192-EAFAF4372519}.Ad-Hoc|x64.Build.0 = Debug|Any CPU
		{A118035E-BFE3-4BD3-9192-EAFAF4372519}.Ad-Hoc|x86.ActiveCfg = Debug|Any CPU
		{A118035E-BFE3-4BD3-9192-EAFAF4372519}.Ad-Hoc|x86.Build.0 = Debug|Any CPU
		{A118035E-BFE3-4BD3-9192-EAFAF4372519}.Android Release|Android.ActiveCfg = Release|Any CPU
		{A118035E-BFE3-4BD3-9192-EAFAF4372519}.Android Release|Android.Build.0 = Release|Any CPU
		{A118035E-BFE3-4BD3-9192-EAFAF4372519}.Android Release|Any CPU.ActiveCfg = Release|Any CPU
		{A118035E-BFE3-4BD3-9192-EAFAF4372519}.Android Release|Any CPU.Build.0 = Release|Any CPU
		{A118035E-BFE3-4BD3-9192-EAFAF4372519}.Android Release|ARM.ActiveCfg = Release|Any CPU
		{A118035E-BFE3-4BD3-9192-EAFAF4372519}.Android Release|ARM.Build.0 = Release|Any CPU
		{A118035E-BFE3-4BD3-9192-EAFAF4372519}.Android Release|iOS.ActiveCfg = Release|Any CPU
		{A118035E-BFE3-4BD3-9192-EAFAF4372519}.Android Release|iOS.Build.0 = Release|Any CPU
		{A118035E-BFE3-4BD3-9192-EAFAF4372519}.Android Release|iPhone.ActiveCfg = Release|Any CPU
		{A118035E-BFE3-4BD3-9192-EAFAF4372519}.Android Release|iPhone.Build.0 = Release|Any CPU
		{A118035E-BFE3-4BD3-9192-EAFAF4372519}.Android Release|iPhoneSimulator.ActiveCfg = Release|Any CPU
		{A118035E-BFE3-4BD3-9192-EAFAF4372519}.Android Release|iPhoneSimulator.Build.0 = Release|Any CPU
		{A118035E-BFE3-4BD3-9192-EAFAF4372519}.Android Release|Windows Phone (Universal).ActiveCfg = Release|Any CPU
		{A118035E-BFE3-4BD3-9192-EAFAF4372519}.Android Release|Windows Phone (Universal).Build.0 = Release|Any CPU
		{A118035E-BFE3-4BD3-9192-EAFAF4372519}.Android Release|Windows Phone 8.ActiveCfg = Release|Any CPU
		{A118035E-BFE3-4BD3-9192-EAFAF4372519}.Android Release|Windows Phone 8.Build.0 = Release|Any CPU
		{A118035E-BFE3-4BD3-9192-EAFAF4372519}.Android Release|Windows-AnyCPU.ActiveCfg = Release|Any CPU
		{A118035E-BFE3-4BD3-9192-EAFAF4372519}.Android Release|Windows-AnyCPU.Build.0 = Release|Any CPU
		{A118035E-BFE3-4BD3-9192-EAFAF4372519}.Android Release|Windows-ARM.ActiveCfg = Release|Any CPU
		{A118035E-BFE3-4BD3-9192-EAFAF4372519}.Android Release|Windows-ARM.Build.0 = Release|Any CPU
		{A118035E-BFE3-4BD3-9192-EAFAF4372519}.Android Release|Windows-x64.ActiveCfg = Release|Any CPU
		{A118035E-BFE3-4BD3-9192-EAFAF4372519}.Android Release|Windows-x64.Build.0 = Release|Any CPU
		{A118035E-BFE3-4BD3-9192-EAFAF4372519}.Android Release|Windows-x86.ActiveCfg = Release|Any CPU
		{A118035E-BFE3-4BD3-9192-EAFAF4372519}.Android Release|Windows-x86.Build.0 = Release|Any CPU
		{A118035E-BFE3-4BD3-9192-EAFAF4372519}.Android Release|x64.ActiveCfg = Release|Any CPU
		{A118035E-BFE3-4BD3-9192-EAFAF4372519}.Android Release|x64.Build.0 = Release|Any CPU
		{A118035E-BFE3-4BD3-9192-EAFAF4372519}.Android Release|x86.ActiveCfg = Release|Any CPU
		{A118035E-BFE3-4BD3-9192-EAFAF4372519}.Android Release|x86.Build.0 = Release|Any CPU
		{A118035E-BFE3-4BD3-9192-EAFAF4372519}.AppStore|Android.ActiveCfg = Debug|Any CPU
		{A118035E-BFE3-4BD3-9192-EAFAF4372519}.AppStore|Android.Build.0 = Debug|Any CPU
		{A118035E-BFE3-4BD3-9192-EAFAF4372519}.AppStore|Any CPU.ActiveCfg = Debug|Any CPU
		{A118035E-BFE3-4BD3-9192-EAFAF4372519}.AppStore|Any CPU.Build.0 = Debug|Any CPU
		{A118035E-BFE3-4BD3-9192-EAFAF4372519}.AppStore|ARM.ActiveCfg = Debug|Any CPU
		{A118035E-BFE3-4BD3-9192-EAFAF4372519}.AppStore|ARM.Build.0 = Debug|Any CPU
		{A118035E-BFE3-4BD3-9192-EAFAF4372519}.AppStore|iOS.ActiveCfg = Debug|Any CPU
		{A118035E-BFE3-4BD3-9192-EAFAF4372519}.AppStore|iOS.Build.0 = Debug|Any CPU
		{A118035E-BFE3-4BD3-9192-EAFAF4372519}.AppStore|iPhone.ActiveCfg = Debug|Any CPU
		{A118035E-BFE3-4BD3-9192-EAFAF4372519}.AppStore|iPhone.Build.0 = Debug|Any CPU
		{A118035E-BFE3-4BD3-9192-EAFAF4372519}.AppStore|iPhoneSimulator.ActiveCfg = Debug|Any CPU
		{A118035E-BFE3-4BD3-9192-EAFAF4372519}.AppStore|iPhoneSimulator.Build.0 = Debug|Any CPU
		{A118035E-BFE3-4BD3-9192-EAFAF4372519}.AppStore|Windows Phone (Universal).ActiveCfg = Debug|Any CPU
		{A118035E-BFE3-4BD3-9192-EAFAF4372519}.AppStore|Windows Phone (Universal).Build.0 = Debug|Any CPU
		{A118035E-BFE3-4BD3-9192-EAFAF4372519}.AppStore|Windows Phone 8.ActiveCfg = Debug|Any CPU
		{A118035E-BFE3-4BD3-9192-EAFAF4372519}.AppStore|Windows Phone 8.Build.0 = Debug|Any CPU
		{A118035E-BFE3-4BD3-9192-EAFAF4372519}.AppStore|Windows-AnyCPU.ActiveCfg = Debug|Any CPU
		{A118035E-BFE3-4BD3-9192-EAFAF4372519}.AppStore|Windows-AnyCPU.Build.0 = Debug|Any CPU
		{A118035E-BFE3-4BD3-9192-EAFAF4372519}.AppStore|Windows-ARM.ActiveCfg = Debug|Any CPU
		{A118035E-BFE3-4BD3-9192-EAFAF4372519}.AppStore|Windows-ARM.Build.0 = Debug|Any CPU
		{A118035E-BFE3-4BD3-9192-EAFAF4372519}.AppStore|Windows-x64.ActiveCfg = Debug|Any CPU
		{A118035E-BFE3-4BD3-9192-EAFAF4372519}.AppStore|Windows-x64.Build.0 = Debug|Any CPU
		{A118035E-BFE3-4BD3-9192-EAFAF4372519}.AppStore|Windows-x86.ActiveCfg = Debug|Any CPU
		{A118035E-BFE3-4BD3-9192-EAFAF4372519}.AppStore|Windows-x86.Build.0 = Debug|Any CPU
		{A118035E-BFE3-4BD3-9192-EAFAF4372519}.AppStore|x64.ActiveCfg = Debug|Any CPU
		{A118035E-BFE3-4BD3-9192-EAFAF4372519}.AppStore|x64.Build.0 = Debug|Any CPU
		{A118035E-BFE3-4BD3-9192-EAFAF4372519}.AppStore|x86.ActiveCfg = Debug|Any CPU
		{A118035E-BFE3-4BD3-9192-EAFAF4372519}.AppStore|x86.Build.0 = Debug|Any CPU
		{A118035E-BFE3-4BD3-9192-EAFAF4372519}.Debug|Android.ActiveCfg = Debug|Any CPU
		{A118035E-BFE3-4BD3-9192-EAFAF4372519}.Debug|Android.Build.0 = Debug|Any CPU
		{A118035E-BFE3-4BD3-9192-EAFAF4372519}.Debug|Any CPU.ActiveCfg = Debug|Any CPU
		{A118035E-BFE3-4BD3-9192-EAFAF4372519}.Debug|Any CPU.Build.0 = Debug|Any CPU
		{A118035E-BFE3-4BD3-9192-EAFAF4372519}.Debug|ARM.ActiveCfg = Debug|Any CPU
		{A118035E-BFE3-4BD3-9192-EAFAF4372519}.Debug|ARM.Build.0 = Debug|Any CPU
		{A118035E-BFE3-4BD3-9192-EAFAF4372519}.Debug|iOS.ActiveCfg = Debug|Any CPU
		{A118035E-BFE3-4BD3-9192-EAFAF4372519}.Debug|iOS.Build.0 = Debug|Any CPU
		{A118035E-BFE3-4BD3-9192-EAFAF4372519}.Debug|iPhone.ActiveCfg = Debug|Any CPU
		{A118035E-BFE3-4BD3-9192-EAFAF4372519}.Debug|iPhone.Build.0 = Debug|Any CPU
		{A118035E-BFE3-4BD3-9192-EAFAF4372519}.Debug|iPhoneSimulator.ActiveCfg = Debug|Any CPU
		{A118035E-BFE3-4BD3-9192-EAFAF4372519}.Debug|iPhoneSimulator.Build.0 = Debug|Any CPU
		{A118035E-BFE3-4BD3-9192-EAFAF4372519}.Debug|Windows Phone (Universal).ActiveCfg = Debug|Any CPU
		{A118035E-BFE3-4BD3-9192-EAFAF4372519}.Debug|Windows Phone (Universal).Build.0 = Debug|Any CPU
		{A118035E-BFE3-4BD3-9192-EAFAF4372519}.Debug|Windows Phone 8.ActiveCfg = Debug|Any CPU
		{A118035E-BFE3-4BD3-9192-EAFAF4372519}.Debug|Windows Phone 8.Build.0 = Debug|Any CPU
		{A118035E-BFE3-4BD3-9192-EAFAF4372519}.Debug|Windows-AnyCPU.ActiveCfg = Debug|Any CPU
		{A118035E-BFE3-4BD3-9192-EAFAF4372519}.Debug|Windows-AnyCPU.Build.0 = Debug|Any CPU
		{A118035E-BFE3-4BD3-9192-EAFAF4372519}.Debug|Windows-ARM.ActiveCfg = Debug|Any CPU
		{A118035E-BFE3-4BD3-9192-EAFAF4372519}.Debug|Windows-ARM.Build.0 = Debug|Any CPU
		{A118035E-BFE3-4BD3-9192-EAFAF4372519}.Debug|Windows-x64.ActiveCfg = Debug|Any CPU
		{A118035E-BFE3-4BD3-9192-EAFAF4372519}.Debug|Windows-x64.Build.0 = Debug|Any CPU
		{A118035E-BFE3-4BD3-9192-EAFAF4372519}.Debug|Windows-x86.ActiveCfg = Debug|Any CPU
		{A118035E-BFE3-4BD3-9192-EAFAF4372519}.Debug|Windows-x86.Build.0 = Debug|Any CPU
		{A118035E-BFE3-4BD3-9192-EAFAF4372519}.Debug|x64.ActiveCfg = Debug|Any CPU
		{A118035E-BFE3-4BD3-9192-EAFAF4372519}.Debug|x64.Build.0 = Debug|Any CPU
		{A118035E-BFE3-4BD3-9192-EAFAF4372519}.Debug|x86.ActiveCfg = Debug|Any CPU
		{A118035E-BFE3-4BD3-9192-EAFAF4372519}.Debug|x86.Build.0 = Debug|Any CPU
		{A118035E-BFE3-4BD3-9192-EAFAF4372519}.iOS Release|Android.ActiveCfg = Release|Any CPU
		{A118035E-BFE3-4BD3-9192-EAFAF4372519}.iOS Release|Android.Build.0 = Release|Any CPU
		{A118035E-BFE3-4BD3-9192-EAFAF4372519}.iOS Release|Any CPU.ActiveCfg = Release|Any CPU
		{A118035E-BFE3-4BD3-9192-EAFAF4372519}.iOS Release|Any CPU.Build.0 = Release|Any CPU
		{A118035E-BFE3-4BD3-9192-EAFAF4372519}.iOS Release|ARM.ActiveCfg = Release|Any CPU
		{A118035E-BFE3-4BD3-9192-EAFAF4372519}.iOS Release|ARM.Build.0 = Release|Any CPU
		{A118035E-BFE3-4BD3-9192-EAFAF4372519}.iOS Release|iOS.ActiveCfg = Release|Any CPU
		{A118035E-BFE3-4BD3-9192-EAFAF4372519}.iOS Release|iOS.Build.0 = Release|Any CPU
		{A118035E-BFE3-4BD3-9192-EAFAF4372519}.iOS Release|iPhone.ActiveCfg = Release|Any CPU
		{A118035E-BFE3-4BD3-9192-EAFAF4372519}.iOS Release|iPhone.Build.0 = Release|Any CPU
		{A118035E-BFE3-4BD3-9192-EAFAF4372519}.iOS Release|iPhoneSimulator.ActiveCfg = Release|Any CPU
		{A118035E-BFE3-4BD3-9192-EAFAF4372519}.iOS Release|iPhoneSimulator.Build.0 = Release|Any CPU
		{A118035E-BFE3-4BD3-9192-EAFAF4372519}.iOS Release|Windows Phone (Universal).ActiveCfg = Release|Any CPU
		{A118035E-BFE3-4BD3-9192-EAFAF4372519}.iOS Release|Windows Phone (Universal).Build.0 = Release|Any CPU
		{A118035E-BFE3-4BD3-9192-EAFAF4372519}.iOS Release|Windows Phone 8.ActiveCfg = Release|Any CPU
		{A118035E-BFE3-4BD3-9192-EAFAF4372519}.iOS Release|Windows Phone 8.Build.0 = Release|Any CPU
		{A118035E-BFE3-4BD3-9192-EAFAF4372519}.iOS Release|Windows-AnyCPU.ActiveCfg = Release|Any CPU
		{A118035E-BFE3-4BD3-9192-EAFAF4372519}.iOS Release|Windows-AnyCPU.Build.0 = Release|Any CPU
		{A118035E-BFE3-4BD3-9192-EAFAF4372519}.iOS Release|Windows-ARM.ActiveCfg = Release|Any CPU
		{A118035E-BFE3-4BD3-9192-EAFAF4372519}.iOS Release|Windows-ARM.Build.0 = Release|Any CPU
		{A118035E-BFE3-4BD3-9192-EAFAF4372519}.iOS Release|Windows-x64.ActiveCfg = Release|Any CPU
		{A118035E-BFE3-4BD3-9192-EAFAF4372519}.iOS Release|Windows-x64.Build.0 = Release|Any CPU
		{A118035E-BFE3-4BD3-9192-EAFAF4372519}.iOS Release|Windows-x86.ActiveCfg = Release|Any CPU
		{A118035E-BFE3-4BD3-9192-EAFAF4372519}.iOS Release|Windows-x86.Build.0 = Release|Any CPU
		{A118035E-BFE3-4BD3-9192-EAFAF4372519}.iOS Release|x64.ActiveCfg = Release|Any CPU
		{A118035E-BFE3-4BD3-9192-EAFAF4372519}.iOS Release|x64.Build.0 = Release|Any CPU
		{A118035E-BFE3-4BD3-9192-EAFAF4372519}.iOS Release|x86.ActiveCfg = Release|Any CPU
		{A118035E-BFE3-4BD3-9192-EAFAF4372519}.iOS Release|x86.Build.0 = Release|Any CPU
		{A118035E-BFE3-4BD3-9192-EAFAF4372519}.Release|Android.ActiveCfg = Release|Any CPU
		{A118035E-BFE3-4BD3-9192-EAFAF4372519}.Release|Android.Build.0 = Release|Any CPU
		{A118035E-BFE3-4BD3-9192-EAFAF4372519}.Release|Any CPU.ActiveCfg = Release|Any CPU
		{A118035E-BFE3-4BD3-9192-EAFAF4372519}.Release|Any CPU.Build.0 = Release|Any CPU
		{A118035E-BFE3-4BD3-9192-EAFAF4372519}.Release|ARM.ActiveCfg = Release|Any CPU
		{A118035E-BFE3-4BD3-9192-EAFAF4372519}.Release|ARM.Build.0 = Release|Any CPU
		{A118035E-BFE3-4BD3-9192-EAFAF4372519}.Release|iOS.ActiveCfg = Release|Any CPU
		{A118035E-BFE3-4BD3-9192-EAFAF4372519}.Release|iOS.Build.0 = Release|Any CPU
		{A118035E-BFE3-4BD3-9192-EAFAF4372519}.Release|iPhone.ActiveCfg = Release|Any CPU
		{A118035E-BFE3-4BD3-9192-EAFAF4372519}.Release|iPhone.Build.0 = Release|Any CPU
		{A118035E-BFE3-4BD3-9192-EAFAF4372519}.Release|iPhoneSimulator.ActiveCfg = Release|Any CPU
		{A118035E-BFE3-4BD3-9192-EAFAF4372519}.Release|iPhoneSimulator.Build.0 = Release|Any CPU
		{A118035E-BFE3-4BD3-9192-EAFAF4372519}.Release|Windows Phone (Universal).ActiveCfg = Release|Any CPU
		{A118035E-BFE3-4BD3-9192-EAFAF4372519}.Release|Windows Phone (Universal).Build.0 = Release|Any CPU
		{A118035E-BFE3-4BD3-9192-EAFAF4372519}.Release|Windows Phone 8.ActiveCfg = Release|Any CPU
		{A118035E-BFE3-4BD3-9192-EAFAF4372519}.Release|Windows Phone 8.Build.0 = Release|Any CPU
		{A118035E-BFE3-4BD3-9192-EAFAF4372519}.Release|Windows-AnyCPU.ActiveCfg = Release|Any CPU
		{A118035E-BFE3-4BD3-9192-EAFAF4372519}.Release|Windows-AnyCPU.Build.0 = Release|Any CPU
		{A118035E-BFE3-4BD3-9192-EAFAF4372519}.Release|Windows-ARM.ActiveCfg = Release|Any CPU
		{A118035E-BFE3-4BD3-9192-EAFAF4372519}.Release|Windows-ARM.Build.0 = Release|Any CPU
		{A118035E-BFE3-4BD3-9192-EAFAF4372519}.Release|Windows-x64.ActiveCfg = Release|Any CPU
		{A118035E-BFE3-4BD3-9192-EAFAF4372519}.Release|Windows-x64.Build.0 = Release|Any CPU
		{A118035E-BFE3-4BD3-9192-EAFAF4372519}.Release|Windows-x86.ActiveCfg = Release|Any CPU
		{A118035E-BFE3-4BD3-9192-EAFAF4372519}.Release|Windows-x86.Build.0 = Release|Any CPU
		{A118035E-BFE3-4BD3-9192-EAFAF4372519}.Release|x64.ActiveCfg = Release|Any CPU
		{A118035E-BFE3-4BD3-9192-EAFAF4372519}.Release|x64.Build.0 = Release|Any CPU
		{A118035E-BFE3-4BD3-9192-EAFAF4372519}.Release|x86.ActiveCfg = Release|Any CPU
		{A118035E-BFE3-4BD3-9192-EAFAF4372519}.Release|x86.Build.0 = Release|Any CPU
		{50C88939-B2A7-4AE5-AB18-61F7C621AD55}.Ad-Hoc|Android.ActiveCfg = Debug|Any CPU
		{50C88939-B2A7-4AE5-AB18-61F7C621AD55}.Ad-Hoc|Android.Build.0 = Debug|Any CPU
		{50C88939-B2A7-4AE5-AB18-61F7C621AD55}.Ad-Hoc|Any CPU.ActiveCfg = Debug|Any CPU
		{50C88939-B2A7-4AE5-AB18-61F7C621AD55}.Ad-Hoc|Any CPU.Build.0 = Debug|Any CPU
		{50C88939-B2A7-4AE5-AB18-61F7C621AD55}.Ad-Hoc|ARM.ActiveCfg = Debug|Any CPU
		{50C88939-B2A7-4AE5-AB18-61F7C621AD55}.Ad-Hoc|ARM.Build.0 = Debug|Any CPU
		{50C88939-B2A7-4AE5-AB18-61F7C621AD55}.Ad-Hoc|iOS.ActiveCfg = Debug|Any CPU
		{50C88939-B2A7-4AE5-AB18-61F7C621AD55}.Ad-Hoc|iOS.Build.0 = Debug|Any CPU
		{50C88939-B2A7-4AE5-AB18-61F7C621AD55}.Ad-Hoc|iPhone.ActiveCfg = Debug|Any CPU
		{50C88939-B2A7-4AE5-AB18-61F7C621AD55}.Ad-Hoc|iPhone.Build.0 = Debug|Any CPU
		{50C88939-B2A7-4AE5-AB18-61F7C621AD55}.Ad-Hoc|iPhoneSimulator.ActiveCfg = Debug|Any CPU
		{50C88939-B2A7-4AE5-AB18-61F7C621AD55}.Ad-Hoc|iPhoneSimulator.Build.0 = Debug|Any CPU
		{50C88939-B2A7-4AE5-AB18-61F7C621AD55}.Ad-Hoc|Windows Phone (Universal).ActiveCfg = Debug|Any CPU
		{50C88939-B2A7-4AE5-AB18-61F7C621AD55}.Ad-Hoc|Windows Phone (Universal).Build.0 = Debug|Any CPU
		{50C88939-B2A7-4AE5-AB18-61F7C621AD55}.Ad-Hoc|Windows Phone 8.ActiveCfg = Debug|Any CPU
		{50C88939-B2A7-4AE5-AB18-61F7C621AD55}.Ad-Hoc|Windows Phone 8.Build.0 = Debug|Any CPU
		{50C88939-B2A7-4AE5-AB18-61F7C621AD55}.Ad-Hoc|Windows-AnyCPU.ActiveCfg = Debug|Any CPU
		{50C88939-B2A7-4AE5-AB18-61F7C621AD55}.Ad-Hoc|Windows-AnyCPU.Build.0 = Debug|Any CPU
		{50C88939-B2A7-4AE5-AB18-61F7C621AD55}.Ad-Hoc|Windows-ARM.ActiveCfg = Debug|Any CPU
		{50C88939-B2A7-4AE5-AB18-61F7C621AD55}.Ad-Hoc|Windows-ARM.Build.0 = Debug|Any CPU
		{50C88939-B2A7-4AE5-AB18-61F7C621AD55}.Ad-Hoc|Windows-x64.ActiveCfg = Debug|Any CPU
		{50C88939-B2A7-4AE5-AB18-61F7C621AD55}.Ad-Hoc|Windows-x64.Build.0 = Debug|Any CPU
		{50C88939-B2A7-4AE5-AB18-61F7C621AD55}.Ad-Hoc|Windows-x86.ActiveCfg = Debug|Any CPU
		{50C88939-B2A7-4AE5-AB18-61F7C621AD55}.Ad-Hoc|Windows-x86.Build.0 = Debug|Any CPU
		{50C88939-B2A7-4AE5-AB18-61F7C621AD55}.Ad-Hoc|x64.ActiveCfg = Debug|Any CPU
		{50C88939-B2A7-4AE5-AB18-61F7C621AD55}.Ad-Hoc|x64.Build.0 = Debug|Any CPU
		{50C88939-B2A7-4AE5-AB18-61F7C621AD55}.Ad-Hoc|x86.ActiveCfg = Debug|Any CPU
		{50C88939-B2A7-4AE5-AB18-61F7C621AD55}.Ad-Hoc|x86.Build.0 = Debug|Any CPU
		{50C88939-B2A7-4AE5-AB18-61F7C621AD55}.Android Release|Android.ActiveCfg = Release|Any CPU
		{50C88939-B2A7-4AE5-AB18-61F7C621AD55}.Android Release|Android.Build.0 = Release|Any CPU
		{50C88939-B2A7-4AE5-AB18-61F7C621AD55}.Android Release|Any CPU.ActiveCfg = Release|Any CPU
		{50C88939-B2A7-4AE5-AB18-61F7C621AD55}.Android Release|Any CPU.Build.0 = Release|Any CPU
		{50C88939-B2A7-4AE5-AB18-61F7C621AD55}.Android Release|ARM.ActiveCfg = Release|Any CPU
		{50C88939-B2A7-4AE5-AB18-61F7C621AD55}.Android Release|ARM.Build.0 = Release|Any CPU
		{50C88939-B2A7-4AE5-AB18-61F7C621AD55}.Android Release|iOS.ActiveCfg = Release|Any CPU
		{50C88939-B2A7-4AE5-AB18-61F7C621AD55}.Android Release|iOS.Build.0 = Release|Any CPU
		{50C88939-B2A7-4AE5-AB18-61F7C621AD55}.Android Release|iPhone.ActiveCfg = Release|Any CPU
		{50C88939-B2A7-4AE5-AB18-61F7C621AD55}.Android Release|iPhone.Build.0 = Release|Any CPU
		{50C88939-B2A7-4AE5-AB18-61F7C621AD55}.Android Release|iPhoneSimulator.ActiveCfg = Release|Any CPU
		{50C88939-B2A7-4AE5-AB18-61F7C621AD55}.Android Release|iPhoneSimulator.Build.0 = Release|Any CPU
		{50C88939-B2A7-4AE5-AB18-61F7C621AD55}.Android Release|Windows Phone (Universal).ActiveCfg = Release|Any CPU
		{50C88939-B2A7-4AE5-AB18-61F7C621AD55}.Android Release|Windows Phone (Universal).Build.0 = Release|Any CPU
		{50C88939-B2A7-4AE5-AB18-61F7C621AD55}.Android Release|Windows Phone 8.ActiveCfg = Release|Any CPU
		{50C88939-B2A7-4AE5-AB18-61F7C621AD55}.Android Release|Windows Phone 8.Build.0 = Release|Any CPU
		{50C88939-B2A7-4AE5-AB18-61F7C621AD55}.Android Release|Windows-AnyCPU.ActiveCfg = Release|Any CPU
		{50C88939-B2A7-4AE5-AB18-61F7C621AD55}.Android Release|Windows-AnyCPU.Build.0 = Release|Any CPU
		{50C88939-B2A7-4AE5-AB18-61F7C621AD55}.Android Release|Windows-ARM.ActiveCfg = Release|Any CPU
		{50C88939-B2A7-4AE5-AB18-61F7C621AD55}.Android Release|Windows-ARM.Build.0 = Release|Any CPU
		{50C88939-B2A7-4AE5-AB18-61F7C621AD55}.Android Release|Windows-x64.ActiveCfg = Release|Any CPU
		{50C88939-B2A7-4AE5-AB18-61F7C621AD55}.Android Release|Windows-x64.Build.0 = Release|Any CPU
		{50C88939-B2A7-4AE5-AB18-61F7C621AD55}.Android Release|Windows-x86.ActiveCfg = Release|Any CPU
		{50C88939-B2A7-4AE5-AB18-61F7C621AD55}.Android Release|Windows-x86.Build.0 = Release|Any CPU
		{50C88939-B2A7-4AE5-AB18-61F7C621AD55}.Android Release|x64.ActiveCfg = Release|Any CPU
		{50C88939-B2A7-4AE5-AB18-61F7C621AD55}.Android Release|x64.Build.0 = Release|Any CPU
		{50C88939-B2A7-4AE5-AB18-61F7C621AD55}.Android Release|x86.ActiveCfg = Release|Any CPU
		{50C88939-B2A7-4AE5-AB18-61F7C621AD55}.Android Release|x86.Build.0 = Release|Any CPU
		{50C88939-B2A7-4AE5-AB18-61F7C621AD55}.AppStore|Android.ActiveCfg = Debug|Any CPU
		{50C88939-B2A7-4AE5-AB18-61F7C621AD55}.AppStore|Android.Build.0 = Debug|Any CPU
		{50C88939-B2A7-4AE5-AB18-61F7C621AD55}.AppStore|Any CPU.ActiveCfg = Debug|Any CPU
		{50C88939-B2A7-4AE5-AB18-61F7C621AD55}.AppStore|Any CPU.Build.0 = Debug|Any CPU
		{50C88939-B2A7-4AE5-AB18-61F7C621AD55}.AppStore|ARM.ActiveCfg = Debug|Any CPU
		{50C88939-B2A7-4AE5-AB18-61F7C621AD55}.AppStore|ARM.Build.0 = Debug|Any CPU
		{50C88939-B2A7-4AE5-AB18-61F7C621AD55}.AppStore|iOS.ActiveCfg = Debug|Any CPU
		{50C88939-B2A7-4AE5-AB18-61F7C621AD55}.AppStore|iOS.Build.0 = Debug|Any CPU
		{50C88939-B2A7-4AE5-AB18-61F7C621AD55}.AppStore|iPhone.ActiveCfg = Debug|Any CPU
		{50C88939-B2A7-4AE5-AB18-61F7C621AD55}.AppStore|iPhone.Build.0 = Debug|Any CPU
		{50C88939-B2A7-4AE5-AB18-61F7C621AD55}.AppStore|iPhoneSimulator.ActiveCfg = Debug|Any CPU
		{50C88939-B2A7-4AE5-AB18-61F7C621AD55}.AppStore|iPhoneSimulator.Build.0 = Debug|Any CPU
		{50C88939-B2A7-4AE5-AB18-61F7C621AD55}.AppStore|Windows Phone (Universal).ActiveCfg = Debug|Any CPU
		{50C88939-B2A7-4AE5-AB18-61F7C621AD55}.AppStore|Windows Phone (Universal).Build.0 = Debug|Any CPU
		{50C88939-B2A7-4AE5-AB18-61F7C621AD55}.AppStore|Windows Phone 8.ActiveCfg = Debug|Any CPU
		{50C88939-B2A7-4AE5-AB18-61F7C621AD55}.AppStore|Windows Phone 8.Build.0 = Debug|Any CPU
		{50C88939-B2A7-4AE5-AB18-61F7C621AD55}.AppStore|Windows-AnyCPU.ActiveCfg = Debug|Any CPU
		{50C88939-B2A7-4AE5-AB18-61F7C621AD55}.AppStore|Windows-AnyCPU.Build.0 = Debug|Any CPU
		{50C88939-B2A7-4AE5-AB18-61F7C621AD55}.AppStore|Windows-ARM.ActiveCfg = Debug|Any CPU
		{50C88939-B2A7-4AE5-AB18-61F7C621AD55}.AppStore|Windows-ARM.Build.0 = Debug|Any CPU
		{50C88939-B2A7-4AE5-AB18-61F7C621AD55}.AppStore|Windows-x64.ActiveCfg = Debug|Any CPU
		{50C88939-B2A7-4AE5-AB18-61F7C621AD55}.AppStore|Windows-x64.Build.0 = Debug|Any CPU
		{50C88939-B2A7-4AE5-AB18-61F7C621AD55}.AppStore|Windows-x86.ActiveCfg = Debug|Any CPU
		{50C88939-B2A7-4AE5-AB18-61F7C621AD55}.AppStore|Windows-x86.Build.0 = Debug|Any CPU
		{50C88939-B2A7-4AE5-AB18-61F7C621AD55}.AppStore|x64.ActiveCfg = Debug|Any CPU
		{50C88939-B2A7-4AE5-AB18-61F7C621AD55}.AppStore|x64.Build.0 = Debug|Any CPU
		{50C88939-B2A7-4AE5-AB18-61F7C621AD55}.AppStore|x86.ActiveCfg = Debug|Any CPU
		{50C88939-B2A7-4AE5-AB18-61F7C621AD55}.AppStore|x86.Build.0 = Debug|Any CPU
		{50C88939-B2A7-4AE5-AB18-61F7C621AD55}.Debug|Android.ActiveCfg = Debug|Any CPU
		{50C88939-B2A7-4AE5-AB18-61F7C621AD55}.Debug|Android.Build.0 = Debug|Any CPU
		{50C88939-B2A7-4AE5-AB18-61F7C621AD55}.Debug|Any CPU.ActiveCfg = Debug|Any CPU
		{50C88939-B2A7-4AE5-AB18-61F7C621AD55}.Debug|Any CPU.Build.0 = Debug|Any CPU
		{50C88939-B2A7-4AE5-AB18-61F7C621AD55}.Debug|ARM.ActiveCfg = Debug|Any CPU
		{50C88939-B2A7-4AE5-AB18-61F7C621AD55}.Debug|ARM.Build.0 = Debug|Any CPU
		{50C88939-B2A7-4AE5-AB18-61F7C621AD55}.Debug|iOS.ActiveCfg = Debug|Any CPU
		{50C88939-B2A7-4AE5-AB18-61F7C621AD55}.Debug|iOS.Build.0 = Debug|Any CPU
		{50C88939-B2A7-4AE5-AB18-61F7C621AD55}.Debug|iPhone.ActiveCfg = Debug|Any CPU
		{50C88939-B2A7-4AE5-AB18-61F7C621AD55}.Debug|iPhone.Build.0 = Debug|Any CPU
		{50C88939-B2A7-4AE5-AB18-61F7C621AD55}.Debug|iPhoneSimulator.ActiveCfg = Debug|Any CPU
		{50C88939-B2A7-4AE5-AB18-61F7C621AD55}.Debug|iPhoneSimulator.Build.0 = Debug|Any CPU
		{50C88939-B2A7-4AE5-AB18-61F7C621AD55}.Debug|Windows Phone (Universal).ActiveCfg = Debug|Any CPU
		{50C88939-B2A7-4AE5-AB18-61F7C621AD55}.Debug|Windows Phone (Universal).Build.0 = Debug|Any CPU
		{50C88939-B2A7-4AE5-AB18-61F7C621AD55}.Debug|Windows Phone 8.ActiveCfg = Debug|Any CPU
		{50C88939-B2A7-4AE5-AB18-61F7C621AD55}.Debug|Windows Phone 8.Build.0 = Debug|Any CPU
		{50C88939-B2A7-4AE5-AB18-61F7C621AD55}.Debug|Windows-AnyCPU.ActiveCfg = Debug|Any CPU
		{50C88939-B2A7-4AE5-AB18-61F7C621AD55}.Debug|Windows-AnyCPU.Build.0 = Debug|Any CPU
		{50C88939-B2A7-4AE5-AB18-61F7C621AD55}.Debug|Windows-ARM.ActiveCfg = Debug|Any CPU
		{50C88939-B2A7-4AE5-AB18-61F7C621AD55}.Debug|Windows-ARM.Build.0 = Debug|Any CPU
		{50C88939-B2A7-4AE5-AB18-61F7C621AD55}.Debug|Windows-x64.ActiveCfg = Debug|Any CPU
		{50C88939-B2A7-4AE5-AB18-61F7C621AD55}.Debug|Windows-x64.Build.0 = Debug|Any CPU
		{50C88939-B2A7-4AE5-AB18-61F7C621AD55}.Debug|Windows-x86.ActiveCfg = Debug|Any CPU
		{50C88939-B2A7-4AE5-AB18-61F7C621AD55}.Debug|Windows-x86.Build.0 = Debug|Any CPU
		{50C88939-B2A7-4AE5-AB18-61F7C621AD55}.Debug|x64.ActiveCfg = Debug|Any CPU
		{50C88939-B2A7-4AE5-AB18-61F7C621AD55}.Debug|x64.Build.0 = Debug|Any CPU
		{50C88939-B2A7-4AE5-AB18-61F7C621AD55}.Debug|x86.ActiveCfg = Debug|Any CPU
		{50C88939-B2A7-4AE5-AB18-61F7C621AD55}.Debug|x86.Build.0 = Debug|Any CPU
		{50C88939-B2A7-4AE5-AB18-61F7C621AD55}.iOS Release|Android.ActiveCfg = Release|Any CPU
		{50C88939-B2A7-4AE5-AB18-61F7C621AD55}.iOS Release|Android.Build.0 = Release|Any CPU
		{50C88939-B2A7-4AE5-AB18-61F7C621AD55}.iOS Release|Any CPU.ActiveCfg = Release|Any CPU
		{50C88939-B2A7-4AE5-AB18-61F7C621AD55}.iOS Release|Any CPU.Build.0 = Release|Any CPU
		{50C88939-B2A7-4AE5-AB18-61F7C621AD55}.iOS Release|ARM.ActiveCfg = Release|Any CPU
		{50C88939-B2A7-4AE5-AB18-61F7C621AD55}.iOS Release|ARM.Build.0 = Release|Any CPU
		{50C88939-B2A7-4AE5-AB18-61F7C621AD55}.iOS Release|iOS.ActiveCfg = Release|Any CPU
		{50C88939-B2A7-4AE5-AB18-61F7C621AD55}.iOS Release|iOS.Build.0 = Release|Any CPU
		{50C88939-B2A7-4AE5-AB18-61F7C621AD55}.iOS Release|iPhone.ActiveCfg = Release|Any CPU
		{50C88939-B2A7-4AE5-AB18-61F7C621AD55}.iOS Release|iPhone.Build.0 = Release|Any CPU
		{50C88939-B2A7-4AE5-AB18-61F7C621AD55}.iOS Release|iPhoneSimulator.ActiveCfg = Release|Any CPU
		{50C88939-B2A7-4AE5-AB18-61F7C621AD55}.iOS Release|iPhoneSimulator.Build.0 = Release|Any CPU
		{50C88939-B2A7-4AE5-AB18-61F7C621AD55}.iOS Release|Windows Phone (Universal).ActiveCfg = Release|Any CPU
		{50C88939-B2A7-4AE5-AB18-61F7C621AD55}.iOS Release|Windows Phone (Universal).Build.0 = Release|Any CPU
		{50C88939-B2A7-4AE5-AB18-61F7C621AD55}.iOS Release|Windows Phone 8.ActiveCfg = Release|Any CPU
		{50C88939-B2A7-4AE5-AB18-61F7C621AD55}.iOS Release|Windows Phone 8.Build.0 = Release|Any CPU
		{50C88939-B2A7-4AE5-AB18-61F7C621AD55}.iOS Release|Windows-AnyCPU.ActiveCfg = Release|Any CPU
		{50C88939-B2A7-4AE5-AB18-61F7C621AD55}.iOS Release|Windows-AnyCPU.Build.0 = Release|Any CPU
		{50C88939-B2A7-4AE5-AB18-61F7C621AD55}.iOS Release|Windows-ARM.ActiveCfg = Release|Any CPU
		{50C88939-B2A7-4AE5-AB18-61F7C621AD55}.iOS Release|Windows-ARM.Build.0 = Release|Any CPU
		{50C88939-B2A7-4AE5-AB18-61F7C621AD55}.iOS Release|Windows-x64.ActiveCfg = Release|Any CPU
		{50C88939-B2A7-4AE5-AB18-61F7C621AD55}.iOS Release|Windows-x64.Build.0 = Release|Any CPU
		{50C88939-B2A7-4AE5-AB18-61F7C621AD55}.iOS Release|Windows-x86.ActiveCfg = Release|Any CPU
		{50C88939-B2A7-4AE5-AB18-61F7C621AD55}.iOS Release|Windows-x86.Build.0 = Release|Any CPU
		{50C88939-B2A7-4AE5-AB18-61F7C621AD55}.iOS Release|x64.ActiveCfg = Release|Any CPU
		{50C88939-B2A7-4AE5-AB18-61F7C621AD55}.iOS Release|x64.Build.0 = Release|Any CPU
		{50C88939-B2A7-4AE5-AB18-61F7C621AD55}.iOS Release|x86.ActiveCfg = Release|Any CPU
		{50C88939-B2A7-4AE5-AB18-61F7C621AD55}.iOS Release|x86.Build.0 = Release|Any CPU
		{50C88939-B2A7-4AE5-AB18-61F7C621AD55}.Release|Android.ActiveCfg = Release|Any CPU
		{50C88939-B2A7-4AE5-AB18-61F7C621AD55}.Release|Android.Build.0 = Release|Any CPU
		{50C88939-B2A7-4AE5-AB18-61F7C621AD55}.Release|Any CPU.ActiveCfg = Release|Any CPU
		{50C88939-B2A7-4AE5-AB18-61F7C621AD55}.Release|Any CPU.Build.0 = Release|Any CPU
		{50C88939-B2A7-4AE5-AB18-61F7C621AD55}.Release|ARM.ActiveCfg = Release|Any CPU
		{50C88939-B2A7-4AE5-AB18-61F7C621AD55}.Release|ARM.Build.0 = Release|Any CPU
		{50C88939-B2A7-4AE5-AB18-61F7C621AD55}.Release|iOS.ActiveCfg = Release|Any CPU
		{50C88939-B2A7-4AE5-AB18-61F7C621AD55}.Release|iOS.Build.0 = Release|Any CPU
		{50C88939-B2A7-4AE5-AB18-61F7C621AD55}.Release|iPhone.ActiveCfg = Release|Any CPU
		{50C88939-B2A7-4AE5-AB18-61F7C621AD55}.Release|iPhone.Build.0 = Release|Any CPU
		{50C88939-B2A7-4AE5-AB18-61F7C621AD55}.Release|iPhoneSimulator.ActiveCfg = Release|Any CPU
		{50C88939-B2A7-4AE5-AB18-61F7C621AD55}.Release|iPhoneSimulator.Build.0 = Release|Any CPU
		{50C88939-B2A7-4AE5-AB18-61F7C621AD55}.Release|Windows Phone (Universal).ActiveCfg = Release|Any CPU
		{50C88939-B2A7-4AE5-AB18-61F7C621AD55}.Release|Windows Phone (Universal).Build.0 = Release|Any CPU
		{50C88939-B2A7-4AE5-AB18-61F7C621AD55}.Release|Windows Phone 8.ActiveCfg = Release|Any CPU
		{50C88939-B2A7-4AE5-AB18-61F7C621AD55}.Release|Windows Phone 8.Build.0 = Release|Any CPU
		{50C88939-B2A7-4AE5-AB18-61F7C621AD55}.Release|Windows-AnyCPU.ActiveCfg = Release|Any CPU
		{50C88939-B2A7-4AE5-AB18-61F7C621AD55}.Release|Windows-AnyCPU.Build.0 = Release|Any CPU
		{50C88939-B2A7-4AE5-AB18-61F7C621AD55}.Release|Windows-ARM.ActiveCfg = Release|Any CPU
		{50C88939-B2A7-4AE5-AB18-61F7C621AD55}.Release|Windows-ARM.Build.0 = Release|Any CPU
		{50C88939-B2A7-4AE5-AB18-61F7C621AD55}.Release|Windows-x64.ActiveCfg = Release|Any CPU
		{50C88939-B2A7-4AE5-AB18-61F7C621AD55}.Release|Windows-x64.Build.0 = Release|Any CPU
		{50C88939-B2A7-4AE5-AB18-61F7C621AD55}.Release|Windows-x86.ActiveCfg = Release|Any CPU
		{50C88939-B2A7-4AE5-AB18-61F7C621AD55}.Release|Windows-x86.Build.0 = Release|Any CPU
		{50C88939-B2A7-4AE5-AB18-61F7C621AD55}.Release|x64.ActiveCfg = Release|Any CPU
		{50C88939-B2A7-4AE5-AB18-61F7C621AD55}.Release|x64.Build.0 = Release|Any CPU
		{50C88939-B2A7-4AE5-AB18-61F7C621AD55}.Release|x86.ActiveCfg = Release|Any CPU
		{50C88939-B2A7-4AE5-AB18-61F7C621AD55}.Release|x86.Build.0 = Release|Any CPU
		{257230E5-8D1F-4E80-8ABD-486E63B373DE}.Ad-Hoc|Android.ActiveCfg = Debug|Any CPU
		{257230E5-8D1F-4E80-8ABD-486E63B373DE}.Ad-Hoc|Android.Build.0 = Debug|Any CPU
		{257230E5-8D1F-4E80-8ABD-486E63B373DE}.Ad-Hoc|Any CPU.ActiveCfg = Debug|Any CPU
		{257230E5-8D1F-4E80-8ABD-486E63B373DE}.Ad-Hoc|Any CPU.Build.0 = Debug|Any CPU
		{257230E5-8D1F-4E80-8ABD-486E63B373DE}.Ad-Hoc|ARM.ActiveCfg = Debug|Any CPU
		{257230E5-8D1F-4E80-8ABD-486E63B373DE}.Ad-Hoc|ARM.Build.0 = Debug|Any CPU
		{257230E5-8D1F-4E80-8ABD-486E63B373DE}.Ad-Hoc|iOS.ActiveCfg = Debug|Any CPU
		{257230E5-8D1F-4E80-8ABD-486E63B373DE}.Ad-Hoc|iOS.Build.0 = Debug|Any CPU
		{257230E5-8D1F-4E80-8ABD-486E63B373DE}.Ad-Hoc|iPhone.ActiveCfg = Debug|Any CPU
		{257230E5-8D1F-4E80-8ABD-486E63B373DE}.Ad-Hoc|iPhone.Build.0 = Debug|Any CPU
		{257230E5-8D1F-4E80-8ABD-486E63B373DE}.Ad-Hoc|iPhoneSimulator.ActiveCfg = Debug|Any CPU
		{257230E5-8D1F-4E80-8ABD-486E63B373DE}.Ad-Hoc|iPhoneSimulator.Build.0 = Debug|Any CPU
		{257230E5-8D1F-4E80-8ABD-486E63B373DE}.Ad-Hoc|Windows Phone (Universal).ActiveCfg = Debug|Any CPU
		{257230E5-8D1F-4E80-8ABD-486E63B373DE}.Ad-Hoc|Windows Phone (Universal).Build.0 = Debug|Any CPU
		{257230E5-8D1F-4E80-8ABD-486E63B373DE}.Ad-Hoc|Windows Phone 8.ActiveCfg = Debug|Any CPU
		{257230E5-8D1F-4E80-8ABD-486E63B373DE}.Ad-Hoc|Windows Phone 8.Build.0 = Debug|Any CPU
		{257230E5-8D1F-4E80-8ABD-486E63B373DE}.Ad-Hoc|Windows-AnyCPU.ActiveCfg = Debug|Any CPU
		{257230E5-8D1F-4E80-8ABD-486E63B373DE}.Ad-Hoc|Windows-AnyCPU.Build.0 = Debug|Any CPU
		{257230E5-8D1F-4E80-8ABD-486E63B373DE}.Ad-Hoc|Windows-ARM.ActiveCfg = Debug|Any CPU
		{257230E5-8D1F-4E80-8ABD-486E63B373DE}.Ad-Hoc|Windows-ARM.Build.0 = Debug|Any CPU
		{257230E5-8D1F-4E80-8ABD-486E63B373DE}.Ad-Hoc|Windows-x64.ActiveCfg = Debug|Any CPU
		{257230E5-8D1F-4E80-8ABD-486E63B373DE}.Ad-Hoc|Windows-x64.Build.0 = Debug|Any CPU
		{257230E5-8D1F-4E80-8ABD-486E63B373DE}.Ad-Hoc|Windows-x86.ActiveCfg = Debug|Any CPU
		{257230E5-8D1F-4E80-8ABD-486E63B373DE}.Ad-Hoc|Windows-x86.Build.0 = Debug|Any CPU
		{257230E5-8D1F-4E80-8ABD-486E63B373DE}.Ad-Hoc|x64.ActiveCfg = Debug|Any CPU
		{257230E5-8D1F-4E80-8ABD-486E63B373DE}.Ad-Hoc|x64.Build.0 = Debug|Any CPU
		{257230E5-8D1F-4E80-8ABD-486E63B373DE}.Ad-Hoc|x86.ActiveCfg = Debug|Any CPU
		{257230E5-8D1F-4E80-8ABD-486E63B373DE}.Ad-Hoc|x86.Build.0 = Debug|Any CPU
		{257230E5-8D1F-4E80-8ABD-486E63B373DE}.Android Release|Android.ActiveCfg = Release|Any CPU
		{257230E5-8D1F-4E80-8ABD-486E63B373DE}.Android Release|Android.Build.0 = Release|Any CPU
		{257230E5-8D1F-4E80-8ABD-486E63B373DE}.Android Release|Any CPU.ActiveCfg = Release|Any CPU
		{257230E5-8D1F-4E80-8ABD-486E63B373DE}.Android Release|Any CPU.Build.0 = Release|Any CPU
		{257230E5-8D1F-4E80-8ABD-486E63B373DE}.Android Release|ARM.ActiveCfg = Release|Any CPU
		{257230E5-8D1F-4E80-8ABD-486E63B373DE}.Android Release|ARM.Build.0 = Release|Any CPU
		{257230E5-8D1F-4E80-8ABD-486E63B373DE}.Android Release|iOS.ActiveCfg = Release|Any CPU
		{257230E5-8D1F-4E80-8ABD-486E63B373DE}.Android Release|iOS.Build.0 = Release|Any CPU
		{257230E5-8D1F-4E80-8ABD-486E63B373DE}.Android Release|iPhone.ActiveCfg = Release|Any CPU
		{257230E5-8D1F-4E80-8ABD-486E63B373DE}.Android Release|iPhone.Build.0 = Release|Any CPU
		{257230E5-8D1F-4E80-8ABD-486E63B373DE}.Android Release|iPhoneSimulator.ActiveCfg = Release|Any CPU
		{257230E5-8D1F-4E80-8ABD-486E63B373DE}.Android Release|iPhoneSimulator.Build.0 = Release|Any CPU
		{257230E5-8D1F-4E80-8ABD-486E63B373DE}.Android Release|Windows Phone (Universal).ActiveCfg = Release|Any CPU
		{257230E5-8D1F-4E80-8ABD-486E63B373DE}.Android Release|Windows Phone (Universal).Build.0 = Release|Any CPU
		{257230E5-8D1F-4E80-8ABD-486E63B373DE}.Android Release|Windows Phone 8.ActiveCfg = Release|Any CPU
		{257230E5-8D1F-4E80-8ABD-486E63B373DE}.Android Release|Windows Phone 8.Build.0 = Release|Any CPU
		{257230E5-8D1F-4E80-8ABD-486E63B373DE}.Android Release|Windows-AnyCPU.ActiveCfg = Release|Any CPU
		{257230E5-8D1F-4E80-8ABD-486E63B373DE}.Android Release|Windows-AnyCPU.Build.0 = Release|Any CPU
		{257230E5-8D1F-4E80-8ABD-486E63B373DE}.Android Release|Windows-ARM.ActiveCfg = Release|Any CPU
		{257230E5-8D1F-4E80-8ABD-486E63B373DE}.Android Release|Windows-ARM.Build.0 = Release|Any CPU
		{257230E5-8D1F-4E80-8ABD-486E63B373DE}.Android Release|Windows-x64.ActiveCfg = Release|Any CPU
		{257230E5-8D1F-4E80-8ABD-486E63B373DE}.Android Release|Windows-x64.Build.0 = Release|Any CPU
		{257230E5-8D1F-4E80-8ABD-486E63B373DE}.Android Release|Windows-x86.ActiveCfg = Release|Any CPU
		{257230E5-8D1F-4E80-8ABD-486E63B373DE}.Android Release|Windows-x86.Build.0 = Release|Any CPU
		{257230E5-8D1F-4E80-8ABD-486E63B373DE}.Android Release|x64.ActiveCfg = Release|Any CPU
		{257230E5-8D1F-4E80-8ABD-486E63B373DE}.Android Release|x64.Build.0 = Release|Any CPU
		{257230E5-8D1F-4E80-8ABD-486E63B373DE}.Android Release|x86.ActiveCfg = Release|Any CPU
		{257230E5-8D1F-4E80-8ABD-486E63B373DE}.Android Release|x86.Build.0 = Release|Any CPU
		{257230E5-8D1F-4E80-8ABD-486E63B373DE}.AppStore|Android.ActiveCfg = Debug|Any CPU
		{257230E5-8D1F-4E80-8ABD-486E63B373DE}.AppStore|Android.Build.0 = Debug|Any CPU
		{257230E5-8D1F-4E80-8ABD-486E63B373DE}.AppStore|Any CPU.ActiveCfg = Debug|Any CPU
		{257230E5-8D1F-4E80-8ABD-486E63B373DE}.AppStore|Any CPU.Build.0 = Debug|Any CPU
		{257230E5-8D1F-4E80-8ABD-486E63B373DE}.AppStore|ARM.ActiveCfg = Debug|Any CPU
		{257230E5-8D1F-4E80-8ABD-486E63B373DE}.AppStore|ARM.Build.0 = Debug|Any CPU
		{257230E5-8D1F-4E80-8ABD-486E63B373DE}.AppStore|iOS.ActiveCfg = Debug|Any CPU
		{257230E5-8D1F-4E80-8ABD-486E63B373DE}.AppStore|iOS.Build.0 = Debug|Any CPU
		{257230E5-8D1F-4E80-8ABD-486E63B373DE}.AppStore|iPhone.ActiveCfg = Debug|Any CPU
		{257230E5-8D1F-4E80-8ABD-486E63B373DE}.AppStore|iPhone.Build.0 = Debug|Any CPU
		{257230E5-8D1F-4E80-8ABD-486E63B373DE}.AppStore|iPhoneSimulator.ActiveCfg = Debug|Any CPU
		{257230E5-8D1F-4E80-8ABD-486E63B373DE}.AppStore|iPhoneSimulator.Build.0 = Debug|Any CPU
		{257230E5-8D1F-4E80-8ABD-486E63B373DE}.AppStore|Windows Phone (Universal).ActiveCfg = Debug|Any CPU
		{257230E5-8D1F-4E80-8ABD-486E63B373DE}.AppStore|Windows Phone (Universal).Build.0 = Debug|Any CPU
		{257230E5-8D1F-4E80-8ABD-486E63B373DE}.AppStore|Windows Phone 8.ActiveCfg = Debug|Any CPU
		{257230E5-8D1F-4E80-8ABD-486E63B373DE}.AppStore|Windows Phone 8.Build.0 = Debug|Any CPU
		{257230E5-8D1F-4E80-8ABD-486E63B373DE}.AppStore|Windows-AnyCPU.ActiveCfg = Debug|Any CPU
		{257230E5-8D1F-4E80-8ABD-486E63B373DE}.AppStore|Windows-AnyCPU.Build.0 = Debug|Any CPU
		{257230E5-8D1F-4E80-8ABD-486E63B373DE}.AppStore|Windows-ARM.ActiveCfg = Debug|Any CPU
		{257230E5-8D1F-4E80-8ABD-486E63B373DE}.AppStore|Windows-ARM.Build.0 = Debug|Any CPU
		{257230E5-8D1F-4E80-8ABD-486E63B373DE}.AppStore|Windows-x64.ActiveCfg = Debug|Any CPU
		{257230E5-8D1F-4E80-8ABD-486E63B373DE}.AppStore|Windows-x64.Build.0 = Debug|Any CPU
		{257230E5-8D1F-4E80-8ABD-486E63B373DE}.AppStore|Windows-x86.ActiveCfg = Debug|Any CPU
		{257230E5-8D1F-4E80-8ABD-486E63B373DE}.AppStore|Windows-x86.Build.0 = Debug|Any CPU
		{257230E5-8D1F-4E80-8ABD-486E63B373DE}.AppStore|x64.ActiveCfg = Debug|Any CPU
		{257230E5-8D1F-4E80-8ABD-486E63B373DE}.AppStore|x64.Build.0 = Debug|Any CPU
		{257230E5-8D1F-4E80-8ABD-486E63B373DE}.AppStore|x86.ActiveCfg = Debug|Any CPU
		{257230E5-8D1F-4E80-8ABD-486E63B373DE}.AppStore|x86.Build.0 = Debug|Any CPU
		{257230E5-8D1F-4E80-8ABD-486E63B373DE}.Debug|Android.ActiveCfg = Debug|Any CPU
		{257230E5-8D1F-4E80-8ABD-486E63B373DE}.Debug|Android.Build.0 = Debug|Any CPU
		{257230E5-8D1F-4E80-8ABD-486E63B373DE}.Debug|Any CPU.ActiveCfg = Debug|Any CPU
		{257230E5-8D1F-4E80-8ABD-486E63B373DE}.Debug|Any CPU.Build.0 = Debug|Any CPU
		{257230E5-8D1F-4E80-8ABD-486E63B373DE}.Debug|ARM.ActiveCfg = Debug|Any CPU
		{257230E5-8D1F-4E80-8ABD-486E63B373DE}.Debug|ARM.Build.0 = Debug|Any CPU
		{257230E5-8D1F-4E80-8ABD-486E63B373DE}.Debug|iOS.ActiveCfg = Debug|Any CPU
		{257230E5-8D1F-4E80-8ABD-486E63B373DE}.Debug|iOS.Build.0 = Debug|Any CPU
		{257230E5-8D1F-4E80-8ABD-486E63B373DE}.Debug|iPhone.ActiveCfg = Debug|Any CPU
		{257230E5-8D1F-4E80-8ABD-486E63B373DE}.Debug|iPhone.Build.0 = Debug|Any CPU
		{257230E5-8D1F-4E80-8ABD-486E63B373DE}.Debug|iPhoneSimulator.ActiveCfg = Debug|Any CPU
		{257230E5-8D1F-4E80-8ABD-486E63B373DE}.Debug|iPhoneSimulator.Build.0 = Debug|Any CPU
		{257230E5-8D1F-4E80-8ABD-486E63B373DE}.Debug|Windows Phone (Universal).ActiveCfg = Debug|Any CPU
		{257230E5-8D1F-4E80-8ABD-486E63B373DE}.Debug|Windows Phone (Universal).Build.0 = Debug|Any CPU
		{257230E5-8D1F-4E80-8ABD-486E63B373DE}.Debug|Windows Phone 8.ActiveCfg = Debug|Any CPU
		{257230E5-8D1F-4E80-8ABD-486E63B373DE}.Debug|Windows Phone 8.Build.0 = Debug|Any CPU
		{257230E5-8D1F-4E80-8ABD-486E63B373DE}.Debug|Windows-AnyCPU.ActiveCfg = Debug|Any CPU
		{257230E5-8D1F-4E80-8ABD-486E63B373DE}.Debug|Windows-AnyCPU.Build.0 = Debug|Any CPU
		{257230E5-8D1F-4E80-8ABD-486E63B373DE}.Debug|Windows-ARM.ActiveCfg = Debug|Any CPU
		{257230E5-8D1F-4E80-8ABD-486E63B373DE}.Debug|Windows-ARM.Build.0 = Debug|Any CPU
		{257230E5-8D1F-4E80-8ABD-486E63B373DE}.Debug|Windows-x64.ActiveCfg = Debug|Any CPU
		{257230E5-8D1F-4E80-8ABD-486E63B373DE}.Debug|Windows-x64.Build.0 = Debug|Any CPU
		{257230E5-8D1F-4E80-8ABD-486E63B373DE}.Debug|Windows-x86.ActiveCfg = Debug|Any CPU
		{257230E5-8D1F-4E80-8ABD-486E63B373DE}.Debug|Windows-x86.Build.0 = Debug|Any CPU
		{257230E5-8D1F-4E80-8ABD-486E63B373DE}.Debug|x64.ActiveCfg = Debug|Any CPU
		{257230E5-8D1F-4E80-8ABD-486E63B373DE}.Debug|x64.Build.0 = Debug|Any CPU
		{257230E5-8D1F-4E80-8ABD-486E63B373DE}.Debug|x86.ActiveCfg = Debug|Any CPU
		{257230E5-8D1F-4E80-8ABD-486E63B373DE}.Debug|x86.Build.0 = Debug|Any CPU
		{257230E5-8D1F-4E80-8ABD-486E63B373DE}.iOS Release|Android.ActiveCfg = Release|Any CPU
		{257230E5-8D1F-4E80-8ABD-486E63B373DE}.iOS Release|Android.Build.0 = Release|Any CPU
		{257230E5-8D1F-4E80-8ABD-486E63B373DE}.iOS Release|Any CPU.ActiveCfg = Release|Any CPU
		{257230E5-8D1F-4E80-8ABD-486E63B373DE}.iOS Release|Any CPU.Build.0 = Release|Any CPU
		{257230E5-8D1F-4E80-8ABD-486E63B373DE}.iOS Release|ARM.ActiveCfg = Release|Any CPU
		{257230E5-8D1F-4E80-8ABD-486E63B373DE}.iOS Release|ARM.Build.0 = Release|Any CPU
		{257230E5-8D1F-4E80-8ABD-486E63B373DE}.iOS Release|iOS.ActiveCfg = Release|Any CPU
		{257230E5-8D1F-4E80-8ABD-486E63B373DE}.iOS Release|iOS.Build.0 = Release|Any CPU
		{257230E5-8D1F-4E80-8ABD-486E63B373DE}.iOS Release|iPhone.ActiveCfg = Release|Any CPU
		{257230E5-8D1F-4E80-8ABD-486E63B373DE}.iOS Release|iPhone.Build.0 = Release|Any CPU
		{257230E5-8D1F-4E80-8ABD-486E63B373DE}.iOS Release|iPhoneSimulator.ActiveCfg = Release|Any CPU
		{257230E5-8D1F-4E80-8ABD-486E63B373DE}.iOS Release|iPhoneSimulator.Build.0 = Release|Any CPU
		{257230E5-8D1F-4E80-8ABD-486E63B373DE}.iOS Release|Windows Phone (Universal).ActiveCfg = Release|Any CPU
		{257230E5-8D1F-4E80-8ABD-486E63B373DE}.iOS Release|Windows Phone (Universal).Build.0 = Release|Any CPU
		{257230E5-8D1F-4E80-8ABD-486E63B373DE}.iOS Release|Windows Phone 8.ActiveCfg = Release|Any CPU
		{257230E5-8D1F-4E80-8ABD-486E63B373DE}.iOS Release|Windows Phone 8.Build.0 = Release|Any CPU
		{257230E5-8D1F-4E80-8ABD-486E63B373DE}.iOS Release|Windows-AnyCPU.ActiveCfg = Release|Any CPU
		{257230E5-8D1F-4E80-8ABD-486E63B373DE}.iOS Release|Windows-AnyCPU.Build.0 = Release|Any CPU
		{257230E5-8D1F-4E80-8ABD-486E63B373DE}.iOS Release|Windows-ARM.ActiveCfg = Release|Any CPU
		{257230E5-8D1F-4E80-8ABD-486E63B373DE}.iOS Release|Windows-ARM.Build.0 = Release|Any CPU
		{257230E5-8D1F-4E80-8ABD-486E63B373DE}.iOS Release|Windows-x64.ActiveCfg = Release|Any CPU
		{257230E5-8D1F-4E80-8ABD-486E63B373DE}.iOS Release|Windows-x64.Build.0 = Release|Any CPU
		{257230E5-8D1F-4E80-8ABD-486E63B373DE}.iOS Release|Windows-x86.ActiveCfg = Release|Any CPU
		{257230E5-8D1F-4E80-8ABD-486E63B373DE}.iOS Release|Windows-x86.Build.0 = Release|Any CPU
		{257230E5-8D1F-4E80-8ABD-486E63B373DE}.iOS Release|x64.ActiveCfg = Release|Any CPU
		{257230E5-8D1F-4E80-8ABD-486E63B373DE}.iOS Release|x64.Build.0 = Release|Any CPU
		{257230E5-8D1F-4E80-8ABD-486E63B373DE}.iOS Release|x86.ActiveCfg = Release|Any CPU
		{257230E5-8D1F-4E80-8ABD-486E63B373DE}.iOS Release|x86.Build.0 = Release|Any CPU
		{257230E5-8D1F-4E80-8ABD-486E63B373DE}.Release|Android.ActiveCfg = Release|Any CPU
		{257230E5-8D1F-4E80-8ABD-486E63B373DE}.Release|Android.Build.0 = Release|Any CPU
		{257230E5-8D1F-4E80-8ABD-486E63B373DE}.Release|Any CPU.ActiveCfg = Release|Any CPU
		{257230E5-8D1F-4E80-8ABD-486E63B373DE}.Release|Any CPU.Build.0 = Release|Any CPU
		{257230E5-8D1F-4E80-8ABD-486E63B373DE}.Release|ARM.ActiveCfg = Release|Any CPU
		{257230E5-8D1F-4E80-8ABD-486E63B373DE}.Release|ARM.Build.0 = Release|Any CPU
		{257230E5-8D1F-4E80-8ABD-486E63B373DE}.Release|iOS.ActiveCfg = Release|Any CPU
		{257230E5-8D1F-4E80-8ABD-486E63B373DE}.Release|iOS.Build.0 = Release|Any CPU
		{257230E5-8D1F-4E80-8ABD-486E63B373DE}.Release|iPhone.ActiveCfg = Release|Any CPU
		{257230E5-8D1F-4E80-8ABD-486E63B373DE}.Release|iPhone.Build.0 = Release|Any CPU
		{257230E5-8D1F-4E80-8ABD-486E63B373DE}.Release|iPhoneSimulator.ActiveCfg = Release|Any CPU
		{257230E5-8D1F-4E80-8ABD-486E63B373DE}.Release|iPhoneSimulator.Build.0 = Release|Any CPU
		{257230E5-8D1F-4E80-8ABD-486E63B373DE}.Release|Windows Phone (Universal).ActiveCfg = Release|Any CPU
		{257230E5-8D1F-4E80-8ABD-486E63B373DE}.Release|Windows Phone (Universal).Build.0 = Release|Any CPU
		{257230E5-8D1F-4E80-8ABD-486E63B373DE}.Release|Windows Phone 8.ActiveCfg = Release|Any CPU
		{257230E5-8D1F-4E80-8ABD-486E63B373DE}.Release|Windows Phone 8.Build.0 = Release|Any CPU
		{257230E5-8D1F-4E80-8ABD-486E63B373DE}.Release|Windows-AnyCPU.ActiveCfg = Release|Any CPU
		{257230E5-8D1F-4E80-8ABD-486E63B373DE}.Release|Windows-AnyCPU.Build.0 = Release|Any CPU
		{257230E5-8D1F-4E80-8ABD-486E63B373DE}.Release|Windows-ARM.ActiveCfg = Release|Any CPU
		{257230E5-8D1F-4E80-8ABD-486E63B373DE}.Release|Windows-ARM.Build.0 = Release|Any CPU
		{257230E5-8D1F-4E80-8ABD-486E63B373DE}.Release|Windows-x64.ActiveCfg = Release|Any CPU
		{257230E5-8D1F-4E80-8ABD-486E63B373DE}.Release|Windows-x64.Build.0 = Release|Any CPU
		{257230E5-8D1F-4E80-8ABD-486E63B373DE}.Release|Windows-x86.ActiveCfg = Release|Any CPU
		{257230E5-8D1F-4E80-8ABD-486E63B373DE}.Release|Windows-x86.Build.0 = Release|Any CPU
		{257230E5-8D1F-4E80-8ABD-486E63B373DE}.Release|x64.ActiveCfg = Release|Any CPU
		{257230E5-8D1F-4E80-8ABD-486E63B373DE}.Release|x64.Build.0 = Release|Any CPU
		{257230E5-8D1F-4E80-8ABD-486E63B373DE}.Release|x86.ActiveCfg = Release|Any CPU
		{257230E5-8D1F-4E80-8ABD-486E63B373DE}.Release|x86.Build.0 = Release|Any CPU
		{9F3B3152-AB73-4311-B5D1-308983740F3A}.Ad-Hoc|Android.ActiveCfg = Debug|Any CPU
		{9F3B3152-AB73-4311-B5D1-308983740F3A}.Ad-Hoc|Android.Build.0 = Debug|Any CPU
		{9F3B3152-AB73-4311-B5D1-308983740F3A}.Ad-Hoc|Any CPU.ActiveCfg = Debug|Any CPU
		{9F3B3152-AB73-4311-B5D1-308983740F3A}.Ad-Hoc|Any CPU.Build.0 = Debug|Any CPU
		{9F3B3152-AB73-4311-B5D1-308983740F3A}.Ad-Hoc|ARM.ActiveCfg = Debug|Any CPU
		{9F3B3152-AB73-4311-B5D1-308983740F3A}.Ad-Hoc|ARM.Build.0 = Debug|Any CPU
		{9F3B3152-AB73-4311-B5D1-308983740F3A}.Ad-Hoc|iOS.ActiveCfg = Debug|Any CPU
		{9F3B3152-AB73-4311-B5D1-308983740F3A}.Ad-Hoc|iOS.Build.0 = Debug|Any CPU
		{9F3B3152-AB73-4311-B5D1-308983740F3A}.Ad-Hoc|iPhone.ActiveCfg = Debug|Any CPU
		{9F3B3152-AB73-4311-B5D1-308983740F3A}.Ad-Hoc|iPhone.Build.0 = Debug|Any CPU
		{9F3B3152-AB73-4311-B5D1-308983740F3A}.Ad-Hoc|iPhoneSimulator.ActiveCfg = Debug|Any CPU
		{9F3B3152-AB73-4311-B5D1-308983740F3A}.Ad-Hoc|iPhoneSimulator.Build.0 = Debug|Any CPU
		{9F3B3152-AB73-4311-B5D1-308983740F3A}.Ad-Hoc|Windows Phone (Universal).ActiveCfg = Debug|Any CPU
		{9F3B3152-AB73-4311-B5D1-308983740F3A}.Ad-Hoc|Windows Phone (Universal).Build.0 = Debug|Any CPU
		{9F3B3152-AB73-4311-B5D1-308983740F3A}.Ad-Hoc|Windows Phone 8.ActiveCfg = Debug|Any CPU
		{9F3B3152-AB73-4311-B5D1-308983740F3A}.Ad-Hoc|Windows Phone 8.Build.0 = Debug|Any CPU
		{9F3B3152-AB73-4311-B5D1-308983740F3A}.Ad-Hoc|Windows-AnyCPU.ActiveCfg = Debug|Any CPU
		{9F3B3152-AB73-4311-B5D1-308983740F3A}.Ad-Hoc|Windows-AnyCPU.Build.0 = Debug|Any CPU
		{9F3B3152-AB73-4311-B5D1-308983740F3A}.Ad-Hoc|Windows-ARM.ActiveCfg = Debug|Any CPU
		{9F3B3152-AB73-4311-B5D1-308983740F3A}.Ad-Hoc|Windows-ARM.Build.0 = Debug|Any CPU
		{9F3B3152-AB73-4311-B5D1-308983740F3A}.Ad-Hoc|Windows-x64.ActiveCfg = Debug|Any CPU
		{9F3B3152-AB73-4311-B5D1-308983740F3A}.Ad-Hoc|Windows-x64.Build.0 = Debug|Any CPU
		{9F3B3152-AB73-4311-B5D1-308983740F3A}.Ad-Hoc|Windows-x86.ActiveCfg = Debug|Any CPU
		{9F3B3152-AB73-4311-B5D1-308983740F3A}.Ad-Hoc|Windows-x86.Build.0 = Debug|Any CPU
		{9F3B3152-AB73-4311-B5D1-308983740F3A}.Ad-Hoc|x64.ActiveCfg = Debug|Any CPU
		{9F3B3152-AB73-4311-B5D1-308983740F3A}.Ad-Hoc|x64.Build.0 = Debug|Any CPU
		{9F3B3152-AB73-4311-B5D1-308983740F3A}.Ad-Hoc|x86.ActiveCfg = Debug|Any CPU
		{9F3B3152-AB73-4311-B5D1-308983740F3A}.Ad-Hoc|x86.Build.0 = Debug|Any CPU
		{9F3B3152-AB73-4311-B5D1-308983740F3A}.Android Release|Android.ActiveCfg = Release|Any CPU
		{9F3B3152-AB73-4311-B5D1-308983740F3A}.Android Release|Android.Build.0 = Release|Any CPU
		{9F3B3152-AB73-4311-B5D1-308983740F3A}.Android Release|Any CPU.ActiveCfg = Release|Any CPU
		{9F3B3152-AB73-4311-B5D1-308983740F3A}.Android Release|Any CPU.Build.0 = Release|Any CPU
		{9F3B3152-AB73-4311-B5D1-308983740F3A}.Android Release|ARM.ActiveCfg = Release|Any CPU
		{9F3B3152-AB73-4311-B5D1-308983740F3A}.Android Release|ARM.Build.0 = Release|Any CPU
		{9F3B3152-AB73-4311-B5D1-308983740F3A}.Android Release|iOS.ActiveCfg = Release|Any CPU
		{9F3B3152-AB73-4311-B5D1-308983740F3A}.Android Release|iOS.Build.0 = Release|Any CPU
		{9F3B3152-AB73-4311-B5D1-308983740F3A}.Android Release|iPhone.ActiveCfg = Release|Any CPU
		{9F3B3152-AB73-4311-B5D1-308983740F3A}.Android Release|iPhone.Build.0 = Release|Any CPU
		{9F3B3152-AB73-4311-B5D1-308983740F3A}.Android Release|iPhoneSimulator.ActiveCfg = Release|Any CPU
		{9F3B3152-AB73-4311-B5D1-308983740F3A}.Android Release|iPhoneSimulator.Build.0 = Release|Any CPU
		{9F3B3152-AB73-4311-B5D1-308983740F3A}.Android Release|Windows Phone (Universal).ActiveCfg = Release|Any CPU
		{9F3B3152-AB73-4311-B5D1-308983740F3A}.Android Release|Windows Phone (Universal).Build.0 = Release|Any CPU
		{9F3B3152-AB73-4311-B5D1-308983740F3A}.Android Release|Windows Phone 8.ActiveCfg = Release|Any CPU
		{9F3B3152-AB73-4311-B5D1-308983740F3A}.Android Release|Windows Phone 8.Build.0 = Release|Any CPU
		{9F3B3152-AB73-4311-B5D1-308983740F3A}.Android Release|Windows-AnyCPU.ActiveCfg = Release|Any CPU
		{9F3B3152-AB73-4311-B5D1-308983740F3A}.Android Release|Windows-AnyCPU.Build.0 = Release|Any CPU
		{9F3B3152-AB73-4311-B5D1-308983740F3A}.Android Release|Windows-ARM.ActiveCfg = Release|Any CPU
		{9F3B3152-AB73-4311-B5D1-308983740F3A}.Android Release|Windows-ARM.Build.0 = Release|Any CPU
		{9F3B3152-AB73-4311-B5D1-308983740F3A}.Android Release|Windows-x64.ActiveCfg = Release|Any CPU
		{9F3B3152-AB73-4311-B5D1-308983740F3A}.Android Release|Windows-x64.Build.0 = Release|Any CPU
		{9F3B3152-AB73-4311-B5D1-308983740F3A}.Android Release|Windows-x86.ActiveCfg = Release|Any CPU
		{9F3B3152-AB73-4311-B5D1-308983740F3A}.Android Release|Windows-x86.Build.0 = Release|Any CPU
		{9F3B3152-AB73-4311-B5D1-308983740F3A}.Android Release|x64.ActiveCfg = Release|Any CPU
		{9F3B3152-AB73-4311-B5D1-308983740F3A}.Android Release|x64.Build.0 = Release|Any CPU
		{9F3B3152-AB73-4311-B5D1-308983740F3A}.Android Release|x86.ActiveCfg = Release|Any CPU
		{9F3B3152-AB73-4311-B5D1-308983740F3A}.Android Release|x86.Build.0 = Release|Any CPU
		{9F3B3152-AB73-4311-B5D1-308983740F3A}.AppStore|Android.ActiveCfg = Debug|Any CPU
		{9F3B3152-AB73-4311-B5D1-308983740F3A}.AppStore|Android.Build.0 = Debug|Any CPU
		{9F3B3152-AB73-4311-B5D1-308983740F3A}.AppStore|Any CPU.ActiveCfg = Debug|Any CPU
		{9F3B3152-AB73-4311-B5D1-308983740F3A}.AppStore|Any CPU.Build.0 = Debug|Any CPU
		{9F3B3152-AB73-4311-B5D1-308983740F3A}.AppStore|ARM.ActiveCfg = Debug|Any CPU
		{9F3B3152-AB73-4311-B5D1-308983740F3A}.AppStore|ARM.Build.0 = Debug|Any CPU
		{9F3B3152-AB73-4311-B5D1-308983740F3A}.AppStore|iOS.ActiveCfg = Debug|Any CPU
		{9F3B3152-AB73-4311-B5D1-308983740F3A}.AppStore|iOS.Build.0 = Debug|Any CPU
		{9F3B3152-AB73-4311-B5D1-308983740F3A}.AppStore|iPhone.ActiveCfg = Debug|Any CPU
		{9F3B3152-AB73-4311-B5D1-308983740F3A}.AppStore|iPhone.Build.0 = Debug|Any CPU
		{9F3B3152-AB73-4311-B5D1-308983740F3A}.AppStore|iPhoneSimulator.ActiveCfg = Debug|Any CPU
		{9F3B3152-AB73-4311-B5D1-308983740F3A}.AppStore|iPhoneSimulator.Build.0 = Debug|Any CPU
		{9F3B3152-AB73-4311-B5D1-308983740F3A}.AppStore|Windows Phone (Universal).ActiveCfg = Debug|Any CPU
		{9F3B3152-AB73-4311-B5D1-308983740F3A}.AppStore|Windows Phone (Universal).Build.0 = Debug|Any CPU
		{9F3B3152-AB73-4311-B5D1-308983740F3A}.AppStore|Windows Phone 8.ActiveCfg = Debug|Any CPU
		{9F3B3152-AB73-4311-B5D1-308983740F3A}.AppStore|Windows Phone 8.Build.0 = Debug|Any CPU
		{9F3B3152-AB73-4311-B5D1-308983740F3A}.AppStore|Windows-AnyCPU.ActiveCfg = Debug|Any CPU
		{9F3B3152-AB73-4311-B5D1-308983740F3A}.AppStore|Windows-AnyCPU.Build.0 = Debug|Any CPU
		{9F3B3152-AB73-4311-B5D1-308983740F3A}.AppStore|Windows-ARM.ActiveCfg = Debug|Any CPU
		{9F3B3152-AB73-4311-B5D1-308983740F3A}.AppStore|Windows-ARM.Build.0 = Debug|Any CPU
		{9F3B3152-AB73-4311-B5D1-308983740F3A}.AppStore|Windows-x64.ActiveCfg = Debug|Any CPU
		{9F3B3152-AB73-4311-B5D1-308983740F3A}.AppStore|Windows-x64.Build.0 = Debug|Any CPU
		{9F3B3152-AB73-4311-B5D1-308983740F3A}.AppStore|Windows-x86.ActiveCfg = Debug|Any CPU
		{9F3B3152-AB73-4311-B5D1-308983740F3A}.AppStore|Windows-x86.Build.0 = Debug|Any CPU
		{9F3B3152-AB73-4311-B5D1-308983740F3A}.AppStore|x64.ActiveCfg = Debug|Any CPU
		{9F3B3152-AB73-4311-B5D1-308983740F3A}.AppStore|x64.Build.0 = Debug|Any CPU
		{9F3B3152-AB73-4311-B5D1-308983740F3A}.AppStore|x86.ActiveCfg = Debug|Any CPU
		{9F3B3152-AB73-4311-B5D1-308983740F3A}.AppStore|x86.Build.0 = Debug|Any CPU
		{9F3B3152-AB73-4311-B5D1-308983740F3A}.Debug|Android.ActiveCfg = Debug|Any CPU
		{9F3B3152-AB73-4311-B5D1-308983740F3A}.Debug|Android.Build.0 = Debug|Any CPU
		{9F3B3152-AB73-4311-B5D1-308983740F3A}.Debug|Any CPU.ActiveCfg = Debug|Any CPU
		{9F3B3152-AB73-4311-B5D1-308983740F3A}.Debug|Any CPU.Build.0 = Debug|Any CPU
		{9F3B3152-AB73-4311-B5D1-308983740F3A}.Debug|ARM.ActiveCfg = Debug|Any CPU
		{9F3B3152-AB73-4311-B5D1-308983740F3A}.Debug|ARM.Build.0 = Debug|Any CPU
		{9F3B3152-AB73-4311-B5D1-308983740F3A}.Debug|iOS.ActiveCfg = Debug|Any CPU
		{9F3B3152-AB73-4311-B5D1-308983740F3A}.Debug|iOS.Build.0 = Debug|Any CPU
		{9F3B3152-AB73-4311-B5D1-308983740F3A}.Debug|iPhone.ActiveCfg = Debug|Any CPU
		{9F3B3152-AB73-4311-B5D1-308983740F3A}.Debug|iPhone.Build.0 = Debug|Any CPU
		{9F3B3152-AB73-4311-B5D1-308983740F3A}.Debug|iPhoneSimulator.ActiveCfg = Debug|Any CPU
		{9F3B3152-AB73-4311-B5D1-308983740F3A}.Debug|iPhoneSimulator.Build.0 = Debug|Any CPU
		{9F3B3152-AB73-4311-B5D1-308983740F3A}.Debug|Windows Phone (Universal).ActiveCfg = Debug|Any CPU
		{9F3B3152-AB73-4311-B5D1-308983740F3A}.Debug|Windows Phone (Universal).Build.0 = Debug|Any CPU
		{9F3B3152-AB73-4311-B5D1-308983740F3A}.Debug|Windows Phone 8.ActiveCfg = Debug|Any CPU
		{9F3B3152-AB73-4311-B5D1-308983740F3A}.Debug|Windows Phone 8.Build.0 = Debug|Any CPU
		{9F3B3152-AB73-4311-B5D1-308983740F3A}.Debug|Windows-AnyCPU.ActiveCfg = Debug|Any CPU
		{9F3B3152-AB73-4311-B5D1-308983740F3A}.Debug|Windows-AnyCPU.Build.0 = Debug|Any CPU
		{9F3B3152-AB73-4311-B5D1-308983740F3A}.Debug|Windows-ARM.ActiveCfg = Debug|Any CPU
		{9F3B3152-AB73-4311-B5D1-308983740F3A}.Debug|Windows-ARM.Build.0 = Debug|Any CPU
		{9F3B3152-AB73-4311-B5D1-308983740F3A}.Debug|Windows-x64.ActiveCfg = Debug|Any CPU
		{9F3B3152-AB73-4311-B5D1-308983740F3A}.Debug|Windows-x64.Build.0 = Debug|Any CPU
		{9F3B3152-AB73-4311-B5D1-308983740F3A}.Debug|Windows-x86.ActiveCfg = Debug|Any CPU
		{9F3B3152-AB73-4311-B5D1-308983740F3A}.Debug|Windows-x86.Build.0 = Debug|Any CPU
		{9F3B3152-AB73-4311-B5D1-308983740F3A}.Debug|x64.ActiveCfg = Debug|Any CPU
		{9F3B3152-AB73-4311-B5D1-308983740F3A}.Debug|x64.Build.0 = Debug|Any CPU
		{9F3B3152-AB73-4311-B5D1-308983740F3A}.Debug|x86.ActiveCfg = Debug|Any CPU
		{9F3B3152-AB73-4311-B5D1-308983740F3A}.Debug|x86.Build.0 = Debug|Any CPU
		{9F3B3152-AB73-4311-B5D1-308983740F3A}.iOS Release|Android.ActiveCfg = Release|Any CPU
		{9F3B3152-AB73-4311-B5D1-308983740F3A}.iOS Release|Android.Build.0 = Release|Any CPU
		{9F3B3152-AB73-4311-B5D1-308983740F3A}.iOS Release|Any CPU.ActiveCfg = Release|Any CPU
		{9F3B3152-AB73-4311-B5D1-308983740F3A}.iOS Release|Any CPU.Build.0 = Release|Any CPU
		{9F3B3152-AB73-4311-B5D1-308983740F3A}.iOS Release|ARM.ActiveCfg = Release|Any CPU
		{9F3B3152-AB73-4311-B5D1-308983740F3A}.iOS Release|ARM.Build.0 = Release|Any CPU
		{9F3B3152-AB73-4311-B5D1-308983740F3A}.iOS Release|iOS.ActiveCfg = Release|Any CPU
		{9F3B3152-AB73-4311-B5D1-308983740F3A}.iOS Release|iOS.Build.0 = Release|Any CPU
		{9F3B3152-AB73-4311-B5D1-308983740F3A}.iOS Release|iPhone.ActiveCfg = Release|Any CPU
		{9F3B3152-AB73-4311-B5D1-308983740F3A}.iOS Release|iPhone.Build.0 = Release|Any CPU
		{9F3B3152-AB73-4311-B5D1-308983740F3A}.iOS Release|iPhoneSimulator.ActiveCfg = Release|Any CPU
		{9F3B3152-AB73-4311-B5D1-308983740F3A}.iOS Release|iPhoneSimulator.Build.0 = Release|Any CPU
		{9F3B3152-AB73-4311-B5D1-308983740F3A}.iOS Release|Windows Phone (Universal).ActiveCfg = Release|Any CPU
		{9F3B3152-AB73-4311-B5D1-308983740F3A}.iOS Release|Windows Phone (Universal).Build.0 = Release|Any CPU
		{9F3B3152-AB73-4311-B5D1-308983740F3A}.iOS Release|Windows Phone 8.ActiveCfg = Release|Any CPU
		{9F3B3152-AB73-4311-B5D1-308983740F3A}.iOS Release|Windows Phone 8.Build.0 = Release|Any CPU
		{9F3B3152-AB73-4311-B5D1-308983740F3A}.iOS Release|Windows-AnyCPU.ActiveCfg = Release|Any CPU
		{9F3B3152-AB73-4311-B5D1-308983740F3A}.iOS Release|Windows-AnyCPU.Build.0 = Release|Any CPU
		{9F3B3152-AB73-4311-B5D1-308983740F3A}.iOS Release|Windows-ARM.ActiveCfg = Release|Any CPU
		{9F3B3152-AB73-4311-B5D1-308983740F3A}.iOS Release|Windows-ARM.Build.0 = Release|Any CPU
		{9F3B3152-AB73-4311-B5D1-308983740F3A}.iOS Release|Windows-x64.ActiveCfg = Release|Any CPU
		{9F3B3152-AB73-4311-B5D1-308983740F3A}.iOS Release|Windows-x64.Build.0 = Release|Any CPU
		{9F3B3152-AB73-4311-B5D1-308983740F3A}.iOS Release|Windows-x86.ActiveCfg = Release|Any CPU
		{9F3B3152-AB73-4311-B5D1-308983740F3A}.iOS Release|Windows-x86.Build.0 = Release|Any CPU
		{9F3B3152-AB73-4311-B5D1-308983740F3A}.iOS Release|x64.ActiveCfg = Release|Any CPU
		{9F3B3152-AB73-4311-B5D1-308983740F3A}.iOS Release|x64.Build.0 = Release|Any CPU
		{9F3B3152-AB73-4311-B5D1-308983740F3A}.iOS Release|x86.ActiveCfg = Release|Any CPU
		{9F3B3152-AB73-4311-B5D1-308983740F3A}.iOS Release|x86.Build.0 = Release|Any CPU
		{9F3B3152-AB73-4311-B5D1-308983740F3A}.Release|Android.ActiveCfg = Release|Any CPU
		{9F3B3152-AB73-4311-B5D1-308983740F3A}.Release|Android.Build.0 = Release|Any CPU
		{9F3B3152-AB73-4311-B5D1-308983740F3A}.Release|Any CPU.ActiveCfg = Release|Any CPU
		{9F3B3152-AB73-4311-B5D1-308983740F3A}.Release|Any CPU.Build.0 = Release|Any CPU
		{9F3B3152-AB73-4311-B5D1-308983740F3A}.Release|ARM.ActiveCfg = Release|Any CPU
		{9F3B3152-AB73-4311-B5D1-308983740F3A}.Release|ARM.Build.0 = Release|Any CPU
		{9F3B3152-AB73-4311-B5D1-308983740F3A}.Release|iOS.ActiveCfg = Release|Any CPU
		{9F3B3152-AB73-4311-B5D1-308983740F3A}.Release|iOS.Build.0 = Release|Any CPU
		{9F3B3152-AB73-4311-B5D1-308983740F3A}.Release|iPhone.ActiveCfg = Release|Any CPU
		{9F3B3152-AB73-4311-B5D1-308983740F3A}.Release|iPhone.Build.0 = Release|Any CPU
		{9F3B3152-AB73-4311-B5D1-308983740F3A}.Release|iPhoneSimulator.ActiveCfg = Release|Any CPU
		{9F3B3152-AB73-4311-B5D1-308983740F3A}.Release|iPhoneSimulator.Build.0 = Release|Any CPU
		{9F3B3152-AB73-4311-B5D1-308983740F3A}.Release|Windows Phone (Universal).ActiveCfg = Release|Any CPU
		{9F3B3152-AB73-4311-B5D1-308983740F3A}.Release|Windows Phone (Universal).Build.0 = Release|Any CPU
		{9F3B3152-AB73-4311-B5D1-308983740F3A}.Release|Windows Phone 8.ActiveCfg = Release|Any CPU
		{9F3B3152-AB73-4311-B5D1-308983740F3A}.Release|Windows Phone 8.Build.0 = Release|Any CPU
		{9F3B3152-AB73-4311-B5D1-308983740F3A}.Release|Windows-AnyCPU.ActiveCfg = Release|Any CPU
		{9F3B3152-AB73-4311-B5D1-308983740F3A}.Release|Windows-AnyCPU.Build.0 = Release|Any CPU
		{9F3B3152-AB73-4311-B5D1-308983740F3A}.Release|Windows-ARM.ActiveCfg = Release|Any CPU
		{9F3B3152-AB73-4311-B5D1-308983740F3A}.Release|Windows-ARM.Build.0 = Release|Any CPU
		{9F3B3152-AB73-4311-B5D1-308983740F3A}.Release|Windows-x64.ActiveCfg = Release|Any CPU
		{9F3B3152-AB73-4311-B5D1-308983740F3A}.Release|Windows-x64.Build.0 = Release|Any CPU
		{9F3B3152-AB73-4311-B5D1-308983740F3A}.Release|Windows-x86.ActiveCfg = Release|Any CPU
		{9F3B3152-AB73-4311-B5D1-308983740F3A}.Release|Windows-x86.Build.0 = Release|Any CPU
		{9F3B3152-AB73-4311-B5D1-308983740F3A}.Release|x64.ActiveCfg = Release|Any CPU
		{9F3B3152-AB73-4311-B5D1-308983740F3A}.Release|x64.Build.0 = Release|Any CPU
		{9F3B3152-AB73-4311-B5D1-308983740F3A}.Release|x86.ActiveCfg = Release|Any CPU
		{9F3B3152-AB73-4311-B5D1-308983740F3A}.Release|x86.Build.0 = Release|Any CPU
		{33450298-F0D5-4C0D-8661-7AA692CA4DD8}.Ad-Hoc|Android.ActiveCfg = Debug|Any CPU
		{33450298-F0D5-4C0D-8661-7AA692CA4DD8}.Ad-Hoc|Android.Build.0 = Debug|Any CPU
		{33450298-F0D5-4C0D-8661-7AA692CA4DD8}.Ad-Hoc|Any CPU.ActiveCfg = Debug|Any CPU
		{33450298-F0D5-4C0D-8661-7AA692CA4DD8}.Ad-Hoc|Any CPU.Build.0 = Debug|Any CPU
		{33450298-F0D5-4C0D-8661-7AA692CA4DD8}.Ad-Hoc|ARM.ActiveCfg = Debug|Any CPU
		{33450298-F0D5-4C0D-8661-7AA692CA4DD8}.Ad-Hoc|ARM.Build.0 = Debug|Any CPU
		{33450298-F0D5-4C0D-8661-7AA692CA4DD8}.Ad-Hoc|iOS.ActiveCfg = Debug|Any CPU
		{33450298-F0D5-4C0D-8661-7AA692CA4DD8}.Ad-Hoc|iOS.Build.0 = Debug|Any CPU
		{33450298-F0D5-4C0D-8661-7AA692CA4DD8}.Ad-Hoc|iPhone.ActiveCfg = Debug|Any CPU
		{33450298-F0D5-4C0D-8661-7AA692CA4DD8}.Ad-Hoc|iPhone.Build.0 = Debug|Any CPU
		{33450298-F0D5-4C0D-8661-7AA692CA4DD8}.Ad-Hoc|iPhoneSimulator.ActiveCfg = Debug|Any CPU
		{33450298-F0D5-4C0D-8661-7AA692CA4DD8}.Ad-Hoc|iPhoneSimulator.Build.0 = Debug|Any CPU
		{33450298-F0D5-4C0D-8661-7AA692CA4DD8}.Ad-Hoc|Windows Phone (Universal).ActiveCfg = Debug|Any CPU
		{33450298-F0D5-4C0D-8661-7AA692CA4DD8}.Ad-Hoc|Windows Phone (Universal).Build.0 = Debug|Any CPU
		{33450298-F0D5-4C0D-8661-7AA692CA4DD8}.Ad-Hoc|Windows Phone 8.ActiveCfg = Debug|Any CPU
		{33450298-F0D5-4C0D-8661-7AA692CA4DD8}.Ad-Hoc|Windows Phone 8.Build.0 = Debug|Any CPU
		{33450298-F0D5-4C0D-8661-7AA692CA4DD8}.Ad-Hoc|Windows-AnyCPU.ActiveCfg = Debug|Any CPU
		{33450298-F0D5-4C0D-8661-7AA692CA4DD8}.Ad-Hoc|Windows-AnyCPU.Build.0 = Debug|Any CPU
		{33450298-F0D5-4C0D-8661-7AA692CA4DD8}.Ad-Hoc|Windows-ARM.ActiveCfg = Debug|Any CPU
		{33450298-F0D5-4C0D-8661-7AA692CA4DD8}.Ad-Hoc|Windows-ARM.Build.0 = Debug|Any CPU
		{33450298-F0D5-4C0D-8661-7AA692CA4DD8}.Ad-Hoc|Windows-x64.ActiveCfg = Debug|Any CPU
		{33450298-F0D5-4C0D-8661-7AA692CA4DD8}.Ad-Hoc|Windows-x64.Build.0 = Debug|Any CPU
		{33450298-F0D5-4C0D-8661-7AA692CA4DD8}.Ad-Hoc|Windows-x86.ActiveCfg = Debug|Any CPU
		{33450298-F0D5-4C0D-8661-7AA692CA4DD8}.Ad-Hoc|Windows-x86.Build.0 = Debug|Any CPU
		{33450298-F0D5-4C0D-8661-7AA692CA4DD8}.Ad-Hoc|x64.ActiveCfg = Debug|Any CPU
		{33450298-F0D5-4C0D-8661-7AA692CA4DD8}.Ad-Hoc|x64.Build.0 = Debug|Any CPU
		{33450298-F0D5-4C0D-8661-7AA692CA4DD8}.Ad-Hoc|x86.ActiveCfg = Debug|Any CPU
		{33450298-F0D5-4C0D-8661-7AA692CA4DD8}.Ad-Hoc|x86.Build.0 = Debug|Any CPU
		{33450298-F0D5-4C0D-8661-7AA692CA4DD8}.Android Release|Android.ActiveCfg = Release|Any CPU
		{33450298-F0D5-4C0D-8661-7AA692CA4DD8}.Android Release|Android.Build.0 = Release|Any CPU
		{33450298-F0D5-4C0D-8661-7AA692CA4DD8}.Android Release|Any CPU.ActiveCfg = Release|Any CPU
		{33450298-F0D5-4C0D-8661-7AA692CA4DD8}.Android Release|Any CPU.Build.0 = Release|Any CPU
		{33450298-F0D5-4C0D-8661-7AA692CA4DD8}.Android Release|ARM.ActiveCfg = Release|Any CPU
		{33450298-F0D5-4C0D-8661-7AA692CA4DD8}.Android Release|ARM.Build.0 = Release|Any CPU
		{33450298-F0D5-4C0D-8661-7AA692CA4DD8}.Android Release|iOS.ActiveCfg = Release|Any CPU
		{33450298-F0D5-4C0D-8661-7AA692CA4DD8}.Android Release|iOS.Build.0 = Release|Any CPU
		{33450298-F0D5-4C0D-8661-7AA692CA4DD8}.Android Release|iPhone.ActiveCfg = Release|Any CPU
		{33450298-F0D5-4C0D-8661-7AA692CA4DD8}.Android Release|iPhone.Build.0 = Release|Any CPU
		{33450298-F0D5-4C0D-8661-7AA692CA4DD8}.Android Release|iPhoneSimulator.ActiveCfg = Release|Any CPU
		{33450298-F0D5-4C0D-8661-7AA692CA4DD8}.Android Release|iPhoneSimulator.Build.0 = Release|Any CPU
		{33450298-F0D5-4C0D-8661-7AA692CA4DD8}.Android Release|Windows Phone (Universal).ActiveCfg = Release|Any CPU
		{33450298-F0D5-4C0D-8661-7AA692CA4DD8}.Android Release|Windows Phone (Universal).Build.0 = Release|Any CPU
		{33450298-F0D5-4C0D-8661-7AA692CA4DD8}.Android Release|Windows Phone 8.ActiveCfg = Release|Any CPU
		{33450298-F0D5-4C0D-8661-7AA692CA4DD8}.Android Release|Windows Phone 8.Build.0 = Release|Any CPU
		{33450298-F0D5-4C0D-8661-7AA692CA4DD8}.Android Release|Windows-AnyCPU.ActiveCfg = Release|Any CPU
		{33450298-F0D5-4C0D-8661-7AA692CA4DD8}.Android Release|Windows-AnyCPU.Build.0 = Release|Any CPU
		{33450298-F0D5-4C0D-8661-7AA692CA4DD8}.Android Release|Windows-ARM.ActiveCfg = Release|Any CPU
		{33450298-F0D5-4C0D-8661-7AA692CA4DD8}.Android Release|Windows-ARM.Build.0 = Release|Any CPU
		{33450298-F0D5-4C0D-8661-7AA692CA4DD8}.Android Release|Windows-x64.ActiveCfg = Release|Any CPU
		{33450298-F0D5-4C0D-8661-7AA692CA4DD8}.Android Release|Windows-x64.Build.0 = Release|Any CPU
		{33450298-F0D5-4C0D-8661-7AA692CA4DD8}.Android Release|Windows-x86.ActiveCfg = Release|Any CPU
		{33450298-F0D5-4C0D-8661-7AA692CA4DD8}.Android Release|Windows-x86.Build.0 = Release|Any CPU
		{33450298-F0D5-4C0D-8661-7AA692CA4DD8}.Android Release|x64.ActiveCfg = Release|Any CPU
		{33450298-F0D5-4C0D-8661-7AA692CA4DD8}.Android Release|x64.Build.0 = Release|Any CPU
		{33450298-F0D5-4C0D-8661-7AA692CA4DD8}.Android Release|x86.ActiveCfg = Release|Any CPU
		{33450298-F0D5-4C0D-8661-7AA692CA4DD8}.Android Release|x86.Build.0 = Release|Any CPU
		{33450298-F0D5-4C0D-8661-7AA692CA4DD8}.AppStore|Android.ActiveCfg = Debug|Any CPU
		{33450298-F0D5-4C0D-8661-7AA692CA4DD8}.AppStore|Android.Build.0 = Debug|Any CPU
		{33450298-F0D5-4C0D-8661-7AA692CA4DD8}.AppStore|Any CPU.ActiveCfg = Debug|Any CPU
		{33450298-F0D5-4C0D-8661-7AA692CA4DD8}.AppStore|Any CPU.Build.0 = Debug|Any CPU
		{33450298-F0D5-4C0D-8661-7AA692CA4DD8}.AppStore|ARM.ActiveCfg = Debug|Any CPU
		{33450298-F0D5-4C0D-8661-7AA692CA4DD8}.AppStore|ARM.Build.0 = Debug|Any CPU
		{33450298-F0D5-4C0D-8661-7AA692CA4DD8}.AppStore|iOS.ActiveCfg = Debug|Any CPU
		{33450298-F0D5-4C0D-8661-7AA692CA4DD8}.AppStore|iOS.Build.0 = Debug|Any CPU
		{33450298-F0D5-4C0D-8661-7AA692CA4DD8}.AppStore|iPhone.ActiveCfg = Debug|Any CPU
		{33450298-F0D5-4C0D-8661-7AA692CA4DD8}.AppStore|iPhone.Build.0 = Debug|Any CPU
		{33450298-F0D5-4C0D-8661-7AA692CA4DD8}.AppStore|iPhoneSimulator.ActiveCfg = Debug|Any CPU
		{33450298-F0D5-4C0D-8661-7AA692CA4DD8}.AppStore|iPhoneSimulator.Build.0 = Debug|Any CPU
		{33450298-F0D5-4C0D-8661-7AA692CA4DD8}.AppStore|Windows Phone (Universal).ActiveCfg = Debug|Any CPU
		{33450298-F0D5-4C0D-8661-7AA692CA4DD8}.AppStore|Windows Phone (Universal).Build.0 = Debug|Any CPU
		{33450298-F0D5-4C0D-8661-7AA692CA4DD8}.AppStore|Windows Phone 8.ActiveCfg = Debug|Any CPU
		{33450298-F0D5-4C0D-8661-7AA692CA4DD8}.AppStore|Windows Phone 8.Build.0 = Debug|Any CPU
		{33450298-F0D5-4C0D-8661-7AA692CA4DD8}.AppStore|Windows-AnyCPU.ActiveCfg = Debug|Any CPU
		{33450298-F0D5-4C0D-8661-7AA692CA4DD8}.AppStore|Windows-AnyCPU.Build.0 = Debug|Any CPU
		{33450298-F0D5-4C0D-8661-7AA692CA4DD8}.AppStore|Windows-ARM.ActiveCfg = Debug|Any CPU
		{33450298-F0D5-4C0D-8661-7AA692CA4DD8}.AppStore|Windows-ARM.Build.0 = Debug|Any CPU
		{33450298-F0D5-4C0D-8661-7AA692CA4DD8}.AppStore|Windows-x64.ActiveCfg = Debug|Any CPU
		{33450298-F0D5-4C0D-8661-7AA692CA4DD8}.AppStore|Windows-x64.Build.0 = Debug|Any CPU
		{33450298-F0D5-4C0D-8661-7AA692CA4DD8}.AppStore|Windows-x86.ActiveCfg = Debug|Any CPU
		{33450298-F0D5-4C0D-8661-7AA692CA4DD8}.AppStore|Windows-x86.Build.0 = Debug|Any CPU
		{33450298-F0D5-4C0D-8661-7AA692CA4DD8}.AppStore|x64.ActiveCfg = Debug|Any CPU
		{33450298-F0D5-4C0D-8661-7AA692CA4DD8}.AppStore|x64.Build.0 = Debug|Any CPU
		{33450298-F0D5-4C0D-8661-7AA692CA4DD8}.AppStore|x86.ActiveCfg = Debug|Any CPU
		{33450298-F0D5-4C0D-8661-7AA692CA4DD8}.AppStore|x86.Build.0 = Debug|Any CPU
		{33450298-F0D5-4C0D-8661-7AA692CA4DD8}.Debug|Android.ActiveCfg = Debug|Any CPU
		{33450298-F0D5-4C0D-8661-7AA692CA4DD8}.Debug|Android.Build.0 = Debug|Any CPU
		{33450298-F0D5-4C0D-8661-7AA692CA4DD8}.Debug|Any CPU.ActiveCfg = Debug|Any CPU
		{33450298-F0D5-4C0D-8661-7AA692CA4DD8}.Debug|Any CPU.Build.0 = Debug|Any CPU
		{33450298-F0D5-4C0D-8661-7AA692CA4DD8}.Debug|ARM.ActiveCfg = Debug|Any CPU
		{33450298-F0D5-4C0D-8661-7AA692CA4DD8}.Debug|ARM.Build.0 = Debug|Any CPU
		{33450298-F0D5-4C0D-8661-7AA692CA4DD8}.Debug|iOS.ActiveCfg = Debug|Any CPU
		{33450298-F0D5-4C0D-8661-7AA692CA4DD8}.Debug|iOS.Build.0 = Debug|Any CPU
		{33450298-F0D5-4C0D-8661-7AA692CA4DD8}.Debug|iPhone.ActiveCfg = Debug|Any CPU
		{33450298-F0D5-4C0D-8661-7AA692CA4DD8}.Debug|iPhone.Build.0 = Debug|Any CPU
		{33450298-F0D5-4C0D-8661-7AA692CA4DD8}.Debug|iPhoneSimulator.ActiveCfg = Debug|Any CPU
		{33450298-F0D5-4C0D-8661-7AA692CA4DD8}.Debug|iPhoneSimulator.Build.0 = Debug|Any CPU
		{33450298-F0D5-4C0D-8661-7AA692CA4DD8}.Debug|Windows Phone (Universal).ActiveCfg = Debug|Any CPU
		{33450298-F0D5-4C0D-8661-7AA692CA4DD8}.Debug|Windows Phone (Universal).Build.0 = Debug|Any CPU
		{33450298-F0D5-4C0D-8661-7AA692CA4DD8}.Debug|Windows Phone 8.ActiveCfg = Debug|Any CPU
		{33450298-F0D5-4C0D-8661-7AA692CA4DD8}.Debug|Windows Phone 8.Build.0 = Debug|Any CPU
		{33450298-F0D5-4C0D-8661-7AA692CA4DD8}.Debug|Windows-AnyCPU.ActiveCfg = Debug|Any CPU
		{33450298-F0D5-4C0D-8661-7AA692CA4DD8}.Debug|Windows-AnyCPU.Build.0 = Debug|Any CPU
		{33450298-F0D5-4C0D-8661-7AA692CA4DD8}.Debug|Windows-ARM.ActiveCfg = Debug|Any CPU
		{33450298-F0D5-4C0D-8661-7AA692CA4DD8}.Debug|Windows-ARM.Build.0 = Debug|Any CPU
		{33450298-F0D5-4C0D-8661-7AA692CA4DD8}.Debug|Windows-x64.ActiveCfg = Debug|Any CPU
		{33450298-F0D5-4C0D-8661-7AA692CA4DD8}.Debug|Windows-x64.Build.0 = Debug|Any CPU
		{33450298-F0D5-4C0D-8661-7AA692CA4DD8}.Debug|Windows-x86.ActiveCfg = Debug|Any CPU
		{33450298-F0D5-4C0D-8661-7AA692CA4DD8}.Debug|Windows-x86.Build.0 = Debug|Any CPU
		{33450298-F0D5-4C0D-8661-7AA692CA4DD8}.Debug|x64.ActiveCfg = Debug|Any CPU
		{33450298-F0D5-4C0D-8661-7AA692CA4DD8}.Debug|x64.Build.0 = Debug|Any CPU
		{33450298-F0D5-4C0D-8661-7AA692CA4DD8}.Debug|x86.ActiveCfg = Debug|Any CPU
		{33450298-F0D5-4C0D-8661-7AA692CA4DD8}.Debug|x86.Build.0 = Debug|Any CPU
		{33450298-F0D5-4C0D-8661-7AA692CA4DD8}.iOS Release|Android.ActiveCfg = Release|Any CPU
		{33450298-F0D5-4C0D-8661-7AA692CA4DD8}.iOS Release|Android.Build.0 = Release|Any CPU
		{33450298-F0D5-4C0D-8661-7AA692CA4DD8}.iOS Release|Any CPU.ActiveCfg = Release|Any CPU
		{33450298-F0D5-4C0D-8661-7AA692CA4DD8}.iOS Release|Any CPU.Build.0 = Release|Any CPU
		{33450298-F0D5-4C0D-8661-7AA692CA4DD8}.iOS Release|ARM.ActiveCfg = Release|Any CPU
		{33450298-F0D5-4C0D-8661-7AA692CA4DD8}.iOS Release|ARM.Build.0 = Release|Any CPU
		{33450298-F0D5-4C0D-8661-7AA692CA4DD8}.iOS Release|iOS.ActiveCfg = Release|Any CPU
		{33450298-F0D5-4C0D-8661-7AA692CA4DD8}.iOS Release|iOS.Build.0 = Release|Any CPU
		{33450298-F0D5-4C0D-8661-7AA692CA4DD8}.iOS Release|iPhone.ActiveCfg = Release|Any CPU
		{33450298-F0D5-4C0D-8661-7AA692CA4DD8}.iOS Release|iPhone.Build.0 = Release|Any CPU
		{33450298-F0D5-4C0D-8661-7AA692CA4DD8}.iOS Release|iPhoneSimulator.ActiveCfg = Release|Any CPU
		{33450298-F0D5-4C0D-8661-7AA692CA4DD8}.iOS Release|iPhoneSimulator.Build.0 = Release|Any CPU
		{33450298-F0D5-4C0D-8661-7AA692CA4DD8}.iOS Release|Windows Phone (Universal).ActiveCfg = Release|Any CPU
		{33450298-F0D5-4C0D-8661-7AA692CA4DD8}.iOS Release|Windows Phone (Universal).Build.0 = Release|Any CPU
		{33450298-F0D5-4C0D-8661-7AA692CA4DD8}.iOS Release|Windows Phone 8.ActiveCfg = Release|Any CPU
		{33450298-F0D5-4C0D-8661-7AA692CA4DD8}.iOS Release|Windows Phone 8.Build.0 = Release|Any CPU
		{33450298-F0D5-4C0D-8661-7AA692CA4DD8}.iOS Release|Windows-AnyCPU.ActiveCfg = Release|Any CPU
		{33450298-F0D5-4C0D-8661-7AA692CA4DD8}.iOS Release|Windows-AnyCPU.Build.0 = Release|Any CPU
		{33450298-F0D5-4C0D-8661-7AA692CA4DD8}.iOS Release|Windows-ARM.ActiveCfg = Release|Any CPU
		{33450298-F0D5-4C0D-8661-7AA692CA4DD8}.iOS Release|Windows-ARM.Build.0 = Release|Any CPU
		{33450298-F0D5-4C0D-8661-7AA692CA4DD8}.iOS Release|Windows-x64.ActiveCfg = Release|Any CPU
		{33450298-F0D5-4C0D-8661-7AA692CA4DD8}.iOS Release|Windows-x64.Build.0 = Release|Any CPU
		{33450298-F0D5-4C0D-8661-7AA692CA4DD8}.iOS Release|Windows-x86.ActiveCfg = Release|Any CPU
		{33450298-F0D5-4C0D-8661-7AA692CA4DD8}.iOS Release|Windows-x86.Build.0 = Release|Any CPU
		{33450298-F0D5-4C0D-8661-7AA692CA4DD8}.iOS Release|x64.ActiveCfg = Release|Any CPU
		{33450298-F0D5-4C0D-8661-7AA692CA4DD8}.iOS Release|x64.Build.0 = Release|Any CPU
		{33450298-F0D5-4C0D-8661-7AA692CA4DD8}.iOS Release|x86.ActiveCfg = Release|Any CPU
		{33450298-F0D5-4C0D-8661-7AA692CA4DD8}.iOS Release|x86.Build.0 = Release|Any CPU
		{33450298-F0D5-4C0D-8661-7AA692CA4DD8}.Release|Android.ActiveCfg = Release|Any CPU
		{33450298-F0D5-4C0D-8661-7AA692CA4DD8}.Release|Android.Build.0 = Release|Any CPU
		{33450298-F0D5-4C0D-8661-7AA692CA4DD8}.Release|Any CPU.ActiveCfg = Release|Any CPU
		{33450298-F0D5-4C0D-8661-7AA692CA4DD8}.Release|Any CPU.Build.0 = Release|Any CPU
		{33450298-F0D5-4C0D-8661-7AA692CA4DD8}.Release|ARM.ActiveCfg = Release|Any CPU
		{33450298-F0D5-4C0D-8661-7AA692CA4DD8}.Release|ARM.Build.0 = Release|Any CPU
		{33450298-F0D5-4C0D-8661-7AA692CA4DD8}.Release|iOS.ActiveCfg = Release|Any CPU
		{33450298-F0D5-4C0D-8661-7AA692CA4DD8}.Release|iOS.Build.0 = Release|Any CPU
		{33450298-F0D5-4C0D-8661-7AA692CA4DD8}.Release|iPhone.ActiveCfg = Release|Any CPU
		{33450298-F0D5-4C0D-8661-7AA692CA4DD8}.Release|iPhone.Build.0 = Release|Any CPU
		{33450298-F0D5-4C0D-8661-7AA692CA4DD8}.Release|iPhoneSimulator.ActiveCfg = Release|Any CPU
		{33450298-F0D5-4C0D-8661-7AA692CA4DD8}.Release|iPhoneSimulator.Build.0 = Release|Any CPU
		{33450298-F0D5-4C0D-8661-7AA692CA4DD8}.Release|Windows Phone (Universal).ActiveCfg = Release|Any CPU
		{33450298-F0D5-4C0D-8661-7AA692CA4DD8}.Release|Windows Phone (Universal).Build.0 = Release|Any CPU
		{33450298-F0D5-4C0D-8661-7AA692CA4DD8}.Release|Windows Phone 8.ActiveCfg = Release|Any CPU
		{33450298-F0D5-4C0D-8661-7AA692CA4DD8}.Release|Windows Phone 8.Build.0 = Release|Any CPU
		{33450298-F0D5-4C0D-8661-7AA692CA4DD8}.Release|Windows-AnyCPU.ActiveCfg = Release|Any CPU
		{33450298-F0D5-4C0D-8661-7AA692CA4DD8}.Release|Windows-AnyCPU.Build.0 = Release|Any CPU
		{33450298-F0D5-4C0D-8661-7AA692CA4DD8}.Release|Windows-ARM.ActiveCfg = Release|Any CPU
		{33450298-F0D5-4C0D-8661-7AA692CA4DD8}.Release|Windows-ARM.Build.0 = Release|Any CPU
		{33450298-F0D5-4C0D-8661-7AA692CA4DD8}.Release|Windows-x64.ActiveCfg = Release|Any CPU
		{33450298-F0D5-4C0D-8661-7AA692CA4DD8}.Release|Windows-x64.Build.0 = Release|Any CPU
		{33450298-F0D5-4C0D-8661-7AA692CA4DD8}.Release|Windows-x86.ActiveCfg = Release|Any CPU
		{33450298-F0D5-4C0D-8661-7AA692CA4DD8}.Release|Windows-x86.Build.0 = Release|Any CPU
		{33450298-F0D5-4C0D-8661-7AA692CA4DD8}.Release|x64.ActiveCfg = Release|Any CPU
		{33450298-F0D5-4C0D-8661-7AA692CA4DD8}.Release|x64.Build.0 = Release|Any CPU
		{33450298-F0D5-4C0D-8661-7AA692CA4DD8}.Release|x86.ActiveCfg = Release|Any CPU
		{33450298-F0D5-4C0D-8661-7AA692CA4DD8}.Release|x86.Build.0 = Release|Any CPU
	EndGlobalSection
	GlobalSection(SolutionProperties) = preSolution
		HideSolutionNode = FALSE
	EndGlobalSection
	GlobalSection(NestedProjects) = preSolution
		{50C88939-B2A7-4AE5-AB18-61F7C621AD55} = {868357E1-776A-440B-BBBA-A34268C3CDE0}
		{257230E5-8D1F-4E80-8ABD-486E63B373DE} = {868357E1-776A-440B-BBBA-A34268C3CDE0}
	EndGlobalSection
EndGlobal
