
Microsoft Visual Studio Solution File, Format Version 12.00
# Visual Studio 14
VisualStudioVersion = 14.0.24720.0
MinimumVisualStudioVersion = 10.0.40219.1
Project("{FAE04EC0-301F-11D3-BF4B-00C04F79EFBC}") = "StationCAD.Processor", "StationCAD.Processor\StationCAD.Processor.csproj", "{E46BB238-F0DE-4152-92D7-3BBA3F06CAEE}"
EndProject
Project("{FAE04EC0-301F-11D3-BF4B-00C04F79EFBC}") = "StationCAD.Model", "StationCAD.Model\StationCAD.Model.csproj", "{A118035E-BFE3-4BD3-9192-EAFAF4372519}"
EndProject
Project("{2150E333-8FDC-42A3-9474-1A3956D46DE8}") = "Web", "Web", "{868357E1-776A-440B-BBBA-A34268C3CDE0}"
EndProject
Project("{2150E333-8FDC-42A3-9474-1A3956D46DE8}") = "Client", "Client", "{F63C8BB8-6F62-4CC6-9577-94E9B681ADCC}"
EndProject
Project("{262852C6-CD72-467D-83FE-5EEB1973A190}") = "StationCAD.TACO", "StationCAD.TACO\StationCAD.TACO.jsproj", "{E6208F1B-4D31-4B74-83A0-E8133292B3C0}"
EndProject
Project("{FAE04EC0-301F-11D3-BF4B-00C04F79EFBC}") = "StationCAD.Web", "StationCAD.Web\StationCAD.Web.csproj", "{50C88939-B2A7-4AE5-AB18-61F7C621AD55}"
EndProject
Project("{FAE04EC0-301F-11D3-BF4B-00C04F79EFBC}") = "StationCAD.Web.Tests", "StationCAD.Web.Tests\StationCAD.Web.Tests.csproj", "{257230E5-8D1F-4E80-8ABD-486E63B373DE}"
EndProject
Project("{FAE04EC0-301F-11D3-BF4B-00C04F79EFBC}") = "StationCAD.Data.NoSQL", "StationCAD.Data.Mongo\StationCAD.Data.NoSQL.csproj", "{9F3B3152-AB73-4311-B5D1-308983740F3A}"
EndProject
Project("{FAE04EC0-301F-11D3-BF4B-00C04F79EFBC}") = "StationCAD.Tests", "StationCAD.Tests\StationCAD.Tests.csproj", "{33450298-F0D5-4C0D-8661-7AA692CA4DD8}"
EndProject
Project("{2150E333-8FDC-42A3-9474-1A3956D46DE8}") = "Publishing.xml", "Publishing.xml", "{88E7FFC8-CFE1-4C75-9471-DED831B1B110}"
	ProjectSection(SolutionItems) = preProject
		StationCAD.Publishsettings = StationCAD.Publishsettings
	EndProjectSection
EndProject
Global
	GlobalSection(SolutionConfigurationPlatforms) = preSolution
		Android Release|Android = Android Release|Android
		Android Release|Any CPU = Android Release|Any CPU
		Android Release|ARM = Android Release|ARM
		Android Release|iOS = Android Release|iOS
		Android Release|Windows Phone (Universal) = Android Release|Windows Phone (Universal)
		Android Release|Windows Phone 8 = Android Release|Windows Phone 8
		Android Release|Windows-AnyCPU = Android Release|Windows-AnyCPU
		Android Release|Windows-ARM = Android Release|Windows-ARM
		Android Release|Windows-x64 = Android Release|Windows-x64
		Android Release|Windows-x86 = Android Release|Windows-x86
		Android Release|x64 = Android Release|x64
		Android Release|x86 = Android Release|x86
		Debug|Android = Debug|Android
		Debug|Any CPU = Debug|Any CPU
		Debug|ARM = Debug|ARM
		Debug|iOS = Debug|iOS
		Debug|Windows Phone (Universal) = Debug|Windows Phone (Universal)
		Debug|Windows Phone 8 = Debug|Windows Phone 8
		Debug|Windows-AnyCPU = Debug|Windows-AnyCPU
		Debug|Windows-ARM = Debug|Windows-ARM
		Debug|Windows-x64 = Debug|Windows-x64
		Debug|Windows-x86 = Debug|Windows-x86
		Debug|x64 = Debug|x64
		Debug|x86 = Debug|x86
		iOS Release|Android = iOS Release|Android
		iOS Release|Any CPU = iOS Release|Any CPU
		iOS Release|ARM = iOS Release|ARM
		iOS Release|iOS = iOS Release|iOS
		iOS Release|Windows Phone (Universal) = iOS Release|Windows Phone (Universal)
		iOS Release|Windows Phone 8 = iOS Release|Windows Phone 8
		iOS Release|Windows-AnyCPU = iOS Release|Windows-AnyCPU
		iOS Release|Windows-ARM = iOS Release|Windows-ARM
		iOS Release|Windows-x64 = iOS Release|Windows-x64
		iOS Release|Windows-x86 = iOS Release|Windows-x86
		iOS Release|x64 = iOS Release|x64
		iOS Release|x86 = iOS Release|x86
		Release|Android = Release|Android
		Release|Any CPU = Release|Any CPU
		Release|ARM = Release|ARM
		Release|iOS = Release|iOS
		Release|Windows Phone (Universal) = Release|Windows Phone (Universal)
		Release|Windows Phone 8 = Release|Windows Phone 8
		Release|Windows-AnyCPU = Release|Windows-AnyCPU
		Release|Windows-ARM = Release|Windows-ARM
		Release|Windows-x64 = Release|Windows-x64
		Release|Windows-x86 = Release|Windows-x86
		Release|x64 = Release|x64
		Release|x86 = Release|x86
	EndGlobalSection
	GlobalSection(ProjectConfigurationPlatforms) = postSolution
		{E46BB238-F0DE-4152-92D7-3BBA3F06CAEE}.Android Release|Android.ActiveCfg = Release|Any CPU
		{E46BB238-F0DE-4152-92D7-3BBA3F06CAEE}.Android Release|Android.Build.0 = Release|Any CPU
		{E46BB238-F0DE-4152-92D7-3BBA3F06CAEE}.Android Release|Any CPU.ActiveCfg = Release|Any CPU
		{E46BB238-F0DE-4152-92D7-3BBA3F06CAEE}.Android Release|Any CPU.Build.0 = Release|Any CPU
		{E46BB238-F0DE-4152-92D7-3BBA3F06CAEE}.Android Release|ARM.ActiveCfg = Release|Any CPU
		{E46BB238-F0DE-4152-92D7-3BBA3F06CAEE}.Android Release|ARM.Build.0 = Release|Any CPU
		{E46BB238-F0DE-4152-92D7-3BBA3F06CAEE}.Android Release|iOS.ActiveCfg = Release|Any CPU
		{E46BB238-F0DE-4152-92D7-3BBA3F06CAEE}.Android Release|iOS.Build.0 = Release|Any CPU
		{E46BB238-F0DE-4152-92D7-3BBA3F06CAEE}.Android Release|Windows Phone (Universal).ActiveCfg = Release|Any CPU
		{E46BB238-F0DE-4152-92D7-3BBA3F06CAEE}.Android Release|Windows Phone (Universal).Build.0 = Release|Any CPU
		{E46BB238-F0DE-4152-92D7-3BBA3F06CAEE}.Android Release|Windows Phone 8.ActiveCfg = Release|Any CPU
		{E46BB238-F0DE-4152-92D7-3BBA3F06CAEE}.Android Release|Windows Phone 8.Build.0 = Release|Any CPU
		{E46BB238-F0DE-4152-92D7-3BBA3F06CAEE}.Android Release|Windows-AnyCPU.ActiveCfg = Release|Any CPU
		{E46BB238-F0DE-4152-92D7-3BBA3F06CAEE}.Android Release|Windows-AnyCPU.Build.0 = Release|Any CPU
		{E46BB238-F0DE-4152-92D7-3BBA3F06CAEE}.Android Release|Windows-ARM.ActiveCfg = Release|Any CPU
		{E46BB238-F0DE-4152-92D7-3BBA3F06CAEE}.Android Release|Windows-ARM.Build.0 = Release|Any CPU
		{E46BB238-F0DE-4152-92D7-3BBA3F06CAEE}.Android Release|Windows-x64.ActiveCfg = Release|Any CPU
		{E46BB238-F0DE-4152-92D7-3BBA3F06CAEE}.Android Release|Windows-x64.Build.0 = Release|Any CPU
		{E46BB238-F0DE-4152-92D7-3BBA3F06CAEE}.Android Release|Windows-x86.ActiveCfg = Release|Any CPU
		{E46BB238-F0DE-4152-92D7-3BBA3F06CAEE}.Android Release|Windows-x86.Build.0 = Release|Any CPU
		{E46BB238-F0DE-4152-92D7-3BBA3F06CAEE}.Android Release|x64.ActiveCfg = Release|Any CPU
		{E46BB238-F0DE-4152-92D7-3BBA3F06CAEE}.Android Release|x64.Build.0 = Release|Any CPU
		{E46BB238-F0DE-4152-92D7-3BBA3F06CAEE}.Android Release|x86.ActiveCfg = Release|Any CPU
		{E46BB238-F0DE-4152-92D7-3BBA3F06CAEE}.Android Release|x86.Build.0 = Release|Any CPU
		{E46BB238-F0DE-4152-92D7-3BBA3F06CAEE}.Debug|Android.ActiveCfg = Debug|Any CPU
		{E46BB238-F0DE-4152-92D7-3BBA3F06CAEE}.Debug|Android.Build.0 = Debug|Any CPU
		{E46BB238-F0DE-4152-92D7-3BBA3F06CAEE}.Debug|Any CPU.ActiveCfg = Debug|Any CPU
		{E46BB238-F0DE-4152-92D7-3BBA3F06CAEE}.Debug|Any CPU.Build.0 = Debug|Any CPU
		{E46BB238-F0DE-4152-92D7-3BBA3F06CAEE}.Debug|ARM.ActiveCfg = Debug|Any CPU
		{E46BB238-F0DE-4152-92D7-3BBA3F06CAEE}.Debug|ARM.Build.0 = Debug|Any CPU
		{E46BB238-F0DE-4152-92D7-3BBA3F06CAEE}.Debug|iOS.ActiveCfg = Debug|Any CPU
		{E46BB238-F0DE-4152-92D7-3BBA3F06CAEE}.Debug|iOS.Build.0 = Debug|Any CPU
		{E46BB238-F0DE-4152-92D7-3BBA3F06CAEE}.Debug|Windows Phone (Universal).ActiveCfg = Debug|Any CPU
		{E46BB238-F0DE-4152-92D7-3BBA3F06CAEE}.Debug|Windows Phone (Universal).Build.0 = Debug|Any CPU
		{E46BB238-F0DE-4152-92D7-3BBA3F06CAEE}.Debug|Windows Phone 8.ActiveCfg = Debug|Any CPU
		{E46BB238-F0DE-4152-92D7-3BBA3F06CAEE}.Debug|Windows Phone 8.Build.0 = Debug|Any CPU
		{E46BB238-F0DE-4152-92D7-3BBA3F06CAEE}.Debug|Windows-AnyCPU.ActiveCfg = Debug|Any CPU
		{E46BB238-F0DE-4152-92D7-3BBA3F06CAEE}.Debug|Windows-AnyCPU.Build.0 = Debug|Any CPU
		{E46BB238-F0DE-4152-92D7-3BBA3F06CAEE}.Debug|Windows-ARM.ActiveCfg = Debug|Any CPU
		{E46BB238-F0DE-4152-92D7-3BBA3F06CAEE}.Debug|Windows-ARM.Build.0 = Debug|Any CPU
		{E46BB238-F0DE-4152-92D7-3BBA3F06CAEE}.Debug|Windows-x64.ActiveCfg = Debug|Any CPU
		{E46BB238-F0DE-4152-92D7-3BBA3F06CAEE}.Debug|Windows-x64.Build.0 = Debug|Any CPU
		{E46BB238-F0DE-4152-92D7-3BBA3F06CAEE}.Debug|Windows-x86.ActiveCfg = Debug|Any CPU
		{E46BB238-F0DE-4152-92D7-3BBA3F06CAEE}.Debug|Windows-x86.Build.0 = Debug|Any CPU
		{E46BB238-F0DE-4152-92D7-3BBA3F06CAEE}.Debug|x64.ActiveCfg = Debug|Any CPU
		{E46BB238-F0DE-4152-92D7-3BBA3F06CAEE}.Debug|x64.Build.0 = Debug|Any CPU
		{E46BB238-F0DE-4152-92D7-3BBA3F06CAEE}.Debug|x86.ActiveCfg = Debug|Any CPU
		{E46BB238-F0DE-4152-92D7-3BBA3F06CAEE}.Debug|x86.Build.0 = Debug|Any CPU
		{E46BB238-F0DE-4152-92D7-3BBA3F06CAEE}.iOS Release|Android.ActiveCfg = Release|Any CPU
		{E46BB238-F0DE-4152-92D7-3BBA3F06CAEE}.iOS Release|Android.Build.0 = Release|Any CPU
		{E46BB238-F0DE-4152-92D7-3BBA3F06CAEE}.iOS Release|Any CPU.ActiveCfg = Release|Any CPU
		{E46BB238-F0DE-4152-92D7-3BBA3F06CAEE}.iOS Release|Any CPU.Build.0 = Release|Any CPU
		{E46BB238-F0DE-4152-92D7-3BBA3F06CAEE}.iOS Release|ARM.ActiveCfg = Release|Any CPU
		{E46BB238-F0DE-4152-92D7-3BBA3F06CAEE}.iOS Release|ARM.Build.0 = Release|Any CPU
		{E46BB238-F0DE-4152-92D7-3BBA3F06CAEE}.iOS Release|iOS.ActiveCfg = Release|Any CPU
		{E46BB238-F0DE-4152-92D7-3BBA3F06CAEE}.iOS Release|iOS.Build.0 = Release|Any CPU
		{E46BB238-F0DE-4152-92D7-3BBA3F06CAEE}.iOS Release|Windows Phone (Universal).ActiveCfg = Release|Any CPU
		{E46BB238-F0DE-4152-92D7-3BBA3F06CAEE}.iOS Release|Windows Phone (Universal).Build.0 = Release|Any CPU
		{E46BB238-F0DE-4152-92D7-3BBA3F06CAEE}.iOS Release|Windows Phone 8.ActiveCfg = Release|Any CPU
		{E46BB238-F0DE-4152-92D7-3BBA3F06CAEE}.iOS Release|Windows Phone 8.Build.0 = Release|Any CPU
		{E46BB238-F0DE-4152-92D7-3BBA3F06CAEE}.iOS Release|Windows-AnyCPU.ActiveCfg = Release|Any CPU
		{E46BB238-F0DE-4152-92D7-3BBA3F06CAEE}.iOS Release|Windows-AnyCPU.Build.0 = Release|Any CPU
		{E46BB238-F0DE-4152-92D7-3BBA3F06CAEE}.iOS Release|Windows-ARM.ActiveCfg = Release|Any CPU
		{E46BB238-F0DE-4152-92D7-3BBA3F06CAEE}.iOS Release|Windows-ARM.Build.0 = Release|Any CPU
		{E46BB238-F0DE-4152-92D7-3BBA3F06CAEE}.iOS Release|Windows-x64.ActiveCfg = Release|Any CPU
		{E46BB238-F0DE-4152-92D7-3BBA3F06CAEE}.iOS Release|Windows-x64.Build.0 = Release|Any CPU
		{E46BB238-F0DE-4152-92D7-3BBA3F06CAEE}.iOS Release|Windows-x86.ActiveCfg = Release|Any CPU
		{E46BB238-F0DE-4152-92D7-3BBA3F06CAEE}.iOS Release|Windows-x86.Build.0 = Release|Any CPU
		{E46BB238-F0DE-4152-92D7-3BBA3F06CAEE}.iOS Release|x64.ActiveCfg = Release|Any CPU
		{E46BB238-F0DE-4152-92D7-3BBA3F06CAEE}.iOS Release|x64.Build.0 = Release|Any CPU
		{E46BB238-F0DE-4152-92D7-3BBA3F06CAEE}.iOS Release|x86.ActiveCfg = Release|Any CPU
		{E46BB238-F0DE-4152-92D7-3BBA3F06CAEE}.iOS Release|x86.Build.0 = Release|Any CPU
		{E46BB238-F0DE-4152-92D7-3BBA3F06CAEE}.Release|Android.ActiveCfg = Release|Any CPU
		{E46BB238-F0DE-4152-92D7-3BBA3F06CAEE}.Release|Android.Build.0 = Release|Any CPU
		{E46BB238-F0DE-4152-92D7-3BBA3F06CAEE}.Release|Any CPU.ActiveCfg = Release|Any CPU
		{E46BB238-F0DE-4152-92D7-3BBA3F06CAEE}.Release|Any CPU.Build.0 = Release|Any CPU
		{E46BB238-F0DE-4152-92D7-3BBA3F06CAEE}.Release|ARM.ActiveCfg = Release|Any CPU
		{E46BB238-F0DE-4152-92D7-3BBA3F06CAEE}.Release|ARM.Build.0 = Release|Any CPU
		{E46BB238-F0DE-4152-92D7-3BBA3F06CAEE}.Release|iOS.ActiveCfg = Release|Any CPU
		{E46BB238-F0DE-4152-92D7-3BBA3F06CAEE}.Release|iOS.Build.0 = Release|Any CPU
		{E46BB238-F0DE-4152-92D7-3BBA3F06CAEE}.Release|Windows Phone (Universal).ActiveCfg = Release|Any CPU
		{E46BB238-F0DE-4152-92D7-3BBA3F06CAEE}.Release|Windows Phone (Universal).Build.0 = Release|Any CPU
		{E46BB238-F0DE-4152-92D7-3BBA3F06CAEE}.Release|Windows Phone 8.ActiveCfg = Release|Any CPU
		{E46BB238-F0DE-4152-92D7-3BBA3F06CAEE}.Release|Windows Phone 8.Build.0 = Release|Any CPU
		{E46BB238-F0DE-4152-92D7-3BBA3F06CAEE}.Release|Windows-AnyCPU.ActiveCfg = Release|Any CPU
		{E46BB238-F0DE-4152-92D7-3BBA3F06CAEE}.Release|Windows-AnyCPU.Build.0 = Release|Any CPU
		{E46BB238-F0DE-4152-92D7-3BBA3F06CAEE}.Release|Windows-ARM.ActiveCfg = Release|Any CPU
		{E46BB238-F0DE-4152-92D7-3BBA3F06CAEE}.Release|Windows-ARM.Build.0 = Release|Any CPU
		{E46BB238-F0DE-4152-92D7-3BBA3F06CAEE}.Release|Windows-x64.ActiveCfg = Release|Any CPU
		{E46BB238-F0DE-4152-92D7-3BBA3F06CAEE}.Release|Windows-x64.Build.0 = Release|Any CPU
		{E46BB238-F0DE-4152-92D7-3BBA3F06CAEE}.Release|Windows-x86.ActiveCfg = Release|Any CPU
		{E46BB238-F0DE-4152-92D7-3BBA3F06CAEE}.Release|Windows-x86.Build.0 = Release|Any CPU
		{E46BB238-F0DE-4152-92D7-3BBA3F06CAEE}.Release|x64.ActiveCfg = Release|Any CPU
		{E46BB238-F0DE-4152-92D7-3BBA3F06CAEE}.Release|x64.Build.0 = Release|Any CPU
		{E46BB238-F0DE-4152-92D7-3BBA3F06CAEE}.Release|x86.ActiveCfg = Release|Any CPU
		{E46BB238-F0DE-4152-92D7-3BBA3F06CAEE}.Release|x86.Build.0 = Release|Any CPU
		{A118035E-BFE3-4BD3-9192-EAFAF4372519}.Android Release|Android.ActiveCfg = Release|Any CPU
		{A118035E-BFE3-4BD3-9192-EAFAF4372519}.Android Release|Android.Build.0 = Release|Any CPU
		{A118035E-BFE3-4BD3-9192-EAFAF4372519}.Android Release|Any CPU.ActiveCfg = Release|Any CPU
		{A118035E-BFE3-4BD3-9192-EAFAF4372519}.Android Release|Any CPU.Build.0 = Release|Any CPU
		{A118035E-BFE3-4BD3-9192-EAFAF4372519}.Android Release|ARM.ActiveCfg = Release|Any CPU
		{A118035E-BFE3-4BD3-9192-EAFAF4372519}.Android Release|ARM.Build.0 = Release|Any CPU
		{A118035E-BFE3-4BD3-9192-EAFAF4372519}.Android Release|iOS.ActiveCfg = Release|Any CPU
		{A118035E-BFE3-4BD3-9192-EAFAF4372519}.Android Release|iOS.Build.0 = Release|Any CPU
		{A118035E-BFE3-4BD3-9192-EAFAF4372519}.Android Release|Windows Phone (Universal).ActiveCfg = Release|Any CPU
		{A118035E-BFE3-4BD3-9192-EAFAF4372519}.Android Release|Windows Phone (Universal).Build.0 = Release|Any CPU
		{A118035E-BFE3-4BD3-9192-EAFAF4372519}.Android Release|Windows Phone 8.ActiveCfg = Release|Any CPU
		{A118035E-BFE3-4BD3-9192-EAFAF4372519}.Android Release|Windows Phone 8.Build.0 = Release|Any CPU
		{A118035E-BFE3-4BD3-9192-EAFAF4372519}.Android Release|Windows-AnyCPU.ActiveCfg = Release|Any CPU
		{A118035E-BFE3-4BD3-9192-EAFAF4372519}.Android Release|Windows-AnyCPU.Build.0 = Release|Any CPU
		{A118035E-BFE3-4BD3-9192-EAFAF4372519}.Android Release|Windows-ARM.ActiveCfg = Release|Any CPU
		{A118035E-BFE3-4BD3-9192-EAFAF4372519}.Android Release|Windows-ARM.Build.0 = Release|Any CPU
		{A118035E-BFE3-4BD3-9192-EAFAF4372519}.Android Release|Windows-x64.ActiveCfg = Release|Any CPU
		{A118035E-BFE3-4BD3-9192-EAFAF4372519}.Android Release|Windows-x64.Build.0 = Release|Any CPU
		{A118035E-BFE3-4BD3-9192-EAFAF4372519}.Android Release|Windows-x86.ActiveCfg = Release|Any CPU
		{A118035E-BFE3-4BD3-9192-EAFAF4372519}.Android Release|Windows-x86.Build.0 = Release|Any CPU
		{A118035E-BFE3-4BD3-9192-EAFAF4372519}.Android Release|x64.ActiveCfg = Release|Any CPU
		{A118035E-BFE3-4BD3-9192-EAFAF4372519}.Android Release|x64.Build.0 = Release|Any CPU
		{A118035E-BFE3-4BD3-9192-EAFAF4372519}.Android Release|x86.ActiveCfg = Release|Any CPU
		{A118035E-BFE3-4BD3-9192-EAFAF4372519}.Android Release|x86.Build.0 = Release|Any CPU
		{A118035E-BFE3-4BD3-9192-EAFAF4372519}.Debug|Android.ActiveCfg = Debug|Any CPU
		{A118035E-BFE3-4BD3-9192-EAFAF4372519}.Debug|Android.Build.0 = Debug|Any CPU
		{A118035E-BFE3-4BD3-9192-EAFAF4372519}.Debug|Any CPU.ActiveCfg = Debug|Any CPU
		{A118035E-BFE3-4BD3-9192-EAFAF4372519}.Debug|Any CPU.Build.0 = Debug|Any CPU
		{A118035E-BFE3-4BD3-9192-EAFAF4372519}.Debug|ARM.ActiveCfg = Debug|Any CPU
		{A118035E-BFE3-4BD3-9192-EAFAF4372519}.Debug|ARM.Build.0 = Debug|Any CPU
		{A118035E-BFE3-4BD3-9192-EAFAF4372519}.Debug|iOS.ActiveCfg = Debug|Any CPU
		{A118035E-BFE3-4BD3-9192-EAFAF4372519}.Debug|iOS.Build.0 = Debug|Any CPU
		{A118035E-BFE3-4BD3-9192-EAFAF4372519}.Debug|Windows Phone (Universal).ActiveCfg = Debug|Any CPU
		{A118035E-BFE3-4BD3-9192-EAFAF4372519}.Debug|Windows Phone (Universal).Build.0 = Debug|Any CPU
		{A118035E-BFE3-4BD3-9192-EAFAF4372519}.Debug|Windows Phone 8.ActiveCfg = Debug|Any CPU
		{A118035E-BFE3-4BD3-9192-EAFAF4372519}.Debug|Windows Phone 8.Build.0 = Debug|Any CPU
		{A118035E-BFE3-4BD3-9192-EAFAF4372519}.Debug|Windows-AnyCPU.ActiveCfg = Debug|Any CPU
		{A118035E-BFE3-4BD3-9192-EAFAF4372519}.Debug|Windows-AnyCPU.Build.0 = Debug|Any CPU
		{A118035E-BFE3-4BD3-9192-EAFAF4372519}.Debug|Windows-ARM.ActiveCfg = Debug|Any CPU
		{A118035E-BFE3-4BD3-9192-EAFAF4372519}.Debug|Windows-ARM.Build.0 = Debug|Any CPU
		{A118035E-BFE3-4BD3-9192-EAFAF4372519}.Debug|Windows-x64.ActiveCfg = Debug|Any CPU
		{A118035E-BFE3-4BD3-9192-EAFAF4372519}.Debug|Windows-x64.Build.0 = Debug|Any CPU
		{A118035E-BFE3-4BD3-9192-EAFAF4372519}.Debug|Windows-x86.ActiveCfg = Debug|Any CPU
		{A118035E-BFE3-4BD3-9192-EAFAF4372519}.Debug|Windows-x86.Build.0 = Debug|Any CPU
		{A118035E-BFE3-4BD3-9192-EAFAF4372519}.Debug|x64.ActiveCfg = Debug|Any CPU
		{A118035E-BFE3-4BD3-9192-EAFAF4372519}.Debug|x64.Build.0 = Debug|Any CPU
		{A118035E-BFE3-4BD3-9192-EAFAF4372519}.Debug|x86.ActiveCfg = Debug|Any CPU
		{A118035E-BFE3-4BD3-9192-EAFAF4372519}.Debug|x86.Build.0 = Debug|Any CPU
		{A118035E-BFE3-4BD3-9192-EAFAF4372519}.iOS Release|Android.ActiveCfg = Release|Any CPU
		{A118035E-BFE3-4BD3-9192-EAFAF4372519}.iOS Release|Android.Build.0 = Release|Any CPU
		{A118035E-BFE3-4BD3-9192-EAFAF4372519}.iOS Release|Any CPU.ActiveCfg = Release|Any CPU
		{A118035E-BFE3-4BD3-9192-EAFAF4372519}.iOS Release|Any CPU.Build.0 = Release|Any CPU
		{A118035E-BFE3-4BD3-9192-EAFAF4372519}.iOS Release|ARM.ActiveCfg = Release|Any CPU
		{A118035E-BFE3-4BD3-9192-EAFAF4372519}.iOS Release|ARM.Build.0 = Release|Any CPU
		{A118035E-BFE3-4BD3-9192-EAFAF4372519}.iOS Release|iOS.ActiveCfg = Release|Any CPU
		{A118035E-BFE3-4BD3-9192-EAFAF4372519}.iOS Release|iOS.Build.0 = Release|Any CPU
		{A118035E-BFE3-4BD3-9192-EAFAF4372519}.iOS Release|Windows Phone (Universal).ActiveCfg = Release|Any CPU
		{A118035E-BFE3-4BD3-9192-EAFAF4372519}.iOS Release|Windows Phone (Universal).Build.0 = Release|Any CPU
		{A118035E-BFE3-4BD3-9192-EAFAF4372519}.iOS Release|Windows Phone 8.ActiveCfg = Release|Any CPU
		{A118035E-BFE3-4BD3-9192-EAFAF4372519}.iOS Release|Windows Phone 8.Build.0 = Release|Any CPU
		{A118035E-BFE3-4BD3-9192-EAFAF4372519}.iOS Release|Windows-AnyCPU.ActiveCfg = Release|Any CPU
		{A118035E-BFE3-4BD3-9192-EAFAF4372519}.iOS Release|Windows-AnyCPU.Build.0 = Release|Any CPU
		{A118035E-BFE3-4BD3-9192-EAFAF4372519}.iOS Release|Windows-ARM.ActiveCfg = Release|Any CPU
		{A118035E-BFE3-4BD3-9192-EAFAF4372519}.iOS Release|Windows-ARM.Build.0 = Release|Any CPU
		{A118035E-BFE3-4BD3-9192-EAFAF4372519}.iOS Release|Windows-x64.ActiveCfg = Release|Any CPU
		{A118035E-BFE3-4BD3-9192-EAFAF4372519}.iOS Release|Windows-x64.Build.0 = Release|Any CPU
		{A118035E-BFE3-4BD3-9192-EAFAF4372519}.iOS Release|Windows-x86.ActiveCfg = Release|Any CPU
		{A118035E-BFE3-4BD3-9192-EAFAF4372519}.iOS Release|Windows-x86.Build.0 = Release|Any CPU
		{A118035E-BFE3-4BD3-9192-EAFAF4372519}.iOS Release|x64.ActiveCfg = Release|Any CPU
		{A118035E-BFE3-4BD3-9192-EAFAF4372519}.iOS Release|x64.Build.0 = Release|Any CPU
		{A118035E-BFE3-4BD3-9192-EAFAF4372519}.iOS Release|x86.ActiveCfg = Release|Any CPU
		{A118035E-BFE3-4BD3-9192-EAFAF4372519}.iOS Release|x86.Build.0 = Release|Any CPU
		{A118035E-BFE3-4BD3-9192-EAFAF4372519}.Release|Android.ActiveCfg = Release|Any CPU
		{A118035E-BFE3-4BD3-9192-EAFAF4372519}.Release|Android.Build.0 = Release|Any CPU
		{A118035E-BFE3-4BD3-9192-EAFAF4372519}.Release|Any CPU.ActiveCfg = Release|Any CPU
		{A118035E-BFE3-4BD3-9192-EAFAF4372519}.Release|Any CPU.Build.0 = Release|Any CPU
		{A118035E-BFE3-4BD3-9192-EAFAF4372519}.Release|ARM.ActiveCfg = Release|Any CPU
		{A118035E-BFE3-4BD3-9192-EAFAF4372519}.Release|ARM.Build.0 = Release|Any CPU
		{A118035E-BFE3-4BD3-9192-EAFAF4372519}.Release|iOS.ActiveCfg = Release|Any CPU
		{A118035E-BFE3-4BD3-9192-EAFAF4372519}.Release|iOS.Build.0 = Release|Any CPU
		{A118035E-BFE3-4BD3-9192-EAFAF4372519}.Release|Windows Phone (Universal).ActiveCfg = Release|Any CPU
		{A118035E-BFE3-4BD3-9192-EAFAF4372519}.Release|Windows Phone (Universal).Build.0 = Release|Any CPU
		{A118035E-BFE3-4BD3-9192-EAFAF4372519}.Release|Windows Phone 8.ActiveCfg = Release|Any CPU
		{A118035E-BFE3-4BD3-9192-EAFAF4372519}.Release|Windows Phone 8.Build.0 = Release|Any CPU
		{A118035E-BFE3-4BD3-9192-EAFAF4372519}.Release|Windows-AnyCPU.ActiveCfg = Release|Any CPU
		{A118035E-BFE3-4BD3-9192-EAFAF4372519}.Release|Windows-AnyCPU.Build.0 = Release|Any CPU
		{A118035E-BFE3-4BD3-9192-EAFAF4372519}.Release|Windows-ARM.ActiveCfg = Release|Any CPU
		{A118035E-BFE3-4BD3-9192-EAFAF4372519}.Release|Windows-ARM.Build.0 = Release|Any CPU
		{A118035E-BFE3-4BD3-9192-EAFAF4372519}.Release|Windows-x64.ActiveCfg = Release|Any CPU
		{A118035E-BFE3-4BD3-9192-EAFAF4372519}.Release|Windows-x64.Build.0 = Release|Any CPU
		{A118035E-BFE3-4BD3-9192-EAFAF4372519}.Release|Windows-x86.ActiveCfg = Release|Any CPU
		{A118035E-BFE3-4BD3-9192-EAFAF4372519}.Release|Windows-x86.Build.0 = Release|Any CPU
		{A118035E-BFE3-4BD3-9192-EAFAF4372519}.Release|x64.ActiveCfg = Release|Any CPU
		{A118035E-BFE3-4BD3-9192-EAFAF4372519}.Release|x64.Build.0 = Release|Any CPU
		{A118035E-BFE3-4BD3-9192-EAFAF4372519}.Release|x86.ActiveCfg = Release|Any CPU
		{A118035E-BFE3-4BD3-9192-EAFAF4372519}.Release|x86.Build.0 = Release|Any CPU
		{E6208F1B-4D31-4B74-83A0-E8133292B3C0}.Android Release|Android.ActiveCfg = Release|Android
		{E6208F1B-4D31-4B74-83A0-E8133292B3C0}.Android Release|Android.Build.0 = Release|Android
		{E6208F1B-4D31-4B74-83A0-E8133292B3C0}.Android Release|Android.Deploy.0 = Release|Android
		{E6208F1B-4D31-4B74-83A0-E8133292B3C0}.Android Release|Any CPU.ActiveCfg = Release|Android
		{E6208F1B-4D31-4B74-83A0-E8133292B3C0}.Android Release|Any CPU.Build.0 = Release|Android
		{E6208F1B-4D31-4B74-83A0-E8133292B3C0}.Android Release|Any CPU.Deploy.0 = Release|Android
		{E6208F1B-4D31-4B74-83A0-E8133292B3C0}.Android Release|ARM.ActiveCfg = Debug|Windows-x86
		{E6208F1B-4D31-4B74-83A0-E8133292B3C0}.Android Release|ARM.Build.0 = Debug|Windows-x86
		{E6208F1B-4D31-4B74-83A0-E8133292B3C0}.Android Release|ARM.Deploy.0 = Debug|Windows-x86
		{E6208F1B-4D31-4B74-83A0-E8133292B3C0}.Android Release|iOS.ActiveCfg = Release|iOS
		{E6208F1B-4D31-4B74-83A0-E8133292B3C0}.Android Release|iOS.Build.0 = Release|iOS
		{E6208F1B-4D31-4B74-83A0-E8133292B3C0}.Android Release|iOS.Deploy.0 = Release|iOS
		{E6208F1B-4D31-4B74-83A0-E8133292B3C0}.Android Release|Windows Phone (Universal).ActiveCfg = Release|Windows Phone (Universal)
		{E6208F1B-4D31-4B74-83A0-E8133292B3C0}.Android Release|Windows Phone (Universal).Build.0 = Release|Windows Phone (Universal)
		{E6208F1B-4D31-4B74-83A0-E8133292B3C0}.Android Release|Windows Phone (Universal).Deploy.0 = Release|Windows Phone (Universal)
		{E6208F1B-4D31-4B74-83A0-E8133292B3C0}.Android Release|Windows Phone 8.ActiveCfg = Release|Windows Phone 8
		{E6208F1B-4D31-4B74-83A0-E8133292B3C0}.Android Release|Windows Phone 8.Build.0 = Release|Windows Phone 8
		{E6208F1B-4D31-4B74-83A0-E8133292B3C0}.Android Release|Windows Phone 8.Deploy.0 = Release|Windows Phone 8
		{E6208F1B-4D31-4B74-83A0-E8133292B3C0}.Android Release|Windows-AnyCPU.ActiveCfg = Release|Windows-AnyCPU
		{E6208F1B-4D31-4B74-83A0-E8133292B3C0}.Android Release|Windows-AnyCPU.Build.0 = Release|Windows-AnyCPU
		{E6208F1B-4D31-4B74-83A0-E8133292B3C0}.Android Release|Windows-AnyCPU.Deploy.0 = Release|Windows-AnyCPU
		{E6208F1B-4D31-4B74-83A0-E8133292B3C0}.Android Release|Windows-ARM.ActiveCfg = Release|Windows-ARM
		{E6208F1B-4D31-4B74-83A0-E8133292B3C0}.Android Release|Windows-ARM.Build.0 = Release|Windows-ARM
		{E6208F1B-4D31-4B74-83A0-E8133292B3C0}.Android Release|Windows-ARM.Deploy.0 = Release|Windows-ARM
		{E6208F1B-4D31-4B74-83A0-E8133292B3C0}.Android Release|Windows-x64.ActiveCfg = Release|Windows-x64
		{E6208F1B-4D31-4B74-83A0-E8133292B3C0}.Android Release|Windows-x64.Build.0 = Release|Windows-x64
		{E6208F1B-4D31-4B74-83A0-E8133292B3C0}.Android Release|Windows-x64.Deploy.0 = Release|Windows-x64
		{E6208F1B-4D31-4B74-83A0-E8133292B3C0}.Android Release|Windows-x86.ActiveCfg = Release|Windows-x86
		{E6208F1B-4D31-4B74-83A0-E8133292B3C0}.Android Release|Windows-x86.Build.0 = Release|Windows-x86
		{E6208F1B-4D31-4B74-83A0-E8133292B3C0}.Android Release|Windows-x86.Deploy.0 = Release|Windows-x86
		{E6208F1B-4D31-4B74-83A0-E8133292B3C0}.Android Release|x64.ActiveCfg = Debug|Windows-x86
		{E6208F1B-4D31-4B74-83A0-E8133292B3C0}.Android Release|x64.Build.0 = Debug|Windows-x86
		{E6208F1B-4D31-4B74-83A0-E8133292B3C0}.Android Release|x64.Deploy.0 = Debug|Windows-x86
		{E6208F1B-4D31-4B74-83A0-E8133292B3C0}.Android Release|x86.ActiveCfg = Debug|Windows-x86
		{E6208F1B-4D31-4B74-83A0-E8133292B3C0}.Android Release|x86.Build.0 = Debug|Windows-x86
		{E6208F1B-4D31-4B74-83A0-E8133292B3C0}.Android Release|x86.Deploy.0 = Debug|Windows-x86
		{E6208F1B-4D31-4B74-83A0-E8133292B3C0}.Debug|Android.ActiveCfg = Debug|Android
		{E6208F1B-4D31-4B74-83A0-E8133292B3C0}.Debug|Android.Build.0 = Debug|Android
		{E6208F1B-4D31-4B74-83A0-E8133292B3C0}.Debug|Android.Deploy.0 = Debug|Android
		{E6208F1B-4D31-4B74-83A0-E8133292B3C0}.Debug|Any CPU.ActiveCfg = Debug|Android
		{E6208F1B-4D31-4B74-83A0-E8133292B3C0}.Debug|ARM.ActiveCfg = Debug|Windows-ARM
		{E6208F1B-4D31-4B74-83A0-E8133292B3C0}.Debug|iOS.ActiveCfg = Debug|iOS
		{E6208F1B-4D31-4B74-83A0-E8133292B3C0}.Debug|iOS.Build.0 = Debug|iOS
		{E6208F1B-4D31-4B74-83A0-E8133292B3C0}.Debug|iOS.Deploy.0 = Debug|iOS
		{E6208F1B-4D31-4B74-83A0-E8133292B3C0}.Debug|Windows Phone (Universal).ActiveCfg = Debug|Windows Phone (Universal)
		{E6208F1B-4D31-4B74-83A0-E8133292B3C0}.Debug|Windows Phone (Universal).Build.0 = Debug|Windows Phone (Universal)
		{E6208F1B-4D31-4B74-83A0-E8133292B3C0}.Debug|Windows Phone (Universal).Deploy.0 = Debug|Windows Phone (Universal)
		{E6208F1B-4D31-4B74-83A0-E8133292B3C0}.Debug|Windows Phone 8.ActiveCfg = Debug|Windows Phone 8
		{E6208F1B-4D31-4B74-83A0-E8133292B3C0}.Debug|Windows Phone 8.Build.0 = Debug|Windows Phone 8
		{E6208F1B-4D31-4B74-83A0-E8133292B3C0}.Debug|Windows Phone 8.Deploy.0 = Debug|Windows Phone 8
		{E6208F1B-4D31-4B74-83A0-E8133292B3C0}.Debug|Windows-AnyCPU.ActiveCfg = Debug|Windows-AnyCPU
		{E6208F1B-4D31-4B74-83A0-E8133292B3C0}.Debug|Windows-AnyCPU.Build.0 = Debug|Windows-AnyCPU
		{E6208F1B-4D31-4B74-83A0-E8133292B3C0}.Debug|Windows-AnyCPU.Deploy.0 = Debug|Windows-AnyCPU
		{E6208F1B-4D31-4B74-83A0-E8133292B3C0}.Debug|Windows-ARM.ActiveCfg = Debug|Windows-ARM
		{E6208F1B-4D31-4B74-83A0-E8133292B3C0}.Debug|Windows-ARM.Build.0 = Debug|Windows-ARM
		{E6208F1B-4D31-4B74-83A0-E8133292B3C0}.Debug|Windows-ARM.Deploy.0 = Debug|Windows-ARM
		{E6208F1B-4D31-4B74-83A0-E8133292B3C0}.Debug|Windows-x64.ActiveCfg = Debug|Windows-x64
		{E6208F1B-4D31-4B74-83A0-E8133292B3C0}.Debug|Windows-x64.Build.0 = Debug|Windows-x64
		{E6208F1B-4D31-4B74-83A0-E8133292B3C0}.Debug|Windows-x64.Deploy.0 = Debug|Windows-x64
		{E6208F1B-4D31-4B74-83A0-E8133292B3C0}.Debug|Windows-x86.ActiveCfg = Debug|Windows-x86
		{E6208F1B-4D31-4B74-83A0-E8133292B3C0}.Debug|Windows-x86.Build.0 = Debug|Windows-x86
		{E6208F1B-4D31-4B74-83A0-E8133292B3C0}.Debug|Windows-x86.Deploy.0 = Debug|Windows-x86
		{E6208F1B-4D31-4B74-83A0-E8133292B3C0}.Debug|x64.ActiveCfg = Debug|Windows-x64
		{E6208F1B-4D31-4B74-83A0-E8133292B3C0}.Debug|x86.ActiveCfg = Debug|Windows-x86
		{E6208F1B-4D31-4B74-83A0-E8133292B3C0}.iOS Release|Android.ActiveCfg = Release|Android
		{E6208F1B-4D31-4B74-83A0-E8133292B3C0}.iOS Release|Android.Build.0 = Release|Android
		{E6208F1B-4D31-4B74-83A0-E8133292B3C0}.iOS Release|Android.Deploy.0 = Release|Android
		{E6208F1B-4D31-4B74-83A0-E8133292B3C0}.iOS Release|Any CPU.ActiveCfg = Release|iOS
		{E6208F1B-4D31-4B74-83A0-E8133292B3C0}.iOS Release|Any CPU.Build.0 = Release|iOS
		{E6208F1B-4D31-4B74-83A0-E8133292B3C0}.iOS Release|Any CPU.Deploy.0 = Release|iOS
		{E6208F1B-4D31-4B74-83A0-E8133292B3C0}.iOS Release|ARM.ActiveCfg = Debug|Windows-x86
		{E6208F1B-4D31-4B74-83A0-E8133292B3C0}.iOS Release|ARM.Build.0 = Debug|Windows-x86
		{E6208F1B-4D31-4B74-83A0-E8133292B3C0}.iOS Release|ARM.Deploy.0 = Debug|Windows-x86
		{E6208F1B-4D31-4B74-83A0-E8133292B3C0}.iOS Release|iOS.ActiveCfg = Release|iOS
		{E6208F1B-4D31-4B74-83A0-E8133292B3C0}.iOS Release|iOS.Build.0 = Release|iOS
		{E6208F1B-4D31-4B74-83A0-E8133292B3C0}.iOS Release|iOS.Deploy.0 = Release|iOS
		{E6208F1B-4D31-4B74-83A0-E8133292B3C0}.iOS Release|Windows Phone (Universal).ActiveCfg = Release|Windows Phone (Universal)
		{E6208F1B-4D31-4B74-83A0-E8133292B3C0}.iOS Release|Windows Phone (Universal).Build.0 = Release|Windows Phone (Universal)
		{E6208F1B-4D31-4B74-83A0-E8133292B3C0}.iOS Release|Windows Phone (Universal).Deploy.0 = Release|Windows Phone (Universal)
		{E6208F1B-4D31-4B74-83A0-E8133292B3C0}.iOS Release|Windows Phone 8.ActiveCfg = Release|Windows Phone 8
		{E6208F1B-4D31-4B74-83A0-E8133292B3C0}.iOS Release|Windows Phone 8.Build.0 = Release|Windows Phone 8
		{E6208F1B-4D31-4B74-83A0-E8133292B3C0}.iOS Release|Windows Phone 8.Deploy.0 = Release|Windows Phone 8
		{E6208F1B-4D31-4B74-83A0-E8133292B3C0}.iOS Release|Windows-AnyCPU.ActiveCfg = Release|Windows-AnyCPU
		{E6208F1B-4D31-4B74-83A0-E8133292B3C0}.iOS Release|Windows-AnyCPU.Build.0 = Release|Windows-AnyCPU
		{E6208F1B-4D31-4B74-83A0-E8133292B3C0}.iOS Release|Windows-AnyCPU.Deploy.0 = Release|Windows-AnyCPU
		{E6208F1B-4D31-4B74-83A0-E8133292B3C0}.iOS Release|Windows-ARM.ActiveCfg = Release|Windows-ARM
		{E6208F1B-4D31-4B74-83A0-E8133292B3C0}.iOS Release|Windows-ARM.Build.0 = Release|Windows-ARM
		{E6208F1B-4D31-4B74-83A0-E8133292B3C0}.iOS Release|Windows-ARM.Deploy.0 = Release|Windows-ARM
		{E6208F1B-4D31-4B74-83A0-E8133292B3C0}.iOS Release|Windows-x64.ActiveCfg = Release|Windows-x64
		{E6208F1B-4D31-4B74-83A0-E8133292B3C0}.iOS Release|Windows-x64.Build.0 = Release|Windows-x64
		{E6208F1B-4D31-4B74-83A0-E8133292B3C0}.iOS Release|Windows-x64.Deploy.0 = Release|Windows-x64
		{E6208F1B-4D31-4B74-83A0-E8133292B3C0}.iOS Release|Windows-x86.ActiveCfg = Release|Windows-x86
		{E6208F1B-4D31-4B74-83A0-E8133292B3C0}.iOS Release|Windows-x86.Build.0 = Release|Windows-x86
		{E6208F1B-4D31-4B74-83A0-E8133292B3C0}.iOS Release|Windows-x86.Deploy.0 = Release|Windows-x86
		{E6208F1B-4D31-4B74-83A0-E8133292B3C0}.iOS Release|x64.ActiveCfg = Debug|Windows-x86
		{E6208F1B-4D31-4B74-83A0-E8133292B3C0}.iOS Release|x64.Build.0 = Debug|Windows-x86
		{E6208F1B-4D31-4B74-83A0-E8133292B3C0}.iOS Release|x64.Deploy.0 = Debug|Windows-x86
		{E6208F1B-4D31-4B74-83A0-E8133292B3C0}.iOS Release|x86.ActiveCfg = Debug|Windows-x86
		{E6208F1B-4D31-4B74-83A0-E8133292B3C0}.iOS Release|x86.Build.0 = Debug|Windows-x86
		{E6208F1B-4D31-4B74-83A0-E8133292B3C0}.iOS Release|x86.Deploy.0 = Debug|Windows-x86
		{E6208F1B-4D31-4B74-83A0-E8133292B3C0}.Release|Android.ActiveCfg = Release|Android
		{E6208F1B-4D31-4B74-83A0-E8133292B3C0}.Release|Android.Build.0 = Release|Android
		{E6208F1B-4D31-4B74-83A0-E8133292B3C0}.Release|Android.Deploy.0 = Release|Android
		{E6208F1B-4D31-4B74-83A0-E8133292B3C0}.Release|Any CPU.ActiveCfg = Release|Android
		{E6208F1B-4D31-4B74-83A0-E8133292B3C0}.Release|Any CPU.Build.0 = Release|Android
		{E6208F1B-4D31-4B74-83A0-E8133292B3C0}.Release|ARM.ActiveCfg = Release|Windows-ARM
		{E6208F1B-4D31-4B74-83A0-E8133292B3C0}.Release|iOS.ActiveCfg = Release|iOS
		{E6208F1B-4D31-4B74-83A0-E8133292B3C0}.Release|iOS.Build.0 = Release|iOS
		{E6208F1B-4D31-4B74-83A0-E8133292B3C0}.Release|iOS.Deploy.0 = Release|iOS
		{E6208F1B-4D31-4B74-83A0-E8133292B3C0}.Release|Windows Phone (Universal).ActiveCfg = Release|Windows Phone (Universal)
		{E6208F1B-4D31-4B74-83A0-E8133292B3C0}.Release|Windows Phone (Universal).Build.0 = Release|Windows Phone (Universal)
		{E6208F1B-4D31-4B74-83A0-E8133292B3C0}.Release|Windows Phone (Universal).Deploy.0 = Release|Windows Phone (Universal)
		{E6208F1B-4D31-4B74-83A0-E8133292B3C0}.Release|Windows Phone 8.ActiveCfg = Release|Windows Phone 8
		{E6208F1B-4D31-4B74-83A0-E8133292B3C0}.Release|Windows Phone 8.Build.0 = Release|Windows Phone 8
		{E6208F1B-4D31-4B74-83A0-E8133292B3C0}.Release|Windows Phone 8.Deploy.0 = Release|Windows Phone 8
		{E6208F1B-4D31-4B74-83A0-E8133292B3C0}.Release|Windows-AnyCPU.ActiveCfg = Release|Windows-AnyCPU
		{E6208F1B-4D31-4B74-83A0-E8133292B3C0}.Release|Windows-AnyCPU.Build.0 = Release|Windows-AnyCPU
		{E6208F1B-4D31-4B74-83A0-E8133292B3C0}.Release|Windows-AnyCPU.Deploy.0 = Release|Windows-AnyCPU
		{E6208F1B-4D31-4B74-83A0-E8133292B3C0}.Release|Windows-ARM.ActiveCfg = Release|Windows-ARM
		{E6208F1B-4D31-4B74-83A0-E8133292B3C0}.Release|Windows-ARM.Build.0 = Release|Windows-ARM
		{E6208F1B-4D31-4B74-83A0-E8133292B3C0}.Release|Windows-ARM.Deploy.0 = Release|Windows-ARM
		{E6208F1B-4D31-4B74-83A0-E8133292B3C0}.Release|Windows-x64.ActiveCfg = Release|Windows-x64
		{E6208F1B-4D31-4B74-83A0-E8133292B3C0}.Release|Windows-x64.Build.0 = Release|Windows-x64
		{E6208F1B-4D31-4B74-83A0-E8133292B3C0}.Release|Windows-x64.Deploy.0 = Release|Windows-x64
		{E6208F1B-4D31-4B74-83A0-E8133292B3C0}.Release|Windows-x86.ActiveCfg = Release|Windows-x86
		{E6208F1B-4D31-4B74-83A0-E8133292B3C0}.Release|Windows-x86.Build.0 = Release|Windows-x86
		{E6208F1B-4D31-4B74-83A0-E8133292B3C0}.Release|Windows-x86.Deploy.0 = Release|Windows-x86
		{E6208F1B-4D31-4B74-83A0-E8133292B3C0}.Release|x64.ActiveCfg = Release|Windows-x64
		{E6208F1B-4D31-4B74-83A0-E8133292B3C0}.Release|x86.ActiveCfg = Release|Windows-x86
		{50C88939-B2A7-4AE5-AB18-61F7C621AD55}.Android Release|Android.ActiveCfg = Release|Any CPU
		{50C88939-B2A7-4AE5-AB18-61F7C621AD55}.Android Release|Android.Build.0 = Release|Any CPU
		{50C88939-B2A7-4AE5-AB18-61F7C621AD55}.Android Release|Any CPU.ActiveCfg = Release|Any CPU
		{50C88939-B2A7-4AE5-AB18-61F7C621AD55}.Android Release|Any CPU.Build.0 = Release|Any CPU
		{50C88939-B2A7-4AE5-AB18-61F7C621AD55}.Android Release|ARM.ActiveCfg = Release|Any CPU
		{50C88939-B2A7-4AE5-AB18-61F7C621AD55}.Android Release|ARM.Build.0 = Release|Any CPU
		{50C88939-B2A7-4AE5-AB18-61F7C621AD55}.Android Release|iOS.ActiveCfg = Release|Any CPU
		{50C88939-B2A7-4AE5-AB18-61F7C621AD55}.Android Release|iOS.Build.0 = Release|Any CPU
		{50C88939-B2A7-4AE5-AB18-61F7C621AD55}.Android Release|Windows Phone (Universal).ActiveCfg = Release|Any CPU
		{50C88939-B2A7-4AE5-AB18-61F7C621AD55}.Android Release|Windows Phone (Universal).Build.0 = Release|Any CPU
		{50C88939-B2A7-4AE5-AB18-61F7C621AD55}.Android Release|Windows Phone 8.ActiveCfg = Release|Any CPU
		{50C88939-B2A7-4AE5-AB18-61F7C621AD55}.Android Release|Windows Phone 8.Build.0 = Release|Any CPU
		{50C88939-B2A7-4AE5-AB18-61F7C621AD55}.Android Release|Windows-AnyCPU.ActiveCfg = Release|Any CPU
		{50C88939-B2A7-4AE5-AB18-61F7C621AD55}.Android Release|Windows-AnyCPU.Build.0 = Release|Any CPU
		{50C88939-B2A7-4AE5-AB18-61F7C621AD55}.Android Release|Windows-ARM.ActiveCfg = Release|Any CPU
		{50C88939-B2A7-4AE5-AB18-61F7C621AD55}.Android Release|Windows-ARM.Build.0 = Release|Any CPU
		{50C88939-B2A7-4AE5-AB18-61F7C621AD55}.Android Release|Windows-x64.ActiveCfg = Release|Any CPU
		{50C88939-B2A7-4AE5-AB18-61F7C621AD55}.Android Release|Windows-x64.Build.0 = Release|Any CPU
		{50C88939-B2A7-4AE5-AB18-61F7C621AD55}.Android Release|Windows-x86.ActiveCfg = Release|Any CPU
		{50C88939-B2A7-4AE5-AB18-61F7C621AD55}.Android Release|Windows-x86.Build.0 = Release|Any CPU
		{50C88939-B2A7-4AE5-AB18-61F7C621AD55}.Android Release|x64.ActiveCfg = Release|Any CPU
		{50C88939-B2A7-4AE5-AB18-61F7C621AD55}.Android Release|x64.Build.0 = Release|Any CPU
		{50C88939-B2A7-4AE5-AB18-61F7C621AD55}.Android Release|x86.ActiveCfg = Release|Any CPU
		{50C88939-B2A7-4AE5-AB18-61F7C621AD55}.Android Release|x86.Build.0 = Release|Any CPU
		{50C88939-B2A7-4AE5-AB18-61F7C621AD55}.Debug|Android.ActiveCfg = Debug|Any CPU
		{50C88939-B2A7-4AE5-AB18-61F7C621AD55}.Debug|Android.Build.0 = Debug|Any CPU
		{50C88939-B2A7-4AE5-AB18-61F7C621AD55}.Debug|Any CPU.ActiveCfg = Debug|Any CPU
		{50C88939-B2A7-4AE5-AB18-61F7C621AD55}.Debug|Any CPU.Build.0 = Debug|Any CPU
		{50C88939-B2A7-4AE5-AB18-61F7C621AD55}.Debug|ARM.ActiveCfg = Debug|Any CPU
		{50C88939-B2A7-4AE5-AB18-61F7C621AD55}.Debug|ARM.Build.0 = Debug|Any CPU
		{50C88939-B2A7-4AE5-AB18-61F7C621AD55}.Debug|iOS.ActiveCfg = Debug|Any CPU
		{50C88939-B2A7-4AE5-AB18-61F7C621AD55}.Debug|iOS.Build.0 = Debug|Any CPU
		{50C88939-B2A7-4AE5-AB18-61F7C621AD55}.Debug|Windows Phone (Universal).ActiveCfg = Debug|Any CPU
		{50C88939-B2A7-4AE5-AB18-61F7C621AD55}.Debug|Windows Phone (Universal).Build.0 = Debug|Any CPU
		{50C88939-B2A7-4AE5-AB18-61F7C621AD55}.Debug|Windows Phone 8.ActiveCfg = Debug|Any CPU
		{50C88939-B2A7-4AE5-AB18-61F7C621AD55}.Debug|Windows Phone 8.Build.0 = Debug|Any CPU
		{50C88939-B2A7-4AE5-AB18-61F7C621AD55}.Debug|Windows-AnyCPU.ActiveCfg = Debug|Any CPU
		{50C88939-B2A7-4AE5-AB18-61F7C621AD55}.Debug|Windows-AnyCPU.Build.0 = Debug|Any CPU
		{50C88939-B2A7-4AE5-AB18-61F7C621AD55}.Debug|Windows-ARM.ActiveCfg = Debug|Any CPU
		{50C88939-B2A7-4AE5-AB18-61F7C621AD55}.Debug|Windows-ARM.Build.0 = Debug|Any CPU
		{50C88939-B2A7-4AE5-AB18-61F7C621AD55}.Debug|Windows-x64.ActiveCfg = Debug|Any CPU
		{50C88939-B2A7-4AE5-AB18-61F7C621AD55}.Debug|Windows-x64.Build.0 = Debug|Any CPU
		{50C88939-B2A7-4AE5-AB18-61F7C621AD55}.Debug|Windows-x86.ActiveCfg = Debug|Any CPU
		{50C88939-B2A7-4AE5-AB18-61F7C621AD55}.Debug|Windows-x86.Build.0 = Debug|Any CPU
		{50C88939-B2A7-4AE5-AB18-61F7C621AD55}.Debug|x64.ActiveCfg = Debug|Any CPU
		{50C88939-B2A7-4AE5-AB18-61F7C621AD55}.Debug|x64.Build.0 = Debug|Any CPU
		{50C88939-B2A7-4AE5-AB18-61F7C621AD55}.Debug|x86.ActiveCfg = Debug|Any CPU
		{50C88939-B2A7-4AE5-AB18-61F7C621AD55}.Debug|x86.Build.0 = Debug|Any CPU
		{50C88939-B2A7-4AE5-AB18-61F7C621AD55}.iOS Release|Android.ActiveCfg = Release|Any CPU
		{50C88939-B2A7-4AE5-AB18-61F7C621AD55}.iOS Release|Android.Build.0 = Release|Any CPU
		{50C88939-B2A7-4AE5-AB18-61F7C621AD55}.iOS Release|Any CPU.ActiveCfg = Release|Any CPU
		{50C88939-B2A7-4AE5-AB18-61F7C621AD55}.iOS Release|Any CPU.Build.0 = Release|Any CPU
		{50C88939-B2A7-4AE5-AB18-61F7C621AD55}.iOS Release|ARM.ActiveCfg = Release|Any CPU
		{50C88939-B2A7-4AE5-AB18-61F7C621AD55}.iOS Release|ARM.Build.0 = Release|Any CPU
		{50C88939-B2A7-4AE5-AB18-61F7C621AD55}.iOS Release|iOS.ActiveCfg = Release|Any CPU
		{50C88939-B2A7-4AE5-AB18-61F7C621AD55}.iOS Release|iOS.Build.0 = Release|Any CPU
		{50C88939-B2A7-4AE5-AB18-61F7C621AD55}.iOS Release|Windows Phone (Universal).ActiveCfg = Release|Any CPU
		{50C88939-B2A7-4AE5-AB18-61F7C621AD55}.iOS Release|Windows Phone (Universal).Build.0 = Release|Any CPU
		{50C88939-B2A7-4AE5-AB18-61F7C621AD55}.iOS Release|Windows Phone 8.ActiveCfg = Release|Any CPU
		{50C88939-B2A7-4AE5-AB18-61F7C621AD55}.iOS Release|Windows Phone 8.Build.0 = Release|Any CPU
		{50C88939-B2A7-4AE5-AB18-61F7C621AD55}.iOS Release|Windows-AnyCPU.ActiveCfg = Release|Any CPU
		{50C88939-B2A7-4AE5-AB18-61F7C621AD55}.iOS Release|Windows-AnyCPU.Build.0 = Release|Any CPU
		{50C88939-B2A7-4AE5-AB18-61F7C621AD55}.iOS Release|Windows-ARM.ActiveCfg = Release|Any CPU
		{50C88939-B2A7-4AE5-AB18-61F7C621AD55}.iOS Release|Windows-ARM.Build.0 = Release|Any CPU
		{50C88939-B2A7-4AE5-AB18-61F7C621AD55}.iOS Release|Windows-x64.ActiveCfg = Release|Any CPU
		{50C88939-B2A7-4AE5-AB18-61F7C621AD55}.iOS Release|Windows-x64.Build.0 = Release|Any CPU
		{50C88939-B2A7-4AE5-AB18-61F7C621AD55}.iOS Release|Windows-x86.ActiveCfg = Release|Any CPU
		{50C88939-B2A7-4AE5-AB18-61F7C621AD55}.iOS Release|Windows-x86.Build.0 = Release|Any CPU
		{50C88939-B2A7-4AE5-AB18-61F7C621AD55}.iOS Release|x64.ActiveCfg = Release|Any CPU
		{50C88939-B2A7-4AE5-AB18-61F7C621AD55}.iOS Release|x64.Build.0 = Release|Any CPU
		{50C88939-B2A7-4AE5-AB18-61F7C621AD55}.iOS Release|x86.ActiveCfg = Release|Any CPU
		{50C88939-B2A7-4AE5-AB18-61F7C621AD55}.iOS Release|x86.Build.0 = Release|Any CPU
		{50C88939-B2A7-4AE5-AB18-61F7C621AD55}.Release|Android.ActiveCfg = Release|Any CPU
		{50C88939-B2A7-4AE5-AB18-61F7C621AD55}.Release|Android.Build.0 = Release|Any CPU
		{50C88939-B2A7-4AE5-AB18-61F7C621AD55}.Release|Any CPU.ActiveCfg = Release|Any CPU
		{50C88939-B2A7-4AE5-AB18-61F7C621AD55}.Release|Any CPU.Build.0 = Release|Any CPU
		{50C88939-B2A7-4AE5-AB18-61F7C621AD55}.Release|ARM.ActiveCfg = Release|Any CPU
		{50C88939-B2A7-4AE5-AB18-61F7C621AD55}.Release|ARM.Build.0 = Release|Any CPU
		{50C88939-B2A7-4AE5-AB18-61F7C621AD55}.Release|iOS.ActiveCfg = Release|Any CPU
		{50C88939-B2A7-4AE5-AB18-61F7C621AD55}.Release|iOS.Build.0 = Release|Any CPU
		{50C88939-B2A7-4AE5-AB18-61F7C621AD55}.Release|Windows Phone (Universal).ActiveCfg = Release|Any CPU
		{50C88939-B2A7-4AE5-AB18-61F7C621AD55}.Release|Windows Phone (Universal).Build.0 = Release|Any CPU
		{50C88939-B2A7-4AE5-AB18-61F7C621AD55}.Release|Windows Phone 8.ActiveCfg = Release|Any CPU
		{50C88939-B2A7-4AE5-AB18-61F7C621AD55}.Release|Windows Phone 8.Build.0 = Release|Any CPU
		{50C88939-B2A7-4AE5-AB18-61F7C621AD55}.Release|Windows-AnyCPU.ActiveCfg = Release|Any CPU
		{50C88939-B2A7-4AE5-AB18-61F7C621AD55}.Release|Windows-AnyCPU.Build.0 = Release|Any CPU
		{50C88939-B2A7-4AE5-AB18-61F7C621AD55}.Release|Windows-ARM.ActiveCfg = Release|Any CPU
		{50C88939-B2A7-4AE5-AB18-61F7C621AD55}.Release|Windows-ARM.Build.0 = Release|Any CPU
		{50C88939-B2A7-4AE5-AB18-61F7C621AD55}.Release|Windows-x64.ActiveCfg = Release|Any CPU
		{50C88939-B2A7-4AE5-AB18-61F7C621AD55}.Release|Windows-x64.Build.0 = Release|Any CPU
		{50C88939-B2A7-4AE5-AB18-61F7C621AD55}.Release|Windows-x86.ActiveCfg = Release|Any CPU
		{50C88939-B2A7-4AE5-AB18-61F7C621AD55}.Release|Windows-x86.Build.0 = Release|Any CPU
		{50C88939-B2A7-4AE5-AB18-61F7C621AD55}.Release|x64.ActiveCfg = Release|Any CPU
		{50C88939-B2A7-4AE5-AB18-61F7C621AD55}.Release|x64.Build.0 = Release|Any CPU
		{50C88939-B2A7-4AE5-AB18-61F7C621AD55}.Release|x86.ActiveCfg = Release|Any CPU
		{50C88939-B2A7-4AE5-AB18-61F7C621AD55}.Release|x86.Build.0 = Release|Any CPU
		{257230E5-8D1F-4E80-8ABD-486E63B373DE}.Android Release|Android.ActiveCfg = Release|Any CPU
		{257230E5-8D1F-4E80-8ABD-486E63B373DE}.Android Release|Android.Build.0 = Release|Any CPU
		{257230E5-8D1F-4E80-8ABD-486E63B373DE}.Android Release|Any CPU.ActiveCfg = Release|Any CPU
		{257230E5-8D1F-4E80-8ABD-486E63B373DE}.Android Release|Any CPU.Build.0 = Release|Any CPU
		{257230E5-8D1F-4E80-8ABD-486E63B373DE}.Android Release|ARM.ActiveCfg = Release|Any CPU
		{257230E5-8D1F-4E80-8ABD-486E63B373DE}.Android Release|ARM.Build.0 = Release|Any CPU
		{257230E5-8D1F-4E80-8ABD-486E63B373DE}.Android Release|iOS.ActiveCfg = Release|Any CPU
		{257230E5-8D1F-4E80-8ABD-486E63B373DE}.Android Release|iOS.Build.0 = Release|Any CPU
		{257230E5-8D1F-4E80-8ABD-486E63B373DE}.Android Release|Windows Phone (Universal).ActiveCfg = Release|Any CPU
		{257230E5-8D1F-4E80-8ABD-486E63B373DE}.Android Release|Windows Phone (Universal).Build.0 = Release|Any CPU
		{257230E5-8D1F-4E80-8ABD-486E63B373DE}.Android Release|Windows Phone 8.ActiveCfg = Release|Any CPU
		{257230E5-8D1F-4E80-8ABD-486E63B373DE}.Android Release|Windows Phone 8.Build.0 = Release|Any CPU
		{257230E5-8D1F-4E80-8ABD-486E63B373DE}.Android Release|Windows-AnyCPU.ActiveCfg = Release|Any CPU
		{257230E5-8D1F-4E80-8ABD-486E63B373DE}.Android Release|Windows-AnyCPU.Build.0 = Release|Any CPU
		{257230E5-8D1F-4E80-8ABD-486E63B373DE}.Android Release|Windows-ARM.ActiveCfg = Release|Any CPU
		{257230E5-8D1F-4E80-8ABD-486E63B373DE}.Android Release|Windows-ARM.Build.0 = Release|Any CPU
		{257230E5-8D1F-4E80-8ABD-486E63B373DE}.Android Release|Windows-x64.ActiveCfg = Release|Any CPU
		{257230E5-8D1F-4E80-8ABD-486E63B373DE}.Android Release|Windows-x64.Build.0 = Release|Any CPU
		{257230E5-8D1F-4E80-8ABD-486E63B373DE}.Android Release|Windows-x86.ActiveCfg = Release|Any CPU
		{257230E5-8D1F-4E80-8ABD-486E63B373DE}.Android Release|Windows-x86.Build.0 = Release|Any CPU
		{257230E5-8D1F-4E80-8ABD-486E63B373DE}.Android Release|x64.ActiveCfg = Release|Any CPU
		{257230E5-8D1F-4E80-8ABD-486E63B373DE}.Android Release|x64.Build.0 = Release|Any CPU
		{257230E5-8D1F-4E80-8ABD-486E63B373DE}.Android Release|x86.ActiveCfg = Release|Any CPU
		{257230E5-8D1F-4E80-8ABD-486E63B373DE}.Android Release|x86.Build.0 = Release|Any CPU
		{257230E5-8D1F-4E80-8ABD-486E63B373DE}.Debug|Android.ActiveCfg = Debug|Any CPU
		{257230E5-8D1F-4E80-8ABD-486E63B373DE}.Debug|Android.Build.0 = Debug|Any CPU
		{257230E5-8D1F-4E80-8ABD-486E63B373DE}.Debug|Any CPU.ActiveCfg = Debug|Any CPU
		{257230E5-8D1F-4E80-8ABD-486E63B373DE}.Debug|Any CPU.Build.0 = Debug|Any CPU
		{257230E5-8D1F-4E80-8ABD-486E63B373DE}.Debug|ARM.ActiveCfg = Debug|Any CPU
		{257230E5-8D1F-4E80-8ABD-486E63B373DE}.Debug|ARM.Build.0 = Debug|Any CPU
		{257230E5-8D1F-4E80-8ABD-486E63B373DE}.Debug|iOS.ActiveCfg = Debug|Any CPU
		{257230E5-8D1F-4E80-8ABD-486E63B373DE}.Debug|iOS.Build.0 = Debug|Any CPU
		{257230E5-8D1F-4E80-8ABD-486E63B373DE}.Debug|Windows Phone (Universal).ActiveCfg = Debug|Any CPU
		{257230E5-8D1F-4E80-8ABD-486E63B373DE}.Debug|Windows Phone (Universal).Build.0 = Debug|Any CPU
		{257230E5-8D1F-4E80-8ABD-486E63B373DE}.Debug|Windows Phone 8.ActiveCfg = Debug|Any CPU
		{257230E5-8D1F-4E80-8ABD-486E63B373DE}.Debug|Windows Phone 8.Build.0 = Debug|Any CPU
		{257230E5-8D1F-4E80-8ABD-486E63B373DE}.Debug|Windows-AnyCPU.ActiveCfg = Debug|Any CPU
		{257230E5-8D1F-4E80-8ABD-486E63B373DE}.Debug|Windows-AnyCPU.Build.0 = Debug|Any CPU
		{257230E5-8D1F-4E80-8ABD-486E63B373DE}.Debug|Windows-ARM.ActiveCfg = Debug|Any CPU
		{257230E5-8D1F-4E80-8ABD-486E63B373DE}.Debug|Windows-ARM.Build.0 = Debug|Any CPU
		{257230E5-8D1F-4E80-8ABD-486E63B373DE}.Debug|Windows-x64.ActiveCfg = Debug|Any CPU
		{257230E5-8D1F-4E80-8ABD-486E63B373DE}.Debug|Windows-x64.Build.0 = Debug|Any CPU
		{257230E5-8D1F-4E80-8ABD-486E63B373DE}.Debug|Windows-x86.ActiveCfg = Debug|Any CPU
		{257230E5-8D1F-4E80-8ABD-486E63B373DE}.Debug|Windows-x86.Build.0 = Debug|Any CPU
		{257230E5-8D1F-4E80-8ABD-486E63B373DE}.Debug|x64.ActiveCfg = Debug|Any CPU
		{257230E5-8D1F-4E80-8ABD-486E63B373DE}.Debug|x64.Build.0 = Debug|Any CPU
		{257230E5-8D1F-4E80-8ABD-486E63B373DE}.Debug|x86.ActiveCfg = Debug|Any CPU
		{257230E5-8D1F-4E80-8ABD-486E63B373DE}.Debug|x86.Build.0 = Debug|Any CPU
		{257230E5-8D1F-4E80-8ABD-486E63B373DE}.iOS Release|Android.ActiveCfg = Release|Any CPU
		{257230E5-8D1F-4E80-8ABD-486E63B373DE}.iOS Release|Android.Build.0 = Release|Any CPU
		{257230E5-8D1F-4E80-8ABD-486E63B373DE}.iOS Release|Any CPU.ActiveCfg = Release|Any CPU
		{257230E5-8D1F-4E80-8ABD-486E63B373DE}.iOS Release|Any CPU.Build.0 = Release|Any CPU
		{257230E5-8D1F-4E80-8ABD-486E63B373DE}.iOS Release|ARM.ActiveCfg = Release|Any CPU
		{257230E5-8D1F-4E80-8ABD-486E63B373DE}.iOS Release|ARM.Build.0 = Release|Any CPU
		{257230E5-8D1F-4E80-8ABD-486E63B373DE}.iOS Release|iOS.ActiveCfg = Release|Any CPU
		{257230E5-8D1F-4E80-8ABD-486E63B373DE}.iOS Release|iOS.Build.0 = Release|Any CPU
		{257230E5-8D1F-4E80-8ABD-486E63B373DE}.iOS Release|Windows Phone (Universal).ActiveCfg = Release|Any CPU
		{257230E5-8D1F-4E80-8ABD-486E63B373DE}.iOS Release|Windows Phone (Universal).Build.0 = Release|Any CPU
		{257230E5-8D1F-4E80-8ABD-486E63B373DE}.iOS Release|Windows Phone 8.ActiveCfg = Release|Any CPU
		{257230E5-8D1F-4E80-8ABD-486E63B373DE}.iOS Release|Windows Phone 8.Build.0 = Release|Any CPU
		{257230E5-8D1F-4E80-8ABD-486E63B373DE}.iOS Release|Windows-AnyCPU.ActiveCfg = Release|Any CPU
		{257230E5-8D1F-4E80-8ABD-486E63B373DE}.iOS Release|Windows-AnyCPU.Build.0 = Release|Any CPU
		{257230E5-8D1F-4E80-8ABD-486E63B373DE}.iOS Release|Windows-ARM.ActiveCfg = Release|Any CPU
		{257230E5-8D1F-4E80-8ABD-486E63B373DE}.iOS Release|Windows-ARM.Build.0 = Release|Any CPU
		{257230E5-8D1F-4E80-8ABD-486E63B373DE}.iOS Release|Windows-x64.ActiveCfg = Release|Any CPU
		{257230E5-8D1F-4E80-8ABD-486E63B373DE}.iOS Release|Windows-x64.Build.0 = Release|Any CPU
		{257230E5-8D1F-4E80-8ABD-486E63B373DE}.iOS Release|Windows-x86.ActiveCfg = Release|Any CPU
		{257230E5-8D1F-4E80-8ABD-486E63B373DE}.iOS Release|Windows-x86.Build.0 = Release|Any CPU
		{257230E5-8D1F-4E80-8ABD-486E63B373DE}.iOS Release|x64.ActiveCfg = Release|Any CPU
		{257230E5-8D1F-4E80-8ABD-486E63B373DE}.iOS Release|x64.Build.0 = Release|Any CPU
		{257230E5-8D1F-4E80-8ABD-486E63B373DE}.iOS Release|x86.ActiveCfg = Release|Any CPU
		{257230E5-8D1F-4E80-8ABD-486E63B373DE}.iOS Release|x86.Build.0 = Release|Any CPU
		{257230E5-8D1F-4E80-8ABD-486E63B373DE}.Release|Android.ActiveCfg = Release|Any CPU
		{257230E5-8D1F-4E80-8ABD-486E63B373DE}.Release|Android.Build.0 = Release|Any CPU
		{257230E5-8D1F-4E80-8ABD-486E63B373DE}.Release|Any CPU.ActiveCfg = Release|Any CPU
		{257230E5-8D1F-4E80-8ABD-486E63B373DE}.Release|Any CPU.Build.0 = Release|Any CPU
		{257230E5-8D1F-4E80-8ABD-486E63B373DE}.Release|ARM.ActiveCfg = Release|Any CPU
		{257230E5-8D1F-4E80-8ABD-486E63B373DE}.Release|ARM.Build.0 = Release|Any CPU
		{257230E5-8D1F-4E80-8ABD-486E63B373DE}.Release|iOS.ActiveCfg = Release|Any CPU
		{257230E5-8D1F-4E80-8ABD-486E63B373DE}.Release|iOS.Build.0 = Release|Any CPU
		{257230E5-8D1F-4E80-8ABD-486E63B373DE}.Release|Windows Phone (Universal).ActiveCfg = Release|Any CPU
		{257230E5-8D1F-4E80-8ABD-486E63B373DE}.Release|Windows Phone (Universal).Build.0 = Release|Any CPU
		{257230E5-8D1F-4E80-8ABD-486E63B373DE}.Release|Windows Phone 8.ActiveCfg = Release|Any CPU
		{257230E5-8D1F-4E80-8ABD-486E63B373DE}.Release|Windows Phone 8.Build.0 = Release|Any CPU
		{257230E5-8D1F-4E80-8ABD-486E63B373DE}.Release|Windows-AnyCPU.ActiveCfg = Release|Any CPU
		{257230E5-8D1F-4E80-8ABD-486E63B373DE}.Release|Windows-AnyCPU.Build.0 = Release|Any CPU
		{257230E5-8D1F-4E80-8ABD-486E63B373DE}.Release|Windows-ARM.ActiveCfg = Release|Any CPU
		{257230E5-8D1F-4E80-8ABD-486E63B373DE}.Release|Windows-ARM.Build.0 = Release|Any CPU
		{257230E5-8D1F-4E80-8ABD-486E63B373DE}.Release|Windows-x64.ActiveCfg = Release|Any CPU
		{257230E5-8D1F-4E80-8ABD-486E63B373DE}.Release|Windows-x64.Build.0 = Release|Any CPU
		{257230E5-8D1F-4E80-8ABD-486E63B373DE}.Release|Windows-x86.ActiveCfg = Release|Any CPU
		{257230E5-8D1F-4E80-8ABD-486E63B373DE}.Release|Windows-x86.Build.0 = Release|Any CPU
		{257230E5-8D1F-4E80-8ABD-486E63B373DE}.Release|x64.ActiveCfg = Release|Any CPU
		{257230E5-8D1F-4E80-8ABD-486E63B373DE}.Release|x64.Build.0 = Release|Any CPU
		{257230E5-8D1F-4E80-8ABD-486E63B373DE}.Release|x86.ActiveCfg = Release|Any CPU
		{257230E5-8D1F-4E80-8ABD-486E63B373DE}.Release|x86.Build.0 = Release|Any CPU
		{9F3B3152-AB73-4311-B5D1-308983740F3A}.Android Release|Android.ActiveCfg = Release|Any CPU
		{9F3B3152-AB73-4311-B5D1-308983740F3A}.Android Release|Android.Build.0 = Release|Any CPU
		{9F3B3152-AB73-4311-B5D1-308983740F3A}.Android Release|Any CPU.ActiveCfg = Release|Any CPU
		{9F3B3152-AB73-4311-B5D1-308983740F3A}.Android Release|Any CPU.Build.0 = Release|Any CPU
		{9F3B3152-AB73-4311-B5D1-308983740F3A}.Android Release|ARM.ActiveCfg = Release|Any CPU
		{9F3B3152-AB73-4311-B5D1-308983740F3A}.Android Release|ARM.Build.0 = Release|Any CPU
		{9F3B3152-AB73-4311-B5D1-308983740F3A}.Android Release|iOS.ActiveCfg = Release|Any CPU
		{9F3B3152-AB73-4311-B5D1-308983740F3A}.Android Release|iOS.Build.0 = Release|Any CPU
		{9F3B3152-AB73-4311-B5D1-308983740F3A}.Android Release|Windows Phone (Universal).ActiveCfg = Release|Any CPU
		{9F3B3152-AB73-4311-B5D1-308983740F3A}.Android Release|Windows Phone (Universal).Build.0 = Release|Any CPU
		{9F3B3152-AB73-4311-B5D1-308983740F3A}.Android Release|Windows Phone 8.ActiveCfg = Release|Any CPU
		{9F3B3152-AB73-4311-B5D1-308983740F3A}.Android Release|Windows Phone 8.Build.0 = Release|Any CPU
		{9F3B3152-AB73-4311-B5D1-308983740F3A}.Android Release|Windows-AnyCPU.ActiveCfg = Release|Any CPU
		{9F3B3152-AB73-4311-B5D1-308983740F3A}.Android Release|Windows-AnyCPU.Build.0 = Release|Any CPU
		{9F3B3152-AB73-4311-B5D1-308983740F3A}.Android Release|Windows-ARM.ActiveCfg = Release|Any CPU
		{9F3B3152-AB73-4311-B5D1-308983740F3A}.Android Release|Windows-ARM.Build.0 = Release|Any CPU
		{9F3B3152-AB73-4311-B5D1-308983740F3A}.Android Release|Windows-x64.ActiveCfg = Release|Any CPU
		{9F3B3152-AB73-4311-B5D1-308983740F3A}.Android Release|Windows-x64.Build.0 = Release|Any CPU
		{9F3B3152-AB73-4311-B5D1-308983740F3A}.Android Release|Windows-x86.ActiveCfg = Release|Any CPU
		{9F3B3152-AB73-4311-B5D1-308983740F3A}.Android Release|Windows-x86.Build.0 = Release|Any CPU
		{9F3B3152-AB73-4311-B5D1-308983740F3A}.Android Release|x64.ActiveCfg = Release|Any CPU
		{9F3B3152-AB73-4311-B5D1-308983740F3A}.Android Release|x64.Build.0 = Release|Any CPU
		{9F3B3152-AB73-4311-B5D1-308983740F3A}.Android Release|x86.ActiveCfg = Release|Any CPU
		{9F3B3152-AB73-4311-B5D1-308983740F3A}.Android Release|x86.Build.0 = Release|Any CPU
		{9F3B3152-AB73-4311-B5D1-308983740F3A}.Debug|Android.ActiveCfg = Debug|Any CPU
		{9F3B3152-AB73-4311-B5D1-308983740F3A}.Debug|Android.Build.0 = Debug|Any CPU
		{9F3B3152-AB73-4311-B5D1-308983740F3A}.Debug|Any CPU.ActiveCfg = Debug|Any CPU
		{9F3B3152-AB73-4311-B5D1-308983740F3A}.Debug|Any CPU.Build.0 = Debug|Any CPU
		{9F3B3152-AB73-4311-B5D1-308983740F3A}.Debug|ARM.ActiveCfg = Debug|Any CPU
		{9F3B3152-AB73-4311-B5D1-308983740F3A}.Debug|ARM.Build.0 = Debug|Any CPU
		{9F3B3152-AB73-4311-B5D1-308983740F3A}.Debug|iOS.ActiveCfg = Debug|Any CPU
		{9F3B3152-AB73-4311-B5D1-308983740F3A}.Debug|iOS.Build.0 = Debug|Any CPU
		{9F3B3152-AB73-4311-B5D1-308983740F3A}.Debug|Windows Phone (Universal).ActiveCfg = Debug|Any CPU
		{9F3B3152-AB73-4311-B5D1-308983740F3A}.Debug|Windows Phone (Universal).Build.0 = Debug|Any CPU
		{9F3B3152-AB73-4311-B5D1-308983740F3A}.Debug|Windows Phone 8.ActiveCfg = Debug|Any CPU
		{9F3B3152-AB73-4311-B5D1-308983740F3A}.Debug|Windows Phone 8.Build.0 = Debug|Any CPU
		{9F3B3152-AB73-4311-B5D1-308983740F3A}.Debug|Windows-AnyCPU.ActiveCfg = Debug|Any CPU
		{9F3B3152-AB73-4311-B5D1-308983740F3A}.Debug|Windows-AnyCPU.Build.0 = Debug|Any CPU
		{9F3B3152-AB73-4311-B5D1-308983740F3A}.Debug|Windows-ARM.ActiveCfg = Debug|Any CPU
		{9F3B3152-AB73-4311-B5D1-308983740F3A}.Debug|Windows-ARM.Build.0 = Debug|Any CPU
		{9F3B3152-AB73-4311-B5D1-308983740F3A}.Debug|Windows-x64.ActiveCfg = Debug|Any CPU
		{9F3B3152-AB73-4311-B5D1-308983740F3A}.Debug|Windows-x64.Build.0 = Debug|Any CPU
		{9F3B3152-AB73-4311-B5D1-308983740F3A}.Debug|Windows-x86.ActiveCfg = Debug|Any CPU
		{9F3B3152-AB73-4311-B5D1-308983740F3A}.Debug|Windows-x86.Build.0 = Debug|Any CPU
		{9F3B3152-AB73-4311-B5D1-308983740F3A}.Debug|x64.ActiveCfg = Debug|Any CPU
		{9F3B3152-AB73-4311-B5D1-308983740F3A}.Debug|x64.Build.0 = Debug|Any CPU
		{9F3B3152-AB73-4311-B5D1-308983740F3A}.Debug|x86.ActiveCfg = Debug|Any CPU
		{9F3B3152-AB73-4311-B5D1-308983740F3A}.Debug|x86.Build.0 = Debug|Any CPU
		{9F3B3152-AB73-4311-B5D1-308983740F3A}.iOS Release|Android.ActiveCfg = Release|Any CPU
		{9F3B3152-AB73-4311-B5D1-308983740F3A}.iOS Release|Android.Build.0 = Release|Any CPU
		{9F3B3152-AB73-4311-B5D1-308983740F3A}.iOS Release|Any CPU.ActiveCfg = Release|Any CPU
		{9F3B3152-AB73-4311-B5D1-308983740F3A}.iOS Release|Any CPU.Build.0 = Release|Any CPU
		{9F3B3152-AB73-4311-B5D1-308983740F3A}.iOS Release|ARM.ActiveCfg = Release|Any CPU
		{9F3B3152-AB73-4311-B5D1-308983740F3A}.iOS Release|ARM.Build.0 = Release|Any CPU
		{9F3B3152-AB73-4311-B5D1-308983740F3A}.iOS Release|iOS.ActiveCfg = Release|Any CPU
		{9F3B3152-AB73-4311-B5D1-308983740F3A}.iOS Release|iOS.Build.0 = Release|Any CPU
		{9F3B3152-AB73-4311-B5D1-308983740F3A}.iOS Release|Windows Phone (Universal).ActiveCfg = Release|Any CPU
		{9F3B3152-AB73-4311-B5D1-308983740F3A}.iOS Release|Windows Phone (Universal).Build.0 = Release|Any CPU
		{9F3B3152-AB73-4311-B5D1-308983740F3A}.iOS Release|Windows Phone 8.ActiveCfg = Release|Any CPU
		{9F3B3152-AB73-4311-B5D1-308983740F3A}.iOS Release|Windows Phone 8.Build.0 = Release|Any CPU
		{9F3B3152-AB73-4311-B5D1-308983740F3A}.iOS Release|Windows-AnyCPU.ActiveCfg = Release|Any CPU
		{9F3B3152-AB73-4311-B5D1-308983740F3A}.iOS Release|Windows-AnyCPU.Build.0 = Release|Any CPU
		{9F3B3152-AB73-4311-B5D1-308983740F3A}.iOS Release|Windows-ARM.ActiveCfg = Release|Any CPU
		{9F3B3152-AB73-4311-B5D1-308983740F3A}.iOS Release|Windows-ARM.Build.0 = Release|Any CPU
		{9F3B3152-AB73-4311-B5D1-308983740F3A}.iOS Release|Windows-x64.ActiveCfg = Release|Any CPU
		{9F3B3152-AB73-4311-B5D1-308983740F3A}.iOS Release|Windows-x64.Build.0 = Release|Any CPU
		{9F3B3152-AB73-4311-B5D1-308983740F3A}.iOS Release|Windows-x86.ActiveCfg = Release|Any CPU
		{9F3B3152-AB73-4311-B5D1-308983740F3A}.iOS Release|Windows-x86.Build.0 = Release|Any CPU
		{9F3B3152-AB73-4311-B5D1-308983740F3A}.iOS Release|x64.ActiveCfg = Release|Any CPU
		{9F3B3152-AB73-4311-B5D1-308983740F3A}.iOS Release|x64.Build.0 = Release|Any CPU
		{9F3B3152-AB73-4311-B5D1-308983740F3A}.iOS Release|x86.ActiveCfg = Release|Any CPU
		{9F3B3152-AB73-4311-B5D1-308983740F3A}.iOS Release|x86.Build.0 = Release|Any CPU
		{9F3B3152-AB73-4311-B5D1-308983740F3A}.Release|Android.ActiveCfg = Release|Any CPU
		{9F3B3152-AB73-4311-B5D1-308983740F3A}.Release|Android.Build.0 = Release|Any CPU
		{9F3B3152-AB73-4311-B5D1-308983740F3A}.Release|Any CPU.ActiveCfg = Release|Any CPU
		{9F3B3152-AB73-4311-B5D1-308983740F3A}.Release|Any CPU.Build.0 = Release|Any CPU
		{9F3B3152-AB73-4311-B5D1-308983740F3A}.Release|ARM.ActiveCfg = Release|Any CPU
		{9F3B3152-AB73-4311-B5D1-308983740F3A}.Release|ARM.Build.0 = Release|Any CPU
		{9F3B3152-AB73-4311-B5D1-308983740F3A}.Release|iOS.ActiveCfg = Release|Any CPU
		{9F3B3152-AB73-4311-B5D1-308983740F3A}.Release|iOS.Build.0 = Release|Any CPU
		{9F3B3152-AB73-4311-B5D1-308983740F3A}.Release|Windows Phone (Universal).ActiveCfg = Release|Any CPU
		{9F3B3152-AB73-4311-B5D1-308983740F3A}.Release|Windows Phone (Universal).Build.0 = Release|Any CPU
		{9F3B3152-AB73-4311-B5D1-308983740F3A}.Release|Windows Phone 8.ActiveCfg = Release|Any CPU
		{9F3B3152-AB73-4311-B5D1-308983740F3A}.Release|Windows Phone 8.Build.0 = Release|Any CPU
		{9F3B3152-AB73-4311-B5D1-308983740F3A}.Release|Windows-AnyCPU.ActiveCfg = Release|Any CPU
		{9F3B3152-AB73-4311-B5D1-308983740F3A}.Release|Windows-AnyCPU.Build.0 = Release|Any CPU
		{9F3B3152-AB73-4311-B5D1-308983740F3A}.Release|Windows-ARM.ActiveCfg = Release|Any CPU
		{9F3B3152-AB73-4311-B5D1-308983740F3A}.Release|Windows-ARM.Build.0 = Release|Any CPU
		{9F3B3152-AB73-4311-B5D1-308983740F3A}.Release|Windows-x64.ActiveCfg = Release|Any CPU
		{9F3B3152-AB73-4311-B5D1-308983740F3A}.Release|Windows-x64.Build.0 = Release|Any CPU
		{9F3B3152-AB73-4311-B5D1-308983740F3A}.Release|Windows-x86.ActiveCfg = Release|Any CPU
		{9F3B3152-AB73-4311-B5D1-308983740F3A}.Release|Windows-x86.Build.0 = Release|Any CPU
		{9F3B3152-AB73-4311-B5D1-308983740F3A}.Release|x64.ActiveCfg = Release|Any CPU
		{9F3B3152-AB73-4311-B5D1-308983740F3A}.Release|x64.Build.0 = Release|Any CPU
		{9F3B3152-AB73-4311-B5D1-308983740F3A}.Release|x86.ActiveCfg = Release|Any CPU
		{9F3B3152-AB73-4311-B5D1-308983740F3A}.Release|x86.Build.0 = Release|Any CPU
		{33450298-F0D5-4C0D-8661-7AA692CA4DD8}.Android Release|Android.ActiveCfg = Release|Any CPU
		{33450298-F0D5-4C0D-8661-7AA692CA4DD8}.Android Release|Android.Build.0 = Release|Any CPU
		{33450298-F0D5-4C0D-8661-7AA692CA4DD8}.Android Release|Any CPU.ActiveCfg = Release|Any CPU
		{33450298-F0D5-4C0D-8661-7AA692CA4DD8}.Android Release|Any CPU.Build.0 = Release|Any CPU
		{33450298-F0D5-4C0D-8661-7AA692CA4DD8}.Android Release|ARM.ActiveCfg = Release|Any CPU
		{33450298-F0D5-4C0D-8661-7AA692CA4DD8}.Android Release|ARM.Build.0 = Release|Any CPU
		{33450298-F0D5-4C0D-8661-7AA692CA4DD8}.Android Release|iOS.ActiveCfg = Release|Any CPU
		{33450298-F0D5-4C0D-8661-7AA692CA4DD8}.Android Release|iOS.Build.0 = Release|Any CPU
		{33450298-F0D5-4C0D-8661-7AA692CA4DD8}.Android Release|Windows Phone (Universal).ActiveCfg = Release|Any CPU
		{33450298-F0D5-4C0D-8661-7AA692CA4DD8}.Android Release|Windows Phone (Universal).Build.0 = Release|Any CPU
		{33450298-F0D5-4C0D-8661-7AA692CA4DD8}.Android Release|Windows Phone 8.ActiveCfg = Release|Any CPU
		{33450298-F0D5-4C0D-8661-7AA692CA4DD8}.Android Release|Windows Phone 8.Build.0 = Release|Any CPU
		{33450298-F0D5-4C0D-8661-7AA692CA4DD8}.Android Release|Windows-AnyCPU.ActiveCfg = Release|Any CPU
		{33450298-F0D5-4C0D-8661-7AA692CA4DD8}.Android Release|Windows-AnyCPU.Build.0 = Release|Any CPU
		{33450298-F0D5-4C0D-8661-7AA692CA4DD8}.Android Release|Windows-ARM.ActiveCfg = Release|Any CPU
		{33450298-F0D5-4C0D-8661-7AA692CA4DD8}.Android Release|Windows-ARM.Build.0 = Release|Any CPU
		{33450298-F0D5-4C0D-8661-7AA692CA4DD8}.Android Release|Windows-x64.ActiveCfg = Release|Any CPU
		{33450298-F0D5-4C0D-8661-7AA692CA4DD8}.Android Release|Windows-x64.Build.0 = Release|Any CPU
		{33450298-F0D5-4C0D-8661-7AA692CA4DD8}.Android Release|Windows-x86.ActiveCfg = Release|Any CPU
		{33450298-F0D5-4C0D-8661-7AA692CA4DD8}.Android Release|Windows-x86.Build.0 = Release|Any CPU
		{33450298-F0D5-4C0D-8661-7AA692CA4DD8}.Android Release|x64.ActiveCfg = Release|Any CPU
		{33450298-F0D5-4C0D-8661-7AA692CA4DD8}.Android Release|x64.Build.0 = Release|Any CPU
		{33450298-F0D5-4C0D-8661-7AA692CA4DD8}.Android Release|x86.ActiveCfg = Release|Any CPU
		{33450298-F0D5-4C0D-8661-7AA692CA4DD8}.Android Release|x86.Build.0 = Release|Any CPU
		{33450298-F0D5-4C0D-8661-7AA692CA4DD8}.Debug|Android.ActiveCfg = Debug|Any CPU
		{33450298-F0D5-4C0D-8661-7AA692CA4DD8}.Debug|Android.Build.0 = Debug|Any CPU
		{33450298-F0D5-4C0D-8661-7AA692CA4DD8}.Debug|Any CPU.ActiveCfg = Debug|Any CPU
		{33450298-F0D5-4C0D-8661-7AA692CA4DD8}.Debug|Any CPU.Build.0 = Debug|Any CPU
		{33450298-F0D5-4C0D-8661-7AA692CA4DD8}.Debug|ARM.ActiveCfg = Debug|Any CPU
		{33450298-F0D5-4C0D-8661-7AA692CA4DD8}.Debug|ARM.Build.0 = Debug|Any CPU
		{33450298-F0D5-4C0D-8661-7AA692CA4DD8}.Debug|iOS.ActiveCfg = Debug|Any CPU
		{33450298-F0D5-4C0D-8661-7AA692CA4DD8}.Debug|iOS.Build.0 = Debug|Any CPU
		{33450298-F0D5-4C0D-8661-7AA692CA4DD8}.Debug|Windows Phone (Universal).ActiveCfg = Debug|Any CPU
		{33450298-F0D5-4C0D-8661-7AA692CA4DD8}.Debug|Windows Phone (Universal).Build.0 = Debug|Any CPU
		{33450298-F0D5-4C0D-8661-7AA692CA4DD8}.Debug|Windows Phone 8.ActiveCfg = Debug|Any CPU
		{33450298-F0D5-4C0D-8661-7AA692CA4DD8}.Debug|Windows Phone 8.Build.0 = Debug|Any CPU
		{33450298-F0D5-4C0D-8661-7AA692CA4DD8}.Debug|Windows-AnyCPU.ActiveCfg = Debug|Any CPU
		{33450298-F0D5-4C0D-8661-7AA692CA4DD8}.Debug|Windows-AnyCPU.Build.0 = Debug|Any CPU
		{33450298-F0D5-4C0D-8661-7AA692CA4DD8}.Debug|Windows-ARM.ActiveCfg = Debug|Any CPU
		{33450298-F0D5-4C0D-8661-7AA692CA4DD8}.Debug|Windows-ARM.Build.0 = Debug|Any CPU
		{33450298-F0D5-4C0D-8661-7AA692CA4DD8}.Debug|Windows-x64.ActiveCfg = Debug|Any CPU
		{33450298-F0D5-4C0D-8661-7AA692CA4DD8}.Debug|Windows-x64.Build.0 = Debug|Any CPU
		{33450298-F0D5-4C0D-8661-7AA692CA4DD8}.Debug|Windows-x86.ActiveCfg = Debug|Any CPU
		{33450298-F0D5-4C0D-8661-7AA692CA4DD8}.Debug|Windows-x86.Build.0 = Debug|Any CPU
		{33450298-F0D5-4C0D-8661-7AA692CA4DD8}.Debug|x64.ActiveCfg = Debug|Any CPU
		{33450298-F0D5-4C0D-8661-7AA692CA4DD8}.Debug|x64.Build.0 = Debug|Any CPU
		{33450298-F0D5-4C0D-8661-7AA692CA4DD8}.Debug|x86.ActiveCfg = Debug|Any CPU
		{33450298-F0D5-4C0D-8661-7AA692CA4DD8}.Debug|x86.Build.0 = Debug|Any CPU
		{33450298-F0D5-4C0D-8661-7AA692CA4DD8}.iOS Release|Android.ActiveCfg = Release|Any CPU
		{33450298-F0D5-4C0D-8661-7AA692CA4DD8}.iOS Release|Android.Build.0 = Release|Any CPU
		{33450298-F0D5-4C0D-8661-7AA692CA4DD8}.iOS Release|Any CPU.ActiveCfg = Release|Any CPU
		{33450298-F0D5-4C0D-8661-7AA692CA4DD8}.iOS Release|Any CPU.Build.0 = Release|Any CPU
		{33450298-F0D5-4C0D-8661-7AA692CA4DD8}.iOS Release|ARM.ActiveCfg = Release|Any CPU
		{33450298-F0D5-4C0D-8661-7AA692CA4DD8}.iOS Release|ARM.Build.0 = Release|Any CPU
		{33450298-F0D5-4C0D-8661-7AA692CA4DD8}.iOS Release|iOS.ActiveCfg = Release|Any CPU
		{33450298-F0D5-4C0D-8661-7AA692CA4DD8}.iOS Release|iOS.Build.0 = Release|Any CPU
		{33450298-F0D5-4C0D-8661-7AA692CA4DD8}.iOS Release|Windows Phone (Universal).ActiveCfg = Release|Any CPU
		{33450298-F0D5-4C0D-8661-7AA692CA4DD8}.iOS Release|Windows Phone (Universal).Build.0 = Release|Any CPU
		{33450298-F0D5-4C0D-8661-7AA692CA4DD8}.iOS Release|Windows Phone 8.ActiveCfg = Release|Any CPU
		{33450298-F0D5-4C0D-8661-7AA692CA4DD8}.iOS Release|Windows Phone 8.Build.0 = Release|Any CPU
		{33450298-F0D5-4C0D-8661-7AA692CA4DD8}.iOS Release|Windows-AnyCPU.ActiveCfg = Release|Any CPU
		{33450298-F0D5-4C0D-8661-7AA692CA4DD8}.iOS Release|Windows-AnyCPU.Build.0 = Release|Any CPU
		{33450298-F0D5-4C0D-8661-7AA692CA4DD8}.iOS Release|Windows-ARM.ActiveCfg = Release|Any CPU
		{33450298-F0D5-4C0D-8661-7AA692CA4DD8}.iOS Release|Windows-ARM.Build.0 = Release|Any CPU
		{33450298-F0D5-4C0D-8661-7AA692CA4DD8}.iOS Release|Windows-x64.ActiveCfg = Release|Any CPU
		{33450298-F0D5-4C0D-8661-7AA692CA4DD8}.iOS Release|Windows-x64.Build.0 = Release|Any CPU
		{33450298-F0D5-4C0D-8661-7AA692CA4DD8}.iOS Release|Windows-x86.ActiveCfg = Release|Any CPU
		{33450298-F0D5-4C0D-8661-7AA692CA4DD8}.iOS Release|Windows-x86.Build.0 = Release|Any CPU
		{33450298-F0D5-4C0D-8661-7AA692CA4DD8}.iOS Release|x64.ActiveCfg = Release|Any CPU
		{33450298-F0D5-4C0D-8661-7AA692CA4DD8}.iOS Release|x64.Build.0 = Release|Any CPU
		{33450298-F0D5-4C0D-8661-7AA692CA4DD8}.iOS Release|x86.ActiveCfg = Release|Any CPU
		{33450298-F0D5-4C0D-8661-7AA692CA4DD8}.iOS Release|x86.Build.0 = Release|Any CPU
		{33450298-F0D5-4C0D-8661-7AA692CA4DD8}.Release|Android.ActiveCfg = Release|Any CPU
		{33450298-F0D5-4C0D-8661-7AA692CA4DD8}.Release|Android.Build.0 = Release|Any CPU
		{33450298-F0D5-4C0D-8661-7AA692CA4DD8}.Release|Any CPU.ActiveCfg = Release|Any CPU
		{33450298-F0D5-4C0D-8661-7AA692CA4DD8}.Release|Any CPU.Build.0 = Release|Any CPU
		{33450298-F0D5-4C0D-8661-7AA692CA4DD8}.Release|ARM.ActiveCfg = Release|Any CPU
		{33450298-F0D5-4C0D-8661-7AA692CA4DD8}.Release|ARM.Build.0 = Release|Any CPU
		{33450298-F0D5-4C0D-8661-7AA692CA4DD8}.Release|iOS.ActiveCfg = Release|Any CPU
		{33450298-F0D5-4C0D-8661-7AA692CA4DD8}.Release|iOS.Build.0 = Release|Any CPU
		{33450298-F0D5-4C0D-8661-7AA692CA4DD8}.Release|Windows Phone (Universal).ActiveCfg = Release|Any CPU
		{33450298-F0D5-4C0D-8661-7AA692CA4DD8}.Release|Windows Phone (Universal).Build.0 = Release|Any CPU
		{33450298-F0D5-4C0D-8661-7AA692CA4DD8}.Release|Windows Phone 8.ActiveCfg = Release|Any CPU
		{33450298-F0D5-4C0D-8661-7AA692CA4DD8}.Release|Windows Phone 8.Build.0 = Release|Any CPU
		{33450298-F0D5-4C0D-8661-7AA692CA4DD8}.Release|Windows-AnyCPU.ActiveCfg = Release|Any CPU
		{33450298-F0D5-4C0D-8661-7AA692CA4DD8}.Release|Windows-AnyCPU.Build.0 = Release|Any CPU
		{33450298-F0D5-4C0D-8661-7AA692CA4DD8}.Release|Windows-ARM.ActiveCfg = Release|Any CPU
		{33450298-F0D5-4C0D-8661-7AA692CA4DD8}.Release|Windows-ARM.Build.0 = Release|Any CPU
		{33450298-F0D5-4C0D-8661-7AA692CA4DD8}.Release|Windows-x64.ActiveCfg = Release|Any CPU
		{33450298-F0D5-4C0D-8661-7AA692CA4DD8}.Release|Windows-x64.Build.0 = Release|Any CPU
		{33450298-F0D5-4C0D-8661-7AA692CA4DD8}.Release|Windows-x86.ActiveCfg = Release|Any CPU
		{33450298-F0D5-4C0D-8661-7AA692CA4DD8}.Release|Windows-x86.Build.0 = Release|Any CPU
		{33450298-F0D5-4C0D-8661-7AA692CA4DD8}.Release|x64.ActiveCfg = Release|Any CPU
		{33450298-F0D5-4C0D-8661-7AA692CA4DD8}.Release|x64.Build.0 = Release|Any CPU
		{33450298-F0D5-4C0D-8661-7AA692CA4DD8}.Release|x86.ActiveCfg = Release|Any CPU
		{33450298-F0D5-4C0D-8661-7AA692CA4DD8}.Release|x86.Build.0 = Release|Any CPU
	EndGlobalSection
	GlobalSection(SolutionProperties) = preSolution
		HideSolutionNode = FALSE
	EndGlobalSection
	GlobalSection(NestedProjects) = preSolution
		{E6208F1B-4D31-4B74-83A0-E8133292B3C0} = {F63C8BB8-6F62-4CC6-9577-94E9B681ADCC}
		{50C88939-B2A7-4AE5-AB18-61F7C621AD55} = {868357E1-776A-440B-BBBA-A34268C3CDE0}
		{257230E5-8D1F-4E80-8ABD-486E63B373DE} = {868357E1-776A-440B-BBBA-A34268C3CDE0}
	EndGlobalSection
EndGlobal
