
Microsoft Visual Studio Solution File, Format Version 12.00
# Visual Studio 14
VisualStudioVersion = 14.0.24720.0
MinimumVisualStudioVersion = 10.0.40219.1
Project("{FAE04EC0-301F-11D3-BF4B-00C04F79EFBC}") = "StationCAD.Processor", "StationCAD.Processor\StationCAD.Processor.csproj", "{E46BB238-F0DE-4152-92D7-3BBA3F06CAEE}"
EndProject
Project("{FAE04EC0-301F-11D3-BF4B-00C04F79EFBC}") = "StationCAD.Model", "StationCAD.Model\StationCAD.Model.csproj", "{A118035E-BFE3-4BD3-9192-EAFAF4372519}"
EndProject
Project("{2150E333-8FDC-42A3-9474-1A3956D46DE8}") = "Web", "Web", "{868357E1-776A-440B-BBBA-A34268C3CDE0}"
EndProject
Project("{FAE04EC0-301F-11D3-BF4B-00C04F79EFBC}") = "StationCAD.Web", "StationCAD.Web\StationCAD.Web.csproj", "{CB311FDA-8154-42A4-844C-D0C62F8FCB54}"
EndProject
Project("{2150E333-8FDC-42A3-9474-1A3956D46DE8}") = "Client", "Client", "{F63C8BB8-6F62-4CC6-9577-94E9B681ADCC}"
EndProject
Project("{262852C6-CD72-467D-83FE-5EEB1973A190}") = "StationCAD.Mobile", "StationCAD.Mobile\StationCAD.Mobile.jsproj", "{48B9D03C-4DA0-489A-9329-87915B64FF71}"
EndProject
Project("{FAE04EC0-301F-11D3-BF4B-00C04F79EFBC}") = "StationCAD.API", "StationCAD.API\StationCAD.API.csproj", "{BF4B3D68-2C82-4099-B5D0-6208D04B60CA}"
EndProject
Project("{FAE04EC0-301F-11D3-BF4B-00C04F79EFBC}") = "StationCAD.API.Tests", "StationCAD.API.Tests\StationCAD.API.Tests.csproj", "{226EA5D3-3A49-48BF-84E9-D3387B67A602}"
EndProject
Global
	GlobalSection(SolutionConfigurationPlatforms) = preSolution
		Debug|Android = Debug|Android
		Debug|Any CPU = Debug|Any CPU
		Debug|iOS = Debug|iOS
		Debug|Windows Phone (Universal) = Debug|Windows Phone (Universal)
		Debug|Windows Phone 8 = Debug|Windows Phone 8
		Debug|Windows-AnyCPU = Debug|Windows-AnyCPU
		Debug|Windows-ARM = Debug|Windows-ARM
		Debug|Windows-x64 = Debug|Windows-x64
		Debug|Windows-x86 = Debug|Windows-x86
		Release|Android = Release|Android
		Release|Any CPU = Release|Any CPU
		Release|iOS = Release|iOS
		Release|Windows Phone (Universal) = Release|Windows Phone (Universal)
		Release|Windows Phone 8 = Release|Windows Phone 8
		Release|Windows-AnyCPU = Release|Windows-AnyCPU
		Release|Windows-ARM = Release|Windows-ARM
		Release|Windows-x64 = Release|Windows-x64
		Release|Windows-x86 = Release|Windows-x86
	EndGlobalSection
	GlobalSection(ProjectConfigurationPlatforms) = postSolution
		{E46BB238-F0DE-4152-92D7-3BBA3F06CAEE}.Debug|Android.ActiveCfg = Debug|Any CPU
		{E46BB238-F0DE-4152-92D7-3BBA3F06CAEE}.Debug|Android.Build.0 = Debug|Any CPU
		{E46BB238-F0DE-4152-92D7-3BBA3F06CAEE}.Debug|Any CPU.ActiveCfg = Debug|Any CPU
		{E46BB238-F0DE-4152-92D7-3BBA3F06CAEE}.Debug|Any CPU.Build.0 = Debug|Any CPU
		{E46BB238-F0DE-4152-92D7-3BBA3F06CAEE}.Debug|iOS.ActiveCfg = Debug|Any CPU
		{E46BB238-F0DE-4152-92D7-3BBA3F06CAEE}.Debug|iOS.Build.0 = Debug|Any CPU
		{E46BB238-F0DE-4152-92D7-3BBA3F06CAEE}.Debug|Windows Phone (Universal).ActiveCfg = Debug|Any CPU
		{E46BB238-F0DE-4152-92D7-3BBA3F06CAEE}.Debug|Windows Phone (Universal).Build.0 = Debug|Any CPU
		{E46BB238-F0DE-4152-92D7-3BBA3F06CAEE}.Debug|Windows Phone 8.ActiveCfg = Debug|Any CPU
		{E46BB238-F0DE-4152-92D7-3BBA3F06CAEE}.Debug|Windows Phone 8.Build.0 = Debug|Any CPU
		{E46BB238-F0DE-4152-92D7-3BBA3F06CAEE}.Debug|Windows-AnyCPU.ActiveCfg = Debug|Any CPU
		{E46BB238-F0DE-4152-92D7-3BBA3F06CAEE}.Debug|Windows-AnyCPU.Build.0 = Debug|Any CPU
		{E46BB238-F0DE-4152-92D7-3BBA3F06CAEE}.Debug|Windows-ARM.ActiveCfg = Debug|Any CPU
		{E46BB238-F0DE-4152-92D7-3BBA3F06CAEE}.Debug|Windows-ARM.Build.0 = Debug|Any CPU
		{E46BB238-F0DE-4152-92D7-3BBA3F06CAEE}.Debug|Windows-x64.ActiveCfg = Debug|Any CPU
		{E46BB238-F0DE-4152-92D7-3BBA3F06CAEE}.Debug|Windows-x64.Build.0 = Debug|Any CPU
		{E46BB238-F0DE-4152-92D7-3BBA3F06CAEE}.Debug|Windows-x86.ActiveCfg = Debug|Any CPU
		{E46BB238-F0DE-4152-92D7-3BBA3F06CAEE}.Debug|Windows-x86.Build.0 = Debug|Any CPU
		{E46BB238-F0DE-4152-92D7-3BBA3F06CAEE}.Release|Android.ActiveCfg = Release|Any CPU
		{E46BB238-F0DE-4152-92D7-3BBA3F06CAEE}.Release|Android.Build.0 = Release|Any CPU
		{E46BB238-F0DE-4152-92D7-3BBA3F06CAEE}.Release|Any CPU.ActiveCfg = Release|Any CPU
		{E46BB238-F0DE-4152-92D7-3BBA3F06CAEE}.Release|Any CPU.Build.0 = Release|Any CPU
		{E46BB238-F0DE-4152-92D7-3BBA3F06CAEE}.Release|iOS.ActiveCfg = Release|Any CPU
		{E46BB238-F0DE-4152-92D7-3BBA3F06CAEE}.Release|iOS.Build.0 = Release|Any CPU
		{E46BB238-F0DE-4152-92D7-3BBA3F06CAEE}.Release|Windows Phone (Universal).ActiveCfg = Release|Any CPU
		{E46BB238-F0DE-4152-92D7-3BBA3F06CAEE}.Release|Windows Phone (Universal).Build.0 = Release|Any CPU
		{E46BB238-F0DE-4152-92D7-3BBA3F06CAEE}.Release|Windows Phone 8.ActiveCfg = Release|Any CPU
		{E46BB238-F0DE-4152-92D7-3BBA3F06CAEE}.Release|Windows Phone 8.Build.0 = Release|Any CPU
		{E46BB238-F0DE-4152-92D7-3BBA3F06CAEE}.Release|Windows-AnyCPU.ActiveCfg = Release|Any CPU
		{E46BB238-F0DE-4152-92D7-3BBA3F06CAEE}.Release|Windows-AnyCPU.Build.0 = Release|Any CPU
		{E46BB238-F0DE-4152-92D7-3BBA3F06CAEE}.Release|Windows-ARM.ActiveCfg = Release|Any CPU
		{E46BB238-F0DE-4152-92D7-3BBA3F06CAEE}.Release|Windows-ARM.Build.0 = Release|Any CPU
		{E46BB238-F0DE-4152-92D7-3BBA3F06CAEE}.Release|Windows-x64.ActiveCfg = Release|Any CPU
		{E46BB238-F0DE-4152-92D7-3BBA3F06CAEE}.Release|Windows-x64.Build.0 = Release|Any CPU
		{E46BB238-F0DE-4152-92D7-3BBA3F06CAEE}.Release|Windows-x86.ActiveCfg = Release|Any CPU
		{E46BB238-F0DE-4152-92D7-3BBA3F06CAEE}.Release|Windows-x86.Build.0 = Release|Any CPU
		{A118035E-BFE3-4BD3-9192-EAFAF4372519}.Debug|Android.ActiveCfg = Debug|Any CPU
		{A118035E-BFE3-4BD3-9192-EAFAF4372519}.Debug|Android.Build.0 = Debug|Any CPU
		{A118035E-BFE3-4BD3-9192-EAFAF4372519}.Debug|Any CPU.ActiveCfg = Debug|Any CPU
		{A118035E-BFE3-4BD3-9192-EAFAF4372519}.Debug|Any CPU.Build.0 = Debug|Any CPU
		{A118035E-BFE3-4BD3-9192-EAFAF4372519}.Debug|iOS.ActiveCfg = Debug|Any CPU
		{A118035E-BFE3-4BD3-9192-EAFAF4372519}.Debug|iOS.Build.0 = Debug|Any CPU
		{A118035E-BFE3-4BD3-9192-EAFAF4372519}.Debug|Windows Phone (Universal).ActiveCfg = Debug|Any CPU
		{A118035E-BFE3-4BD3-9192-EAFAF4372519}.Debug|Windows Phone (Universal).Build.0 = Debug|Any CPU
		{A118035E-BFE3-4BD3-9192-EAFAF4372519}.Debug|Windows Phone 8.ActiveCfg = Debug|Any CPU
		{A118035E-BFE3-4BD3-9192-EAFAF4372519}.Debug|Windows Phone 8.Build.0 = Debug|Any CPU
		{A118035E-BFE3-4BD3-9192-EAFAF4372519}.Debug|Windows-AnyCPU.ActiveCfg = Debug|Any CPU
		{A118035E-BFE3-4BD3-9192-EAFAF4372519}.Debug|Windows-AnyCPU.Build.0 = Debug|Any CPU
		{A118035E-BFE3-4BD3-9192-EAFAF4372519}.Debug|Windows-ARM.ActiveCfg = Debug|Any CPU
		{A118035E-BFE3-4BD3-9192-EAFAF4372519}.Debug|Windows-ARM.Build.0 = Debug|Any CPU
		{A118035E-BFE3-4BD3-9192-EAFAF4372519}.Debug|Windows-x64.ActiveCfg = Debug|Any CPU
		{A118035E-BFE3-4BD3-9192-EAFAF4372519}.Debug|Windows-x64.Build.0 = Debug|Any CPU
		{A118035E-BFE3-4BD3-9192-EAFAF4372519}.Debug|Windows-x86.ActiveCfg = Debug|Any CPU
		{A118035E-BFE3-4BD3-9192-EAFAF4372519}.Debug|Windows-x86.Build.0 = Debug|Any CPU
		{A118035E-BFE3-4BD3-9192-EAFAF4372519}.Release|Android.ActiveCfg = Release|Any CPU
		{A118035E-BFE3-4BD3-9192-EAFAF4372519}.Release|Android.Build.0 = Release|Any CPU
		{A118035E-BFE3-4BD3-9192-EAFAF4372519}.Release|Any CPU.ActiveCfg = Release|Any CPU
		{A118035E-BFE3-4BD3-9192-EAFAF4372519}.Release|Any CPU.Build.0 = Release|Any CPU
		{A118035E-BFE3-4BD3-9192-EAFAF4372519}.Release|iOS.ActiveCfg = Release|Any CPU
		{A118035E-BFE3-4BD3-9192-EAFAF4372519}.Release|iOS.Build.0 = Release|Any CPU
		{A118035E-BFE3-4BD3-9192-EAFAF4372519}.Release|Windows Phone (Universal).ActiveCfg = Release|Any CPU
		{A118035E-BFE3-4BD3-9192-EAFAF4372519}.Release|Windows Phone (Universal).Build.0 = Release|Any CPU
		{A118035E-BFE3-4BD3-9192-EAFAF4372519}.Release|Windows Phone 8.ActiveCfg = Release|Any CPU
		{A118035E-BFE3-4BD3-9192-EAFAF4372519}.Release|Windows Phone 8.Build.0 = Release|Any CPU
		{A118035E-BFE3-4BD3-9192-EAFAF4372519}.Release|Windows-AnyCPU.ActiveCfg = Release|Any CPU
		{A118035E-BFE3-4BD3-9192-EAFAF4372519}.Release|Windows-AnyCPU.Build.0 = Release|Any CPU
		{A118035E-BFE3-4BD3-9192-EAFAF4372519}.Release|Windows-ARM.ActiveCfg = Release|Any CPU
		{A118035E-BFE3-4BD3-9192-EAFAF4372519}.Release|Windows-ARM.Build.0 = Release|Any CPU
		{A118035E-BFE3-4BD3-9192-EAFAF4372519}.Release|Windows-x64.ActiveCfg = Release|Any CPU
		{A118035E-BFE3-4BD3-9192-EAFAF4372519}.Release|Windows-x64.Build.0 = Release|Any CPU
		{A118035E-BFE3-4BD3-9192-EAFAF4372519}.Release|Windows-x86.ActiveCfg = Release|Any CPU
		{A118035E-BFE3-4BD3-9192-EAFAF4372519}.Release|Windows-x86.Build.0 = Release|Any CPU
		{CB311FDA-8154-42A4-844C-D0C62F8FCB54}.Debug|Android.ActiveCfg = Debug|Any CPU
		{CB311FDA-8154-42A4-844C-D0C62F8FCB54}.Debug|Android.Build.0 = Debug|Any CPU
		{CB311FDA-8154-42A4-844C-D0C62F8FCB54}.Debug|Any CPU.ActiveCfg = Debug|Any CPU
		{CB311FDA-8154-42A4-844C-D0C62F8FCB54}.Debug|Any CPU.Build.0 = Debug|Any CPU
		{CB311FDA-8154-42A4-844C-D0C62F8FCB54}.Debug|iOS.ActiveCfg = Debug|Any CPU
		{CB311FDA-8154-42A4-844C-D0C62F8FCB54}.Debug|iOS.Build.0 = Debug|Any CPU
		{CB311FDA-8154-42A4-844C-D0C62F8FCB54}.Debug|Windows Phone (Universal).ActiveCfg = Debug|Any CPU
		{CB311FDA-8154-42A4-844C-D0C62F8FCB54}.Debug|Windows Phone (Universal).Build.0 = Debug|Any CPU
		{CB311FDA-8154-42A4-844C-D0C62F8FCB54}.Debug|Windows Phone 8.ActiveCfg = Debug|Any CPU
		{CB311FDA-8154-42A4-844C-D0C62F8FCB54}.Debug|Windows Phone 8.Build.0 = Debug|Any CPU
		{CB311FDA-8154-42A4-844C-D0C62F8FCB54}.Debug|Windows-AnyCPU.ActiveCfg = Debug|Any CPU
		{CB311FDA-8154-42A4-844C-D0C62F8FCB54}.Debug|Windows-AnyCPU.Build.0 = Debug|Any CPU
		{CB311FDA-8154-42A4-844C-D0C62F8FCB54}.Debug|Windows-ARM.ActiveCfg = Debug|Any CPU
		{CB311FDA-8154-42A4-844C-D0C62F8FCB54}.Debug|Windows-ARM.Build.0 = Debug|Any CPU
		{CB311FDA-8154-42A4-844C-D0C62F8FCB54}.Debug|Windows-x64.ActiveCfg = Debug|Any CPU
		{CB311FDA-8154-42A4-844C-D0C62F8FCB54}.Debug|Windows-x64.Build.0 = Debug|Any CPU
		{CB311FDA-8154-42A4-844C-D0C62F8FCB54}.Debug|Windows-x86.ActiveCfg = Debug|Any CPU
		{CB311FDA-8154-42A4-844C-D0C62F8FCB54}.Debug|Windows-x86.Build.0 = Debug|Any CPU
		{CB311FDA-8154-42A4-844C-D0C62F8FCB54}.Release|Android.ActiveCfg = Release|Any CPU
		{CB311FDA-8154-42A4-844C-D0C62F8FCB54}.Release|Android.Build.0 = Release|Any CPU
		{CB311FDA-8154-42A4-844C-D0C62F8FCB54}.Release|Any CPU.ActiveCfg = Release|Any CPU
		{CB311FDA-8154-42A4-844C-D0C62F8FCB54}.Release|Any CPU.Build.0 = Release|Any CPU
		{CB311FDA-8154-42A4-844C-D0C62F8FCB54}.Release|iOS.ActiveCfg = Release|Any CPU
		{CB311FDA-8154-42A4-844C-D0C62F8FCB54}.Release|iOS.Build.0 = Release|Any CPU
		{CB311FDA-8154-42A4-844C-D0C62F8FCB54}.Release|Windows Phone (Universal).ActiveCfg = Release|Any CPU
		{CB311FDA-8154-42A4-844C-D0C62F8FCB54}.Release|Windows Phone (Universal).Build.0 = Release|Any CPU
		{CB311FDA-8154-42A4-844C-D0C62F8FCB54}.Release|Windows Phone 8.ActiveCfg = Release|Any CPU
		{CB311FDA-8154-42A4-844C-D0C62F8FCB54}.Release|Windows Phone 8.Build.0 = Release|Any CPU
		{CB311FDA-8154-42A4-844C-D0C62F8FCB54}.Release|Windows-AnyCPU.ActiveCfg = Release|Any CPU
		{CB311FDA-8154-42A4-844C-D0C62F8FCB54}.Release|Windows-AnyCPU.Build.0 = Release|Any CPU
		{CB311FDA-8154-42A4-844C-D0C62F8FCB54}.Release|Windows-ARM.ActiveCfg = Release|Any CPU
		{CB311FDA-8154-42A4-844C-D0C62F8FCB54}.Release|Windows-ARM.Build.0 = Release|Any CPU
		{CB311FDA-8154-42A4-844C-D0C62F8FCB54}.Release|Windows-x64.ActiveCfg = Release|Any CPU
		{CB311FDA-8154-42A4-844C-D0C62F8FCB54}.Release|Windows-x64.Build.0 = Release|Any CPU
		{CB311FDA-8154-42A4-844C-D0C62F8FCB54}.Release|Windows-x86.ActiveCfg = Release|Any CPU
		{CB311FDA-8154-42A4-844C-D0C62F8FCB54}.Release|Windows-x86.Build.0 = Release|Any CPU
		{48B9D03C-4DA0-489A-9329-87915B64FF71}.Debug|Android.ActiveCfg = Debug|Android
		{48B9D03C-4DA0-489A-9329-87915B64FF71}.Debug|Android.Build.0 = Debug|Android
		{48B9D03C-4DA0-489A-9329-87915B64FF71}.Debug|Android.Deploy.0 = Debug|Android
		{48B9D03C-4DA0-489A-9329-87915B64FF71}.Debug|Any CPU.ActiveCfg = Debug|Android
		{48B9D03C-4DA0-489A-9329-87915B64FF71}.Debug|iOS.ActiveCfg = Debug|iOS
		{48B9D03C-4DA0-489A-9329-87915B64FF71}.Debug|iOS.Build.0 = Debug|iOS
		{48B9D03C-4DA0-489A-9329-87915B64FF71}.Debug|iOS.Deploy.0 = Debug|iOS
		{48B9D03C-4DA0-489A-9329-87915B64FF71}.Debug|Windows Phone (Universal).ActiveCfg = Debug|Windows Phone (Universal)
		{48B9D03C-4DA0-489A-9329-87915B64FF71}.Debug|Windows Phone (Universal).Build.0 = Debug|Windows Phone (Universal)
		{48B9D03C-4DA0-489A-9329-87915B64FF71}.Debug|Windows Phone (Universal).Deploy.0 = Debug|Windows Phone (Universal)
		{48B9D03C-4DA0-489A-9329-87915B64FF71}.Debug|Windows Phone 8.ActiveCfg = Debug|Windows Phone 8
		{48B9D03C-4DA0-489A-9329-87915B64FF71}.Debug|Windows Phone 8.Build.0 = Debug|Windows Phone 8
		{48B9D03C-4DA0-489A-9329-87915B64FF71}.Debug|Windows Phone 8.Deploy.0 = Debug|Windows Phone 8
		{48B9D03C-4DA0-489A-9329-87915B64FF71}.Debug|Windows-AnyCPU.ActiveCfg = Debug|Windows-AnyCPU
		{48B9D03C-4DA0-489A-9329-87915B64FF71}.Debug|Windows-AnyCPU.Build.0 = Debug|Windows-AnyCPU
		{48B9D03C-4DA0-489A-9329-87915B64FF71}.Debug|Windows-AnyCPU.Deploy.0 = Debug|Windows-AnyCPU
		{48B9D03C-4DA0-489A-9329-87915B64FF71}.Debug|Windows-ARM.ActiveCfg = Debug|Windows-ARM
		{48B9D03C-4DA0-489A-9329-87915B64FF71}.Debug|Windows-ARM.Build.0 = Debug|Windows-ARM
		{48B9D03C-4DA0-489A-9329-87915B64FF71}.Debug|Windows-ARM.Deploy.0 = Debug|Windows-ARM
		{48B9D03C-4DA0-489A-9329-87915B64FF71}.Debug|Windows-x64.ActiveCfg = Debug|Windows-x64
		{48B9D03C-4DA0-489A-9329-87915B64FF71}.Debug|Windows-x64.Build.0 = Debug|Windows-x64
		{48B9D03C-4DA0-489A-9329-87915B64FF71}.Debug|Windows-x64.Deploy.0 = Debug|Windows-x64
		{48B9D03C-4DA0-489A-9329-87915B64FF71}.Debug|Windows-x86.ActiveCfg = Debug|Windows-x86
		{48B9D03C-4DA0-489A-9329-87915B64FF71}.Debug|Windows-x86.Build.0 = Debug|Windows-x86
		{48B9D03C-4DA0-489A-9329-87915B64FF71}.Debug|Windows-x86.Deploy.0 = Debug|Windows-x86
		{48B9D03C-4DA0-489A-9329-87915B64FF71}.Release|Android.ActiveCfg = Release|Android
		{48B9D03C-4DA0-489A-9329-87915B64FF71}.Release|Android.Build.0 = Release|Android
		{48B9D03C-4DA0-489A-9329-87915B64FF71}.Release|Android.Deploy.0 = Release|Android
		{48B9D03C-4DA0-489A-9329-87915B64FF71}.Release|Any CPU.ActiveCfg = Release|Android
		{48B9D03C-4DA0-489A-9329-87915B64FF71}.Release|iOS.ActiveCfg = Release|iOS
		{48B9D03C-4DA0-489A-9329-87915B64FF71}.Release|iOS.Build.0 = Release|iOS
		{48B9D03C-4DA0-489A-9329-87915B64FF71}.Release|iOS.Deploy.0 = Release|iOS
		{48B9D03C-4DA0-489A-9329-87915B64FF71}.Release|Windows Phone (Universal).ActiveCfg = Release|Windows Phone (Universal)
		{48B9D03C-4DA0-489A-9329-87915B64FF71}.Release|Windows Phone (Universal).Build.0 = Release|Windows Phone (Universal)
		{48B9D03C-4DA0-489A-9329-87915B64FF71}.Release|Windows Phone (Universal).Deploy.0 = Release|Windows Phone (Universal)
		{48B9D03C-4DA0-489A-9329-87915B64FF71}.Release|Windows Phone 8.ActiveCfg = Release|Windows Phone 8
		{48B9D03C-4DA0-489A-9329-87915B64FF71}.Release|Windows Phone 8.Build.0 = Release|Windows Phone 8
		{48B9D03C-4DA0-489A-9329-87915B64FF71}.Release|Windows Phone 8.Deploy.0 = Release|Windows Phone 8
		{48B9D03C-4DA0-489A-9329-87915B64FF71}.Release|Windows-AnyCPU.ActiveCfg = Release|Windows-AnyCPU
		{48B9D03C-4DA0-489A-9329-87915B64FF71}.Release|Windows-AnyCPU.Build.0 = Release|Windows-AnyCPU
		{48B9D03C-4DA0-489A-9329-87915B64FF71}.Release|Windows-AnyCPU.Deploy.0 = Release|Windows-AnyCPU
		{48B9D03C-4DA0-489A-9329-87915B64FF71}.Release|Windows-ARM.ActiveCfg = Release|Windows-ARM
		{48B9D03C-4DA0-489A-9329-87915B64FF71}.Release|Windows-ARM.Build.0 = Release|Windows-ARM
		{48B9D03C-4DA0-489A-9329-87915B64FF71}.Release|Windows-ARM.Deploy.0 = Release|Windows-ARM
		{48B9D03C-4DA0-489A-9329-87915B64FF71}.Release|Windows-x64.ActiveCfg = Release|Windows-x64
		{48B9D03C-4DA0-489A-9329-87915B64FF71}.Release|Windows-x64.Build.0 = Release|Windows-x64
		{48B9D03C-4DA0-489A-9329-87915B64FF71}.Release|Windows-x64.Deploy.0 = Release|Windows-x64
		{48B9D03C-4DA0-489A-9329-87915B64FF71}.Release|Windows-x86.ActiveCfg = Release|Windows-x86
		{48B9D03C-4DA0-489A-9329-87915B64FF71}.Release|Windows-x86.Build.0 = Release|Windows-x86
		{48B9D03C-4DA0-489A-9329-87915B64FF71}.Release|Windows-x86.Deploy.0 = Release|Windows-x86
		{BF4B3D68-2C82-4099-B5D0-6208D04B60CA}.Debug|Android.ActiveCfg = Debug|Any CPU
		{BF4B3D68-2C82-4099-B5D0-6208D04B60CA}.Debug|Android.Build.0 = Debug|Any CPU
		{BF4B3D68-2C82-4099-B5D0-6208D04B60CA}.Debug|Any CPU.ActiveCfg = Debug|Any CPU
		{BF4B3D68-2C82-4099-B5D0-6208D04B60CA}.Debug|Any CPU.Build.0 = Debug|Any CPU
		{BF4B3D68-2C82-4099-B5D0-6208D04B60CA}.Debug|iOS.ActiveCfg = Debug|Any CPU
		{BF4B3D68-2C82-4099-B5D0-6208D04B60CA}.Debug|iOS.Build.0 = Debug|Any CPU
		{BF4B3D68-2C82-4099-B5D0-6208D04B60CA}.Debug|Windows Phone (Universal).ActiveCfg = Debug|Any CPU
		{BF4B3D68-2C82-4099-B5D0-6208D04B60CA}.Debug|Windows Phone (Universal).Build.0 = Debug|Any CPU
		{BF4B3D68-2C82-4099-B5D0-6208D04B60CA}.Debug|Windows Phone 8.ActiveCfg = Debug|Any CPU
		{BF4B3D68-2C82-4099-B5D0-6208D04B60CA}.Debug|Windows Phone 8.Build.0 = Debug|Any CPU
		{BF4B3D68-2C82-4099-B5D0-6208D04B60CA}.Debug|Windows-AnyCPU.ActiveCfg = Debug|Any CPU
		{BF4B3D68-2C82-4099-B5D0-6208D04B60CA}.Debug|Windows-AnyCPU.Build.0 = Debug|Any CPU
		{BF4B3D68-2C82-4099-B5D0-6208D04B60CA}.Debug|Windows-ARM.ActiveCfg = Debug|Any CPU
		{BF4B3D68-2C82-4099-B5D0-6208D04B60CA}.Debug|Windows-ARM.Build.0 = Debug|Any CPU
		{BF4B3D68-2C82-4099-B5D0-6208D04B60CA}.Debug|Windows-x64.ActiveCfg = Debug|Any CPU
		{BF4B3D68-2C82-4099-B5D0-6208D04B60CA}.Debug|Windows-x64.Build.0 = Debug|Any CPU
		{BF4B3D68-2C82-4099-B5D0-6208D04B60CA}.Debug|Windows-x86.ActiveCfg = Debug|Any CPU
		{BF4B3D68-2C82-4099-B5D0-6208D04B60CA}.Debug|Windows-x86.Build.0 = Debug|Any CPU
		{BF4B3D68-2C82-4099-B5D0-6208D04B60CA}.Release|Android.ActiveCfg = Release|Any CPU
		{BF4B3D68-2C82-4099-B5D0-6208D04B60CA}.Release|Android.Build.0 = Release|Any CPU
		{BF4B3D68-2C82-4099-B5D0-6208D04B60CA}.Release|Any CPU.ActiveCfg = Release|Any CPU
		{BF4B3D68-2C82-4099-B5D0-6208D04B60CA}.Release|Any CPU.Build.0 = Release|Any CPU
		{BF4B3D68-2C82-4099-B5D0-6208D04B60CA}.Release|iOS.ActiveCfg = Release|Any CPU
		{BF4B3D68-2C82-4099-B5D0-6208D04B60CA}.Release|iOS.Build.0 = Release|Any CPU
		{BF4B3D68-2C82-4099-B5D0-6208D04B60CA}.Release|Windows Phone (Universal).ActiveCfg = Release|Any CPU
		{BF4B3D68-2C82-4099-B5D0-6208D04B60CA}.Release|Windows Phone (Universal).Build.0 = Release|Any CPU
		{BF4B3D68-2C82-4099-B5D0-6208D04B60CA}.Release|Windows Phone 8.ActiveCfg = Release|Any CPU
		{BF4B3D68-2C82-4099-B5D0-6208D04B60CA}.Release|Windows Phone 8.Build.0 = Release|Any CPU
		{BF4B3D68-2C82-4099-B5D0-6208D04B60CA}.Release|Windows-AnyCPU.ActiveCfg = Release|Any CPU
		{BF4B3D68-2C82-4099-B5D0-6208D04B60CA}.Release|Windows-AnyCPU.Build.0 = Release|Any CPU
		{BF4B3D68-2C82-4099-B5D0-6208D04B60CA}.Release|Windows-ARM.ActiveCfg = Release|Any CPU
		{BF4B3D68-2C82-4099-B5D0-6208D04B60CA}.Release|Windows-ARM.Build.0 = Release|Any CPU
		{BF4B3D68-2C82-4099-B5D0-6208D04B60CA}.Release|Windows-x64.ActiveCfg = Release|Any CPU
		{BF4B3D68-2C82-4099-B5D0-6208D04B60CA}.Release|Windows-x64.Build.0 = Release|Any CPU
		{BF4B3D68-2C82-4099-B5D0-6208D04B60CA}.Release|Windows-x86.ActiveCfg = Release|Any CPU
		{BF4B3D68-2C82-4099-B5D0-6208D04B60CA}.Release|Windows-x86.Build.0 = Release|Any CPU
		{226EA5D3-3A49-48BF-84E9-D3387B67A602}.Debug|Android.ActiveCfg = Debug|Any CPU
		{226EA5D3-3A49-48BF-84E9-D3387B67A602}.Debug|Android.Build.0 = Debug|Any CPU
		{226EA5D3-3A49-48BF-84E9-D3387B67A602}.Debug|Any CPU.ActiveCfg = Debug|Any CPU
		{226EA5D3-3A49-48BF-84E9-D3387B67A602}.Debug|Any CPU.Build.0 = Debug|Any CPU
		{226EA5D3-3A49-48BF-84E9-D3387B67A602}.Debug|iOS.ActiveCfg = Debug|Any CPU
		{226EA5D3-3A49-48BF-84E9-D3387B67A602}.Debug|iOS.Build.0 = Debug|Any CPU
		{226EA5D3-3A49-48BF-84E9-D3387B67A602}.Debug|Windows Phone (Universal).ActiveCfg = Debug|Any CPU
		{226EA5D3-3A49-48BF-84E9-D3387B67A602}.Debug|Windows Phone (Universal).Build.0 = Debug|Any CPU
		{226EA5D3-3A49-48BF-84E9-D3387B67A602}.Debug|Windows Phone 8.ActiveCfg = Debug|Any CPU
		{226EA5D3-3A49-48BF-84E9-D3387B67A602}.Debug|Windows Phone 8.Build.0 = Debug|Any CPU
		{226EA5D3-3A49-48BF-84E9-D3387B67A602}.Debug|Windows-AnyCPU.ActiveCfg = Debug|Any CPU
		{226EA5D3-3A49-48BF-84E9-D3387B67A602}.Debug|Windows-AnyCPU.Build.0 = Debug|Any CPU
		{226EA5D3-3A49-48BF-84E9-D3387B67A602}.Debug|Windows-ARM.ActiveCfg = Debug|Any CPU
		{226EA5D3-3A49-48BF-84E9-D3387B67A602}.Debug|Windows-ARM.Build.0 = Debug|Any CPU
		{226EA5D3-3A49-48BF-84E9-D3387B67A602}.Debug|Windows-x64.ActiveCfg = Debug|Any CPU
		{226EA5D3-3A49-48BF-84E9-D3387B67A602}.Debug|Windows-x64.Build.0 = Debug|Any CPU
		{226EA5D3-3A49-48BF-84E9-D3387B67A602}.Debug|Windows-x86.ActiveCfg = Debug|Any CPU
		{226EA5D3-3A49-48BF-84E9-D3387B67A602}.Debug|Windows-x86.Build.0 = Debug|Any CPU
		{226EA5D3-3A49-48BF-84E9-D3387B67A602}.Release|Android.ActiveCfg = Release|Any CPU
		{226EA5D3-3A49-48BF-84E9-D3387B67A602}.Release|Android.Build.0 = Release|Any CPU
		{226EA5D3-3A49-48BF-84E9-D3387B67A602}.Release|Any CPU.ActiveCfg = Release|Any CPU
		{226EA5D3-3A49-48BF-84E9-D3387B67A602}.Release|Any CPU.Build.0 = Release|Any CPU
		{226EA5D3-3A49-48BF-84E9-D3387B67A602}.Release|iOS.ActiveCfg = Release|Any CPU
		{226EA5D3-3A49-48BF-84E9-D3387B67A602}.Release|iOS.Build.0 = Release|Any CPU
		{226EA5D3-3A49-48BF-84E9-D3387B67A602}.Release|Windows Phone (Universal).ActiveCfg = Release|Any CPU
		{226EA5D3-3A49-48BF-84E9-D3387B67A602}.Release|Windows Phone (Universal).Build.0 = Release|Any CPU
		{226EA5D3-3A49-48BF-84E9-D3387B67A602}.Release|Windows Phone 8.ActiveCfg = Release|Any CPU
		{226EA5D3-3A49-48BF-84E9-D3387B67A602}.Release|Windows Phone 8.Build.0 = Release|Any CPU
		{226EA5D3-3A49-48BF-84E9-D3387B67A602}.Release|Windows-AnyCPU.ActiveCfg = Release|Any CPU
		{226EA5D3-3A49-48BF-84E9-D3387B67A602}.Release|Windows-AnyCPU.Build.0 = Release|Any CPU
		{226EA5D3-3A49-48BF-84E9-D3387B67A602}.Release|Windows-ARM.ActiveCfg = Release|Any CPU
		{226EA5D3-3A49-48BF-84E9-D3387B67A602}.Release|Windows-ARM.Build.0 = Release|Any CPU
		{226EA5D3-3A49-48BF-84E9-D3387B67A602}.Release|Windows-x64.ActiveCfg = Release|Any CPU
		{226EA5D3-3A49-48BF-84E9-D3387B67A602}.Release|Windows-x64.Build.0 = Release|Any CPU
		{226EA5D3-3A49-48BF-84E9-D3387B67A602}.Release|Windows-x86.ActiveCfg = Release|Any CPU
		{226EA5D3-3A49-48BF-84E9-D3387B67A602}.Release|Windows-x86.Build.0 = Release|Any CPU
	EndGlobalSection
	GlobalSection(SolutionProperties) = preSolution
		HideSolutionNode = FALSE
	EndGlobalSection
	GlobalSection(NestedProjects) = preSolution
		{CB311FDA-8154-42A4-844C-D0C62F8FCB54} = {868357E1-776A-440B-BBBA-A34268C3CDE0}
		{48B9D03C-4DA0-489A-9329-87915B64FF71} = {F63C8BB8-6F62-4CC6-9577-94E9B681ADCC}
		{BF4B3D68-2C82-4099-B5D0-6208D04B60CA} = {868357E1-776A-440B-BBBA-A34268C3CDE0}
		{226EA5D3-3A49-48BF-84E9-D3387B67A602} = {868357E1-776A-440B-BBBA-A34268C3CDE0}
	EndGlobalSection
EndGlobal
